
Microsoft Visual Studio Solution File, Format Version 12.00
# Visual Studio 15
VisualStudioVersion = 15.0.27130.2027
MinimumVisualStudioVersion = 10.0.40219.1
Project("{FAE04EC0-301F-11D3-BF4B-00C04F79EFBC}") = "d360.core", "d360.core\d360.core.csproj", "{9341CCA8-D3F2-467A-AE9C-0581054B8DE2}"
EndProject
Project("{FAE04EC0-301F-11D3-BF4B-00C04F79EFBC}") = "d360.model", "d360.model\d360.model.csproj", "{B12A1078-5835-43B8-AFB2-C3D24C4AA098}"
EndProject
Project("{FAE04EC0-301F-11D3-BF4B-00C04F79EFBC}") = "d360.utils", "d360.utils\d360.utils.csproj", "{9775B4DF-0AC8-4524-BA10-4A43BF9CB61E}"
EndProject
Project("{FAE04EC0-301F-11D3-BF4B-00C04F79EFBC}") = "d360.utils.company", "d360.utils.company\d360.utils.company.csproj", "{88BBA351-DA2A-4551-AF28-5F1568952F7E}"
EndProject
Project("{2150E333-8FDC-42A3-9474-1A3956D46DE8}") = "1. Common", "1. Common", "{5C79A81D-F293-4A0E-8F9F-EE633A9FB1C8}"
EndProject
Project("{FAE04EC0-301F-11D3-BF4B-00C04F79EFBC}") = "d360.extensions", "d360.extensions\d360.extensions.csproj", "{2D52A6C1-A7F3-42F3-90D2-0A0ECB871483}"
EndProject
Project("{2150E333-8FDC-42A3-9474-1A3956D46DE8}") = "2. Applications", "2. Applications", "{2CE94CC8-D9FB-4CC5-B44A-1CDD40971448}"
EndProject
Project("{FAE04EC0-301F-11D3-BF4B-00C04F79EFBC}") = "d360.web", "d360.web\d360.web.csproj", "{DF57BE56-958B-4C4D-B82C-6B61297434AB}"
EndProject
Project("{2150E333-8FDC-42A3-9474-1A3956D46DE8}") = "3. Tests", "3. Tests", "{F2954AF7-C35D-4A24-8D64-CFF2D2030528}"
EndProject
Project("{FAE04EC0-301F-11D3-BF4B-00C04F79EFBC}") = "igx.jobs", "igx.jobs\igx.jobs.csproj", "{CAFAC467-D243-4CC4-BC7F-9F1DA0FBFFFE}"
EndProject
Project("{FAE04EC0-301F-11D3-BF4B-00C04F79EFBC}") = "igx.tests", "igx.tests\igx.tests.csproj", "{33C0A7E8-F169-4B79-8E3F-8494B32B589C}"
EndProject
Project("{FAE04EC0-301F-11D3-BF4B-00C04F79EFBC}") = "igx.jobs.igc", "igx.jobs.igc\igx.jobs.igc.csproj", "{6EDCD94D-EC94-457A-9A66-A851CE5CDCAD}"
EndProject
Project("{FAE04EC0-301F-11D3-BF4B-00C04F79EFBC}") = "igx.jobs.indexer", "igx.jobs.indexer\igx.jobs.indexer.csproj", "{8A6EF61F-12E0-4FA4-8CFA-588EBAB47490}"
EndProject
Project("{2150E333-8FDC-42A3-9474-1A3956D46DE8}") = "Jobs", "Jobs", "{757CF48D-6728-4702-AC12-754629196548}"
EndProject
Project("{FAE04EC0-301F-11D3-BF4B-00C04F79EFBC}") = "igx.jobs.reportlayer", "igx.jobs.reportlayer\igx.jobs.reportlayer.csproj", "{9902BB38-7BC7-4CA9-8C35-C23E8F50CD47}"
EndProject
Project("{FAE04EC0-301F-11D3-BF4B-00C04F79EFBC}") = "igx.jobs.resourcecache", "igx.jobs.resourcecache\igx.jobs.resourcecache.csproj", "{FF774B2C-787A-4694-BF07-B4A641D15E4F}"
EndProject
Project("{FAE04EC0-301F-11D3-BF4B-00C04F79EFBC}") = "igx.jobs.databasetaskprocessor", "igx.jobs.databasetaskprocessor\igx.jobs.databasetaskprocessor.csproj", "{BE8136FF-C54D-4C40-B563-CB13C08C84CF}"
EndProject
Project("{FAE04EC0-301F-11D3-BF4B-00C04F79EFBC}") = "igx.jobs.bulkloadprocessor", "igx.jobs.bulkloadprocessor\igx.jobs.bulkloadprocessor.csproj", "{26DBFDB9-B193-4AF7-9D89-B3719A29B8A1}"
EndProject
Project("{FAE04EC0-301F-11D3-BF4B-00C04F79EFBC}") = "igx.jobs.databasecleaner", "igx.jobs.databasecleaner\igx.jobs.databasecleaner.csproj", "{BB4B3F08-534C-45F8-808A-67E911A20311}"
EndProject
Project("{FAE04EC0-301F-11D3-BF4B-00C04F79EFBC}") = "igx.jobs.dataqualitychecker", "igx.jobs.dataqualitychecker\igx.jobs.dataqualitychecker.csproj", "{CF4CA05C-5DF2-4DA1-9F34-37D9DF3F8B66}"
EndProject
Project("{FAE04EC0-301F-11D3-BF4B-00C04F79EFBC}") = "igx.jobs.eaglemessagestreamprocessor", "igx.jobs.eaglemessagestreamprocessor\igx.jobs.eaglemessagestreamprocessor.csproj", "{5A8D2F03-A784-4D7A-BE1A-3C82AD1DC17C}"
EndProject
Project("{FAE04EC0-301F-11D3-BF4B-00C04F79EFBC}") = "igx.jobs.fusionruleprocessor", "igx.jobs.fusionruleprocessor\igx.jobs.fusionruleprocessor.csproj", "{3514F594-C5D3-447B-A9D4-735F886C9B2C}"
EndProject
Project("{FAE04EC0-301F-11D3-BF4B-00C04F79EFBC}") = "igx.jobs.fusionscheduleprocessor", "igx.jobs.fusionscheduleprocessor\igx.jobs.fusionscheduleprocessor.csproj", "{D47484B5-50F6-4EDA-A47B-51CA86D40164}"
EndProject
Project("{FAE04EC0-301F-11D3-BF4B-00C04F79EFBC}") = "igx.jobs.responsibilityruleprocessor", "igx.jobs.responsibilityruleprocessor\igx.jobs.responsibilityruleprocessor.csproj", "{F202BF6D-6727-4DEF-B2DC-CD63FED71F3F}"
EndProject
Project("{FAE04EC0-301F-11D3-BF4B-00C04F79EFBC}") = "igx.jobs.ruleresultprocessor", "igx.jobs.ruleresultprocessor\igx.jobs.ruleresultprocessor.csproj", "{89FB621B-F772-488C-8F15-74094649C71F}"
EndProject
Project("{FAE04EC0-301F-11D3-BF4B-00C04F79EFBC}") = "igx.jobs.scheduledworkflowprocessor", "igx.jobs.scheduledworkflowprocessor\igx.jobs.scheduledworkflowprocessor.csproj", "{56EF60B9-DEB0-4F27-B734-1989B180788E}"
EndProject
Project("{FAE04EC0-301F-11D3-BF4B-00C04F79EFBC}") = "igx.jobs.scoreprocessor", "igx.jobs.scoreprocessor\igx.jobs.scoreprocessor.csproj", "{795C450D-34F3-441C-BE8C-EC391D374FD9}"
EndProject
Project("{FAE04EC0-301F-11D3-BF4B-00C04F79EFBC}") = "igx.jobs.workflowsubscriber", "igx.jobs.workflowsubscriber\igx.jobs.workflowsubscriber.csproj", "{C36A8BA3-5979-4087-8CC9-7EDE903F6EC8}"
EndProject
Project("{FAE04EC0-301F-11D3-BF4B-00C04F79EFBC}") = "igx.jobs.fusionloadprocessor", "igx.jobs.fusionloadprocessor\igx.jobs.fusionloadprocessor.csproj", "{09735143-0F52-4A88-9DF2-CD0B6E19D34D}"
EndProject
Project("{FAE04EC0-301F-11D3-BF4B-00C04F79EFBC}") = "igx.jobs.fusiondeploymentprocessor", "igx.jobs.fusiondeploymentprocessor\igx.jobs.fusiondeploymentprocessor.csproj", "{FAEC7C8E-3C67-45A1-BE1D-F7B268627C9C}"
EndProject
Project("{00D1A9C2-B5F0-4AF3-8072-F6C62B433612}") = "d360.database.company", "d360.database.company\d360.database.company.sqlproj", "{FBBF73AD-BB82-42E9-B2C8-917EDADE61B8}"
EndProject
Project("{2150E333-8FDC-42A3-9474-1A3956D46DE8}") = "Solution Items", "Solution Items", "{250BEFFF-E46A-41D1-8421-587E325EAA34}"
	ProjectSection(SolutionItems) = preProject
		Local.testsettings = Local.testsettings
	EndProjectSection
EndProject
Project("{FAE04EC0-301F-11D3-BF4B-00C04F79EFBC}") = "igx.jobs.cacheprocessor", "igx.jobs.cacheprocessor\igx.jobs.cacheprocessor.csproj", "{1D9AE481-2DA2-47D1-AEB8-F9CFC0E4E991}"
EndProject
Global
	GlobalSection(SolutionConfigurationPlatforms) = preSolution
		Client Development|Any CPU = Client Development|Any CPU
		Debug|Any CPU = Debug|Any CPU
		Nightly|Any CPU = Nightly|Any CPU
		Production|Any CPU = Production|Any CPU
		Release|Any CPU = Release|Any CPU
	EndGlobalSection
	GlobalSection(ProjectConfigurationPlatforms) = postSolution
		{9341CCA8-D3F2-467A-AE9C-0581054B8DE2}.Client Development|Any CPU.ActiveCfg = Release|Any CPU
		{9341CCA8-D3F2-467A-AE9C-0581054B8DE2}.Client Development|Any CPU.Build.0 = Release|Any CPU
		{9341CCA8-D3F2-467A-AE9C-0581054B8DE2}.Debug|Any CPU.ActiveCfg = Debug|Any CPU
		{9341CCA8-D3F2-467A-AE9C-0581054B8DE2}.Debug|Any CPU.Build.0 = Debug|Any CPU
		{9341CCA8-D3F2-467A-AE9C-0581054B8DE2}.Nightly|Any CPU.ActiveCfg = Release|Any CPU
		{9341CCA8-D3F2-467A-AE9C-0581054B8DE2}.Nightly|Any CPU.Build.0 = Release|Any CPU
		{9341CCA8-D3F2-467A-AE9C-0581054B8DE2}.Production|Any CPU.ActiveCfg = Release|Any CPU
		{9341CCA8-D3F2-467A-AE9C-0581054B8DE2}.Production|Any CPU.Build.0 = Release|Any CPU
		{9341CCA8-D3F2-467A-AE9C-0581054B8DE2}.Release|Any CPU.ActiveCfg = Release|Any CPU
		{9341CCA8-D3F2-467A-AE9C-0581054B8DE2}.Release|Any CPU.Build.0 = Release|Any CPU
		{B12A1078-5835-43B8-AFB2-C3D24C4AA098}.Client Development|Any CPU.ActiveCfg = Release|Any CPU
		{B12A1078-5835-43B8-AFB2-C3D24C4AA098}.Client Development|Any CPU.Build.0 = Release|Any CPU
		{B12A1078-5835-43B8-AFB2-C3D24C4AA098}.Debug|Any CPU.ActiveCfg = Debug|Any CPU
		{B12A1078-5835-43B8-AFB2-C3D24C4AA098}.Debug|Any CPU.Build.0 = Debug|Any CPU
		{B12A1078-5835-43B8-AFB2-C3D24C4AA098}.Nightly|Any CPU.ActiveCfg = Release|Any CPU
		{B12A1078-5835-43B8-AFB2-C3D24C4AA098}.Nightly|Any CPU.Build.0 = Release|Any CPU
		{B12A1078-5835-43B8-AFB2-C3D24C4AA098}.Production|Any CPU.ActiveCfg = Release|Any CPU
		{B12A1078-5835-43B8-AFB2-C3D24C4AA098}.Production|Any CPU.Build.0 = Release|Any CPU
		{B12A1078-5835-43B8-AFB2-C3D24C4AA098}.Release|Any CPU.ActiveCfg = Release|Any CPU
		{B12A1078-5835-43B8-AFB2-C3D24C4AA098}.Release|Any CPU.Build.0 = Release|Any CPU
		{9775B4DF-0AC8-4524-BA10-4A43BF9CB61E}.Client Development|Any CPU.ActiveCfg = Release|Any CPU
		{9775B4DF-0AC8-4524-BA10-4A43BF9CB61E}.Client Development|Any CPU.Build.0 = Release|Any CPU
		{9775B4DF-0AC8-4524-BA10-4A43BF9CB61E}.Debug|Any CPU.ActiveCfg = Debug|Any CPU
		{9775B4DF-0AC8-4524-BA10-4A43BF9CB61E}.Debug|Any CPU.Build.0 = Debug|Any CPU
		{9775B4DF-0AC8-4524-BA10-4A43BF9CB61E}.Nightly|Any CPU.ActiveCfg = Release|Any CPU
		{9775B4DF-0AC8-4524-BA10-4A43BF9CB61E}.Nightly|Any CPU.Build.0 = Release|Any CPU
		{9775B4DF-0AC8-4524-BA10-4A43BF9CB61E}.Production|Any CPU.ActiveCfg = Release|Any CPU
		{9775B4DF-0AC8-4524-BA10-4A43BF9CB61E}.Production|Any CPU.Build.0 = Release|Any CPU
		{9775B4DF-0AC8-4524-BA10-4A43BF9CB61E}.Release|Any CPU.ActiveCfg = Release|Any CPU
		{9775B4DF-0AC8-4524-BA10-4A43BF9CB61E}.Release|Any CPU.Build.0 = Release|Any CPU
		{88BBA351-DA2A-4551-AF28-5F1568952F7E}.Client Development|Any CPU.ActiveCfg = Release|Any CPU
		{88BBA351-DA2A-4551-AF28-5F1568952F7E}.Client Development|Any CPU.Build.0 = Release|Any CPU
		{88BBA351-DA2A-4551-AF28-5F1568952F7E}.Debug|Any CPU.ActiveCfg = Debug|Any CPU
		{88BBA351-DA2A-4551-AF28-5F1568952F7E}.Debug|Any CPU.Build.0 = Debug|Any CPU
		{88BBA351-DA2A-4551-AF28-5F1568952F7E}.Nightly|Any CPU.ActiveCfg = Release|Any CPU
		{88BBA351-DA2A-4551-AF28-5F1568952F7E}.Nightly|Any CPU.Build.0 = Release|Any CPU
		{88BBA351-DA2A-4551-AF28-5F1568952F7E}.Production|Any CPU.ActiveCfg = Release|Any CPU
		{88BBA351-DA2A-4551-AF28-5F1568952F7E}.Production|Any CPU.Build.0 = Release|Any CPU
		{88BBA351-DA2A-4551-AF28-5F1568952F7E}.Release|Any CPU.ActiveCfg = Release|Any CPU
		{88BBA351-DA2A-4551-AF28-5F1568952F7E}.Release|Any CPU.Build.0 = Release|Any CPU
		{2D52A6C1-A7F3-42F3-90D2-0A0ECB871483}.Client Development|Any CPU.ActiveCfg = Release|Any CPU
		{2D52A6C1-A7F3-42F3-90D2-0A0ECB871483}.Client Development|Any CPU.Build.0 = Release|Any CPU
		{2D52A6C1-A7F3-42F3-90D2-0A0ECB871483}.Debug|Any CPU.ActiveCfg = Debug|Any CPU
		{2D52A6C1-A7F3-42F3-90D2-0A0ECB871483}.Debug|Any CPU.Build.0 = Debug|Any CPU
		{2D52A6C1-A7F3-42F3-90D2-0A0ECB871483}.Nightly|Any CPU.ActiveCfg = Release|Any CPU
		{2D52A6C1-A7F3-42F3-90D2-0A0ECB871483}.Nightly|Any CPU.Build.0 = Release|Any CPU
		{2D52A6C1-A7F3-42F3-90D2-0A0ECB871483}.Production|Any CPU.ActiveCfg = Release|Any CPU
		{2D52A6C1-A7F3-42F3-90D2-0A0ECB871483}.Production|Any CPU.Build.0 = Release|Any CPU
		{2D52A6C1-A7F3-42F3-90D2-0A0ECB871483}.Release|Any CPU.ActiveCfg = Release|Any CPU
		{2D52A6C1-A7F3-42F3-90D2-0A0ECB871483}.Release|Any CPU.Build.0 = Release|Any CPU
		{DF57BE56-958B-4C4D-B82C-6B61297434AB}.Client Development|Any CPU.ActiveCfg = Release|Any CPU
		{DF57BE56-958B-4C4D-B82C-6B61297434AB}.Client Development|Any CPU.Build.0 = Release|Any CPU
		{DF57BE56-958B-4C4D-B82C-6B61297434AB}.Debug|Any CPU.ActiveCfg = Debug|Any CPU
		{DF57BE56-958B-4C4D-B82C-6B61297434AB}.Debug|Any CPU.Build.0 = Debug|Any CPU
		{DF57BE56-958B-4C4D-B82C-6B61297434AB}.Nightly|Any CPU.ActiveCfg = Release|Any CPU
		{DF57BE56-958B-4C4D-B82C-6B61297434AB}.Nightly|Any CPU.Build.0 = Release|Any CPU
		{DF57BE56-958B-4C4D-B82C-6B61297434AB}.Production|Any CPU.ActiveCfg = Release|Any CPU
		{DF57BE56-958B-4C4D-B82C-6B61297434AB}.Production|Any CPU.Build.0 = Release|Any CPU
		{DF57BE56-958B-4C4D-B82C-6B61297434AB}.Release|Any CPU.ActiveCfg = Release|Any CPU
		{DF57BE56-958B-4C4D-B82C-6B61297434AB}.Release|Any CPU.Build.0 = Release|Any CPU
		{CAFAC467-D243-4CC4-BC7F-9F1DA0FBFFFE}.Client Development|Any CPU.ActiveCfg = Release|Any CPU
		{CAFAC467-D243-4CC4-BC7F-9F1DA0FBFFFE}.Client Development|Any CPU.Build.0 = Release|Any CPU
		{CAFAC467-D243-4CC4-BC7F-9F1DA0FBFFFE}.Debug|Any CPU.ActiveCfg = Debug|Any CPU
		{CAFAC467-D243-4CC4-BC7F-9F1DA0FBFFFE}.Debug|Any CPU.Build.0 = Debug|Any CPU
		{CAFAC467-D243-4CC4-BC7F-9F1DA0FBFFFE}.Nightly|Any CPU.ActiveCfg = Release|Any CPU
		{CAFAC467-D243-4CC4-BC7F-9F1DA0FBFFFE}.Nightly|Any CPU.Build.0 = Release|Any CPU
		{CAFAC467-D243-4CC4-BC7F-9F1DA0FBFFFE}.Production|Any CPU.ActiveCfg = Release|Any CPU
		{CAFAC467-D243-4CC4-BC7F-9F1DA0FBFFFE}.Production|Any CPU.Build.0 = Release|Any CPU
		{CAFAC467-D243-4CC4-BC7F-9F1DA0FBFFFE}.Release|Any CPU.ActiveCfg = Release|Any CPU
		{CAFAC467-D243-4CC4-BC7F-9F1DA0FBFFFE}.Release|Any CPU.Build.0 = Release|Any CPU
		{33C0A7E8-F169-4B79-8E3F-8494B32B589C}.Client Development|Any CPU.ActiveCfg = Release|Any CPU
		{33C0A7E8-F169-4B79-8E3F-8494B32B589C}.Client Development|Any CPU.Build.0 = Release|Any CPU
		{33C0A7E8-F169-4B79-8E3F-8494B32B589C}.Debug|Any CPU.ActiveCfg = Debug|Any CPU
		{33C0A7E8-F169-4B79-8E3F-8494B32B589C}.Debug|Any CPU.Build.0 = Debug|Any CPU
		{33C0A7E8-F169-4B79-8E3F-8494B32B589C}.Nightly|Any CPU.ActiveCfg = Release|Any CPU
		{33C0A7E8-F169-4B79-8E3F-8494B32B589C}.Nightly|Any CPU.Build.0 = Release|Any CPU
		{33C0A7E8-F169-4B79-8E3F-8494B32B589C}.Production|Any CPU.ActiveCfg = Release|Any CPU
		{33C0A7E8-F169-4B79-8E3F-8494B32B589C}.Production|Any CPU.Build.0 = Release|Any CPU
		{33C0A7E8-F169-4B79-8E3F-8494B32B589C}.Release|Any CPU.ActiveCfg = Release|Any CPU
		{33C0A7E8-F169-4B79-8E3F-8494B32B589C}.Release|Any CPU.Build.0 = Release|Any CPU
		{6EDCD94D-EC94-457A-9A66-A851CE5CDCAD}.Client Development|Any CPU.ActiveCfg = Release|Any CPU
		{6EDCD94D-EC94-457A-9A66-A851CE5CDCAD}.Client Development|Any CPU.Build.0 = Release|Any CPU
		{6EDCD94D-EC94-457A-9A66-A851CE5CDCAD}.Debug|Any CPU.ActiveCfg = Debug|Any CPU
		{6EDCD94D-EC94-457A-9A66-A851CE5CDCAD}.Debug|Any CPU.Build.0 = Debug|Any CPU
		{6EDCD94D-EC94-457A-9A66-A851CE5CDCAD}.Nightly|Any CPU.ActiveCfg = Release|Any CPU
		{6EDCD94D-EC94-457A-9A66-A851CE5CDCAD}.Nightly|Any CPU.Build.0 = Release|Any CPU
		{6EDCD94D-EC94-457A-9A66-A851CE5CDCAD}.Production|Any CPU.ActiveCfg = Release|Any CPU
		{6EDCD94D-EC94-457A-9A66-A851CE5CDCAD}.Production|Any CPU.Build.0 = Release|Any CPU
		{6EDCD94D-EC94-457A-9A66-A851CE5CDCAD}.Release|Any CPU.ActiveCfg = Release|Any CPU
		{6EDCD94D-EC94-457A-9A66-A851CE5CDCAD}.Release|Any CPU.Build.0 = Release|Any CPU
		{8A6EF61F-12E0-4FA4-8CFA-588EBAB47490}.Client Development|Any CPU.ActiveCfg = Release|Any CPU
		{8A6EF61F-12E0-4FA4-8CFA-588EBAB47490}.Client Development|Any CPU.Build.0 = Release|Any CPU
		{8A6EF61F-12E0-4FA4-8CFA-588EBAB47490}.Debug|Any CPU.ActiveCfg = Debug|Any CPU
		{8A6EF61F-12E0-4FA4-8CFA-588EBAB47490}.Debug|Any CPU.Build.0 = Debug|Any CPU
		{8A6EF61F-12E0-4FA4-8CFA-588EBAB47490}.Nightly|Any CPU.ActiveCfg = Release|Any CPU
		{8A6EF61F-12E0-4FA4-8CFA-588EBAB47490}.Nightly|Any CPU.Build.0 = Release|Any CPU
		{8A6EF61F-12E0-4FA4-8CFA-588EBAB47490}.Production|Any CPU.ActiveCfg = Release|Any CPU
		{8A6EF61F-12E0-4FA4-8CFA-588EBAB47490}.Production|Any CPU.Build.0 = Release|Any CPU
		{8A6EF61F-12E0-4FA4-8CFA-588EBAB47490}.Release|Any CPU.ActiveCfg = Release|Any CPU
		{8A6EF61F-12E0-4FA4-8CFA-588EBAB47490}.Release|Any CPU.Build.0 = Release|Any CPU
		{9902BB38-7BC7-4CA9-8C35-C23E8F50CD47}.Client Development|Any CPU.ActiveCfg = Release|Any CPU
		{9902BB38-7BC7-4CA9-8C35-C23E8F50CD47}.Client Development|Any CPU.Build.0 = Release|Any CPU
		{9902BB38-7BC7-4CA9-8C35-C23E8F50CD47}.Debug|Any CPU.ActiveCfg = Debug|Any CPU
		{9902BB38-7BC7-4CA9-8C35-C23E8F50CD47}.Debug|Any CPU.Build.0 = Debug|Any CPU
		{9902BB38-7BC7-4CA9-8C35-C23E8F50CD47}.Nightly|Any CPU.ActiveCfg = Release|Any CPU
		{9902BB38-7BC7-4CA9-8C35-C23E8F50CD47}.Nightly|Any CPU.Build.0 = Release|Any CPU
		{9902BB38-7BC7-4CA9-8C35-C23E8F50CD47}.Production|Any CPU.ActiveCfg = Release|Any CPU
		{9902BB38-7BC7-4CA9-8C35-C23E8F50CD47}.Production|Any CPU.Build.0 = Release|Any CPU
		{9902BB38-7BC7-4CA9-8C35-C23E8F50CD47}.Release|Any CPU.ActiveCfg = Release|Any CPU
		{9902BB38-7BC7-4CA9-8C35-C23E8F50CD47}.Release|Any CPU.Build.0 = Release|Any CPU
		{FF774B2C-787A-4694-BF07-B4A641D15E4F}.Client Development|Any CPU.ActiveCfg = Release|Any CPU
		{FF774B2C-787A-4694-BF07-B4A641D15E4F}.Client Development|Any CPU.Build.0 = Release|Any CPU
		{FF774B2C-787A-4694-BF07-B4A641D15E4F}.Debug|Any CPU.ActiveCfg = Debug|Any CPU
		{FF774B2C-787A-4694-BF07-B4A641D15E4F}.Debug|Any CPU.Build.0 = Debug|Any CPU
		{FF774B2C-787A-4694-BF07-B4A641D15E4F}.Nightly|Any CPU.ActiveCfg = Release|Any CPU
		{FF774B2C-787A-4694-BF07-B4A641D15E4F}.Nightly|Any CPU.Build.0 = Release|Any CPU
		{FF774B2C-787A-4694-BF07-B4A641D15E4F}.Production|Any CPU.ActiveCfg = Release|Any CPU
		{FF774B2C-787A-4694-BF07-B4A641D15E4F}.Production|Any CPU.Build.0 = Release|Any CPU
		{FF774B2C-787A-4694-BF07-B4A641D15E4F}.Release|Any CPU.ActiveCfg = Release|Any CPU
		{FF774B2C-787A-4694-BF07-B4A641D15E4F}.Release|Any CPU.Build.0 = Release|Any CPU
		{BE8136FF-C54D-4C40-B563-CB13C08C84CF}.Client Development|Any CPU.ActiveCfg = Release|Any CPU
		{BE8136FF-C54D-4C40-B563-CB13C08C84CF}.Client Development|Any CPU.Build.0 = Release|Any CPU
		{BE8136FF-C54D-4C40-B563-CB13C08C84CF}.Debug|Any CPU.ActiveCfg = Debug|Any CPU
		{BE8136FF-C54D-4C40-B563-CB13C08C84CF}.Debug|Any CPU.Build.0 = Debug|Any CPU
		{BE8136FF-C54D-4C40-B563-CB13C08C84CF}.Nightly|Any CPU.ActiveCfg = Release|Any CPU
		{BE8136FF-C54D-4C40-B563-CB13C08C84CF}.Nightly|Any CPU.Build.0 = Release|Any CPU
		{BE8136FF-C54D-4C40-B563-CB13C08C84CF}.Production|Any CPU.ActiveCfg = Release|Any CPU
		{BE8136FF-C54D-4C40-B563-CB13C08C84CF}.Production|Any CPU.Build.0 = Release|Any CPU
		{BE8136FF-C54D-4C40-B563-CB13C08C84CF}.Release|Any CPU.ActiveCfg = Release|Any CPU
		{BE8136FF-C54D-4C40-B563-CB13C08C84CF}.Release|Any CPU.Build.0 = Release|Any CPU
		{26DBFDB9-B193-4AF7-9D89-B3719A29B8A1}.Client Development|Any CPU.ActiveCfg = Release|Any CPU
		{26DBFDB9-B193-4AF7-9D89-B3719A29B8A1}.Client Development|Any CPU.Build.0 = Release|Any CPU
		{26DBFDB9-B193-4AF7-9D89-B3719A29B8A1}.Debug|Any CPU.ActiveCfg = Debug|Any CPU
		{26DBFDB9-B193-4AF7-9D89-B3719A29B8A1}.Debug|Any CPU.Build.0 = Debug|Any CPU
		{26DBFDB9-B193-4AF7-9D89-B3719A29B8A1}.Nightly|Any CPU.ActiveCfg = Release|Any CPU
		{26DBFDB9-B193-4AF7-9D89-B3719A29B8A1}.Nightly|Any CPU.Build.0 = Release|Any CPU
		{26DBFDB9-B193-4AF7-9D89-B3719A29B8A1}.Production|Any CPU.ActiveCfg = Release|Any CPU
		{26DBFDB9-B193-4AF7-9D89-B3719A29B8A1}.Production|Any CPU.Build.0 = Release|Any CPU
		{26DBFDB9-B193-4AF7-9D89-B3719A29B8A1}.Release|Any CPU.ActiveCfg = Release|Any CPU
		{26DBFDB9-B193-4AF7-9D89-B3719A29B8A1}.Release|Any CPU.Build.0 = Release|Any CPU
		{BB4B3F08-534C-45F8-808A-67E911A20311}.Client Development|Any CPU.ActiveCfg = Release|Any CPU
		{BB4B3F08-534C-45F8-808A-67E911A20311}.Client Development|Any CPU.Build.0 = Release|Any CPU
		{BB4B3F08-534C-45F8-808A-67E911A20311}.Debug|Any CPU.ActiveCfg = Debug|Any CPU
		{BB4B3F08-534C-45F8-808A-67E911A20311}.Debug|Any CPU.Build.0 = Debug|Any CPU
		{BB4B3F08-534C-45F8-808A-67E911A20311}.Nightly|Any CPU.ActiveCfg = Release|Any CPU
		{BB4B3F08-534C-45F8-808A-67E911A20311}.Nightly|Any CPU.Build.0 = Release|Any CPU
		{BB4B3F08-534C-45F8-808A-67E911A20311}.Production|Any CPU.ActiveCfg = Release|Any CPU
		{BB4B3F08-534C-45F8-808A-67E911A20311}.Production|Any CPU.Build.0 = Release|Any CPU
		{BB4B3F08-534C-45F8-808A-67E911A20311}.Release|Any CPU.ActiveCfg = Release|Any CPU
		{BB4B3F08-534C-45F8-808A-67E911A20311}.Release|Any CPU.Build.0 = Release|Any CPU
		{CF4CA05C-5DF2-4DA1-9F34-37D9DF3F8B66}.Client Development|Any CPU.ActiveCfg = Release|Any CPU
		{CF4CA05C-5DF2-4DA1-9F34-37D9DF3F8B66}.Client Development|Any CPU.Build.0 = Release|Any CPU
		{CF4CA05C-5DF2-4DA1-9F34-37D9DF3F8B66}.Debug|Any CPU.ActiveCfg = Debug|Any CPU
		{CF4CA05C-5DF2-4DA1-9F34-37D9DF3F8B66}.Debug|Any CPU.Build.0 = Debug|Any CPU
		{CF4CA05C-5DF2-4DA1-9F34-37D9DF3F8B66}.Nightly|Any CPU.ActiveCfg = Release|Any CPU
		{CF4CA05C-5DF2-4DA1-9F34-37D9DF3F8B66}.Nightly|Any CPU.Build.0 = Release|Any CPU
		{CF4CA05C-5DF2-4DA1-9F34-37D9DF3F8B66}.Production|Any CPU.ActiveCfg = Release|Any CPU
		{CF4CA05C-5DF2-4DA1-9F34-37D9DF3F8B66}.Production|Any CPU.Build.0 = Release|Any CPU
		{CF4CA05C-5DF2-4DA1-9F34-37D9DF3F8B66}.Release|Any CPU.ActiveCfg = Release|Any CPU
		{CF4CA05C-5DF2-4DA1-9F34-37D9DF3F8B66}.Release|Any CPU.Build.0 = Release|Any CPU
		{5A8D2F03-A784-4D7A-BE1A-3C82AD1DC17C}.Client Development|Any CPU.ActiveCfg = Release|Any CPU
		{5A8D2F03-A784-4D7A-BE1A-3C82AD1DC17C}.Client Development|Any CPU.Build.0 = Release|Any CPU
		{5A8D2F03-A784-4D7A-BE1A-3C82AD1DC17C}.Debug|Any CPU.ActiveCfg = Debug|Any CPU
		{5A8D2F03-A784-4D7A-BE1A-3C82AD1DC17C}.Debug|Any CPU.Build.0 = Debug|Any CPU
		{5A8D2F03-A784-4D7A-BE1A-3C82AD1DC17C}.Nightly|Any CPU.ActiveCfg = Release|Any CPU
		{5A8D2F03-A784-4D7A-BE1A-3C82AD1DC17C}.Nightly|Any CPU.Build.0 = Release|Any CPU
		{5A8D2F03-A784-4D7A-BE1A-3C82AD1DC17C}.Production|Any CPU.ActiveCfg = Release|Any CPU
		{5A8D2F03-A784-4D7A-BE1A-3C82AD1DC17C}.Production|Any CPU.Build.0 = Release|Any CPU
		{5A8D2F03-A784-4D7A-BE1A-3C82AD1DC17C}.Release|Any CPU.ActiveCfg = Release|Any CPU
		{5A8D2F03-A784-4D7A-BE1A-3C82AD1DC17C}.Release|Any CPU.Build.0 = Release|Any CPU
		{3514F594-C5D3-447B-A9D4-735F886C9B2C}.Client Development|Any CPU.ActiveCfg = Release|Any CPU
		{3514F594-C5D3-447B-A9D4-735F886C9B2C}.Client Development|Any CPU.Build.0 = Release|Any CPU
		{3514F594-C5D3-447B-A9D4-735F886C9B2C}.Debug|Any CPU.ActiveCfg = Debug|Any CPU
		{3514F594-C5D3-447B-A9D4-735F886C9B2C}.Debug|Any CPU.Build.0 = Debug|Any CPU
		{3514F594-C5D3-447B-A9D4-735F886C9B2C}.Nightly|Any CPU.ActiveCfg = Release|Any CPU
		{3514F594-C5D3-447B-A9D4-735F886C9B2C}.Nightly|Any CPU.Build.0 = Release|Any CPU
		{3514F594-C5D3-447B-A9D4-735F886C9B2C}.Production|Any CPU.ActiveCfg = Release|Any CPU
		{3514F594-C5D3-447B-A9D4-735F886C9B2C}.Production|Any CPU.Build.0 = Release|Any CPU
		{3514F594-C5D3-447B-A9D4-735F886C9B2C}.Release|Any CPU.ActiveCfg = Release|Any CPU
		{3514F594-C5D3-447B-A9D4-735F886C9B2C}.Release|Any CPU.Build.0 = Release|Any CPU
		{D47484B5-50F6-4EDA-A47B-51CA86D40164}.Client Development|Any CPU.ActiveCfg = Release|Any CPU
		{D47484B5-50F6-4EDA-A47B-51CA86D40164}.Client Development|Any CPU.Build.0 = Release|Any CPU
		{D47484B5-50F6-4EDA-A47B-51CA86D40164}.Debug|Any CPU.ActiveCfg = Debug|Any CPU
		{D47484B5-50F6-4EDA-A47B-51CA86D40164}.Debug|Any CPU.Build.0 = Debug|Any CPU
		{D47484B5-50F6-4EDA-A47B-51CA86D40164}.Nightly|Any CPU.ActiveCfg = Release|Any CPU
		{D47484B5-50F6-4EDA-A47B-51CA86D40164}.Nightly|Any CPU.Build.0 = Release|Any CPU
		{D47484B5-50F6-4EDA-A47B-51CA86D40164}.Production|Any CPU.ActiveCfg = Release|Any CPU
		{D47484B5-50F6-4EDA-A47B-51CA86D40164}.Production|Any CPU.Build.0 = Release|Any CPU
		{D47484B5-50F6-4EDA-A47B-51CA86D40164}.Release|Any CPU.ActiveCfg = Release|Any CPU
		{D47484B5-50F6-4EDA-A47B-51CA86D40164}.Release|Any CPU.Build.0 = Release|Any CPU
		{F202BF6D-6727-4DEF-B2DC-CD63FED71F3F}.Client Development|Any CPU.ActiveCfg = Release|Any CPU
		{F202BF6D-6727-4DEF-B2DC-CD63FED71F3F}.Client Development|Any CPU.Build.0 = Release|Any CPU
		{F202BF6D-6727-4DEF-B2DC-CD63FED71F3F}.Debug|Any CPU.ActiveCfg = Debug|Any CPU
		{F202BF6D-6727-4DEF-B2DC-CD63FED71F3F}.Debug|Any CPU.Build.0 = Debug|Any CPU
		{F202BF6D-6727-4DEF-B2DC-CD63FED71F3F}.Nightly|Any CPU.ActiveCfg = Release|Any CPU
		{F202BF6D-6727-4DEF-B2DC-CD63FED71F3F}.Nightly|Any CPU.Build.0 = Release|Any CPU
		{F202BF6D-6727-4DEF-B2DC-CD63FED71F3F}.Production|Any CPU.ActiveCfg = Release|Any CPU
		{F202BF6D-6727-4DEF-B2DC-CD63FED71F3F}.Production|Any CPU.Build.0 = Release|Any CPU
		{F202BF6D-6727-4DEF-B2DC-CD63FED71F3F}.Release|Any CPU.ActiveCfg = Release|Any CPU
		{F202BF6D-6727-4DEF-B2DC-CD63FED71F3F}.Release|Any CPU.Build.0 = Release|Any CPU
		{89FB621B-F772-488C-8F15-74094649C71F}.Client Development|Any CPU.ActiveCfg = Release|Any CPU
		{89FB621B-F772-488C-8F15-74094649C71F}.Client Development|Any CPU.Build.0 = Release|Any CPU
		{89FB621B-F772-488C-8F15-74094649C71F}.Debug|Any CPU.ActiveCfg = Debug|Any CPU
		{89FB621B-F772-488C-8F15-74094649C71F}.Debug|Any CPU.Build.0 = Debug|Any CPU
		{89FB621B-F772-488C-8F15-74094649C71F}.Nightly|Any CPU.ActiveCfg = Release|Any CPU
		{89FB621B-F772-488C-8F15-74094649C71F}.Nightly|Any CPU.Build.0 = Release|Any CPU
		{89FB621B-F772-488C-8F15-74094649C71F}.Production|Any CPU.ActiveCfg = Release|Any CPU
		{89FB621B-F772-488C-8F15-74094649C71F}.Production|Any CPU.Build.0 = Release|Any CPU
		{89FB621B-F772-488C-8F15-74094649C71F}.Release|Any CPU.ActiveCfg = Release|Any CPU
		{89FB621B-F772-488C-8F15-74094649C71F}.Release|Any CPU.Build.0 = Release|Any CPU
		{56EF60B9-DEB0-4F27-B734-1989B180788E}.Client Development|Any CPU.ActiveCfg = Release|Any CPU
		{56EF60B9-DEB0-4F27-B734-1989B180788E}.Client Development|Any CPU.Build.0 = Release|Any CPU
		{56EF60B9-DEB0-4F27-B734-1989B180788E}.Debug|Any CPU.ActiveCfg = Debug|Any CPU
		{56EF60B9-DEB0-4F27-B734-1989B180788E}.Debug|Any CPU.Build.0 = Debug|Any CPU
		{56EF60B9-DEB0-4F27-B734-1989B180788E}.Nightly|Any CPU.ActiveCfg = Release|Any CPU
		{56EF60B9-DEB0-4F27-B734-1989B180788E}.Nightly|Any CPU.Build.0 = Release|Any CPU
		{56EF60B9-DEB0-4F27-B734-1989B180788E}.Production|Any CPU.ActiveCfg = Release|Any CPU
		{56EF60B9-DEB0-4F27-B734-1989B180788E}.Production|Any CPU.Build.0 = Release|Any CPU
		{56EF60B9-DEB0-4F27-B734-1989B180788E}.Release|Any CPU.ActiveCfg = Release|Any CPU
		{56EF60B9-DEB0-4F27-B734-1989B180788E}.Release|Any CPU.Build.0 = Release|Any CPU
		{795C450D-34F3-441C-BE8C-EC391D374FD9}.Client Development|Any CPU.ActiveCfg = Release|Any CPU
		{795C450D-34F3-441C-BE8C-EC391D374FD9}.Client Development|Any CPU.Build.0 = Release|Any CPU
		{795C450D-34F3-441C-BE8C-EC391D374FD9}.Debug|Any CPU.ActiveCfg = Debug|Any CPU
		{795C450D-34F3-441C-BE8C-EC391D374FD9}.Debug|Any CPU.Build.0 = Debug|Any CPU
		{795C450D-34F3-441C-BE8C-EC391D374FD9}.Nightly|Any CPU.ActiveCfg = Release|Any CPU
		{795C450D-34F3-441C-BE8C-EC391D374FD9}.Nightly|Any CPU.Build.0 = Release|Any CPU
		{795C450D-34F3-441C-BE8C-EC391D374FD9}.Production|Any CPU.ActiveCfg = Release|Any CPU
		{795C450D-34F3-441C-BE8C-EC391D374FD9}.Production|Any CPU.Build.0 = Release|Any CPU
		{795C450D-34F3-441C-BE8C-EC391D374FD9}.Release|Any CPU.ActiveCfg = Release|Any CPU
		{795C450D-34F3-441C-BE8C-EC391D374FD9}.Release|Any CPU.Build.0 = Release|Any CPU
		{C36A8BA3-5979-4087-8CC9-7EDE903F6EC8}.Client Development|Any CPU.ActiveCfg = Release|Any CPU
		{C36A8BA3-5979-4087-8CC9-7EDE903F6EC8}.Client Development|Any CPU.Build.0 = Release|Any CPU
		{C36A8BA3-5979-4087-8CC9-7EDE903F6EC8}.Debug|Any CPU.ActiveCfg = Debug|Any CPU
		{C36A8BA3-5979-4087-8CC9-7EDE903F6EC8}.Debug|Any CPU.Build.0 = Debug|Any CPU
		{C36A8BA3-5979-4087-8CC9-7EDE903F6EC8}.Nightly|Any CPU.ActiveCfg = Release|Any CPU
		{C36A8BA3-5979-4087-8CC9-7EDE903F6EC8}.Nightly|Any CPU.Build.0 = Release|Any CPU
		{C36A8BA3-5979-4087-8CC9-7EDE903F6EC8}.Production|Any CPU.ActiveCfg = Release|Any CPU
		{C36A8BA3-5979-4087-8CC9-7EDE903F6EC8}.Production|Any CPU.Build.0 = Release|Any CPU
		{C36A8BA3-5979-4087-8CC9-7EDE903F6EC8}.Release|Any CPU.ActiveCfg = Release|Any CPU
		{C36A8BA3-5979-4087-8CC9-7EDE903F6EC8}.Release|Any CPU.Build.0 = Release|Any CPU
		{09735143-0F52-4A88-9DF2-CD0B6E19D34D}.Client Development|Any CPU.ActiveCfg = Release|Any CPU
		{09735143-0F52-4A88-9DF2-CD0B6E19D34D}.Client Development|Any CPU.Build.0 = Release|Any CPU
		{09735143-0F52-4A88-9DF2-CD0B6E19D34D}.Debug|Any CPU.ActiveCfg = Debug|Any CPU
		{09735143-0F52-4A88-9DF2-CD0B6E19D34D}.Debug|Any CPU.Build.0 = Debug|Any CPU
		{09735143-0F52-4A88-9DF2-CD0B6E19D34D}.Nightly|Any CPU.ActiveCfg = Release|Any CPU
		{09735143-0F52-4A88-9DF2-CD0B6E19D34D}.Nightly|Any CPU.Build.0 = Release|Any CPU
		{09735143-0F52-4A88-9DF2-CD0B6E19D34D}.Production|Any CPU.ActiveCfg = Release|Any CPU
		{09735143-0F52-4A88-9DF2-CD0B6E19D34D}.Production|Any CPU.Build.0 = Release|Any CPU
		{09735143-0F52-4A88-9DF2-CD0B6E19D34D}.Release|Any CPU.ActiveCfg = Release|Any CPU
		{09735143-0F52-4A88-9DF2-CD0B6E19D34D}.Release|Any CPU.Build.0 = Release|Any CPU
		{FAEC7C8E-3C67-45A1-BE1D-F7B268627C9C}.Client Development|Any CPU.ActiveCfg = Release|Any CPU
		{FAEC7C8E-3C67-45A1-BE1D-F7B268627C9C}.Client Development|Any CPU.Build.0 = Release|Any CPU
		{FAEC7C8E-3C67-45A1-BE1D-F7B268627C9C}.Debug|Any CPU.ActiveCfg = Debug|Any CPU
		{FAEC7C8E-3C67-45A1-BE1D-F7B268627C9C}.Debug|Any CPU.Build.0 = Debug|Any CPU
		{FAEC7C8E-3C67-45A1-BE1D-F7B268627C9C}.Nightly|Any CPU.ActiveCfg = Release|Any CPU
		{FAEC7C8E-3C67-45A1-BE1D-F7B268627C9C}.Nightly|Any CPU.Build.0 = Release|Any CPU
		{FAEC7C8E-3C67-45A1-BE1D-F7B268627C9C}.Production|Any CPU.ActiveCfg = Release|Any CPU
		{FAEC7C8E-3C67-45A1-BE1D-F7B268627C9C}.Production|Any CPU.Build.0 = Release|Any CPU
		{FAEC7C8E-3C67-45A1-BE1D-F7B268627C9C}.Release|Any CPU.ActiveCfg = Release|Any CPU
		{FAEC7C8E-3C67-45A1-BE1D-F7B268627C9C}.Release|Any CPU.Build.0 = Release|Any CPU
		{FBBF73AD-BB82-42E9-B2C8-917EDADE61B8}.Client Development|Any CPU.ActiveCfg = Client Development|Any CPU
		{FBBF73AD-BB82-42E9-B2C8-917EDADE61B8}.Client Development|Any CPU.Build.0 = Client Development|Any CPU
		{FBBF73AD-BB82-42E9-B2C8-917EDADE61B8}.Client Development|Any CPU.Deploy.0 = Client Development|Any CPU
		{FBBF73AD-BB82-42E9-B2C8-917EDADE61B8}.Debug|Any CPU.ActiveCfg = Debug|Any CPU
		{FBBF73AD-BB82-42E9-B2C8-917EDADE61B8}.Debug|Any CPU.Build.0 = Debug|Any CPU
		{FBBF73AD-BB82-42E9-B2C8-917EDADE61B8}.Debug|Any CPU.Deploy.0 = Debug|Any CPU
		{FBBF73AD-BB82-42E9-B2C8-917EDADE61B8}.Nightly|Any CPU.ActiveCfg = Nightly|Any CPU
		{FBBF73AD-BB82-42E9-B2C8-917EDADE61B8}.Nightly|Any CPU.Build.0 = Nightly|Any CPU
		{FBBF73AD-BB82-42E9-B2C8-917EDADE61B8}.Nightly|Any CPU.Deploy.0 = Nightly|Any CPU
		{FBBF73AD-BB82-42E9-B2C8-917EDADE61B8}.Production|Any CPU.ActiveCfg = Production|Any CPU
		{FBBF73AD-BB82-42E9-B2C8-917EDADE61B8}.Production|Any CPU.Build.0 = Production|Any CPU
		{FBBF73AD-BB82-42E9-B2C8-917EDADE61B8}.Production|Any CPU.Deploy.0 = Production|Any CPU
		{FBBF73AD-BB82-42E9-B2C8-917EDADE61B8}.Release|Any CPU.ActiveCfg = Release|Any CPU
		{FBBF73AD-BB82-42E9-B2C8-917EDADE61B8}.Release|Any CPU.Build.0 = Release|Any CPU
		{FBBF73AD-BB82-42E9-B2C8-917EDADE61B8}.Release|Any CPU.Deploy.0 = Release|Any CPU
		{1D9AE481-2DA2-47D1-AEB8-F9CFC0E4E991}.Client Development|Any CPU.ActiveCfg = Release|Any CPU
		{1D9AE481-2DA2-47D1-AEB8-F9CFC0E4E991}.Client Development|Any CPU.Build.0 = Release|Any CPU
		{1D9AE481-2DA2-47D1-AEB8-F9CFC0E4E991}.Debug|Any CPU.ActiveCfg = Debug|Any CPU
		{1D9AE481-2DA2-47D1-AEB8-F9CFC0E4E991}.Debug|Any CPU.Build.0 = Debug|Any CPU
		{1D9AE481-2DA2-47D1-AEB8-F9CFC0E4E991}.Nightly|Any CPU.ActiveCfg = Release|Any CPU
		{1D9AE481-2DA2-47D1-AEB8-F9CFC0E4E991}.Nightly|Any CPU.Build.0 = Release|Any CPU
		{1D9AE481-2DA2-47D1-AEB8-F9CFC0E4E991}.Production|Any CPU.ActiveCfg = Release|Any CPU
		{1D9AE481-2DA2-47D1-AEB8-F9CFC0E4E991}.Production|Any CPU.Build.0 = Release|Any CPU
		{1D9AE481-2DA2-47D1-AEB8-F9CFC0E4E991}.Release|Any CPU.ActiveCfg = Release|Any CPU
		{1D9AE481-2DA2-47D1-AEB8-F9CFC0E4E991}.Release|Any CPU.Build.0 = Release|Any CPU
	EndGlobalSection
	GlobalSection(SolutionProperties) = preSolution
		HideSolutionNode = FALSE
	EndGlobalSection
	GlobalSection(NestedProjects) = preSolution
		{9341CCA8-D3F2-467A-AE9C-0581054B8DE2} = {5C79A81D-F293-4A0E-8F9F-EE633A9FB1C8}
		{B12A1078-5835-43B8-AFB2-C3D24C4AA098} = {5C79A81D-F293-4A0E-8F9F-EE633A9FB1C8}
		{9775B4DF-0AC8-4524-BA10-4A43BF9CB61E} = {5C79A81D-F293-4A0E-8F9F-EE633A9FB1C8}
		{88BBA351-DA2A-4551-AF28-5F1568952F7E} = {5C79A81D-F293-4A0E-8F9F-EE633A9FB1C8}
		{2D52A6C1-A7F3-42F3-90D2-0A0ECB871483} = {5C79A81D-F293-4A0E-8F9F-EE633A9FB1C8}
		{DF57BE56-958B-4C4D-B82C-6B61297434AB} = {2CE94CC8-D9FB-4CC5-B44A-1CDD40971448}
		{CAFAC467-D243-4CC4-BC7F-9F1DA0FBFFFE} = {757CF48D-6728-4702-AC12-754629196548}
		{33C0A7E8-F169-4B79-8E3F-8494B32B589C} = {F2954AF7-C35D-4A24-8D64-CFF2D2030528}
		{6EDCD94D-EC94-457A-9A66-A851CE5CDCAD} = {757CF48D-6728-4702-AC12-754629196548}
		{8A6EF61F-12E0-4FA4-8CFA-588EBAB47490} = {757CF48D-6728-4702-AC12-754629196548}
		{757CF48D-6728-4702-AC12-754629196548} = {2CE94CC8-D9FB-4CC5-B44A-1CDD40971448}
		{9902BB38-7BC7-4CA9-8C35-C23E8F50CD47} = {757CF48D-6728-4702-AC12-754629196548}
		{FF774B2C-787A-4694-BF07-B4A641D15E4F} = {757CF48D-6728-4702-AC12-754629196548}
		{BE8136FF-C54D-4C40-B563-CB13C08C84CF} = {757CF48D-6728-4702-AC12-754629196548}
		{26DBFDB9-B193-4AF7-9D89-B3719A29B8A1} = {757CF48D-6728-4702-AC12-754629196548}
		{BB4B3F08-534C-45F8-808A-67E911A20311} = {757CF48D-6728-4702-AC12-754629196548}
		{CF4CA05C-5DF2-4DA1-9F34-37D9DF3F8B66} = {757CF48D-6728-4702-AC12-754629196548}
		{5A8D2F03-A784-4D7A-BE1A-3C82AD1DC17C} = {757CF48D-6728-4702-AC12-754629196548}
		{3514F594-C5D3-447B-A9D4-735F886C9B2C} = {757CF48D-6728-4702-AC12-754629196548}
		{D47484B5-50F6-4EDA-A47B-51CA86D40164} = {757CF48D-6728-4702-AC12-754629196548}
		{F202BF6D-6727-4DEF-B2DC-CD63FED71F3F} = {757CF48D-6728-4702-AC12-754629196548}
		{89FB621B-F772-488C-8F15-74094649C71F} = {757CF48D-6728-4702-AC12-754629196548}
		{56EF60B9-DEB0-4F27-B734-1989B180788E} = {757CF48D-6728-4702-AC12-754629196548}
		{795C450D-34F3-441C-BE8C-EC391D374FD9} = {757CF48D-6728-4702-AC12-754629196548}
		{C36A8BA3-5979-4087-8CC9-7EDE903F6EC8} = {757CF48D-6728-4702-AC12-754629196548}
		{09735143-0F52-4A88-9DF2-CD0B6E19D34D} = {757CF48D-6728-4702-AC12-754629196548}
		{FAEC7C8E-3C67-45A1-BE1D-F7B268627C9C} = {757CF48D-6728-4702-AC12-754629196548}
		{FBBF73AD-BB82-42E9-B2C8-917EDADE61B8} = {5C79A81D-F293-4A0E-8F9F-EE633A9FB1C8}
		{1D9AE481-2DA2-47D1-AEB8-F9CFC0E4E991} = {757CF48D-6728-4702-AC12-754629196548}
	EndGlobalSection
	GlobalSection(ExtensibilityGlobals) = postSolution
		EnterpriseLibraryConfigurationToolBinariesPathV6 = packages\EnterpriseLibrary.TransientFaultHandling.6.0.1304.0\lib\portable-net45+win+wp8;packages\EnterpriseLibrary.TransientFaultHandling.Data.6.0.1304.1\lib\NET45
		SolutionGuid = {DA470272-2404-43CC-B3A7-997246EDACA8}
	EndGlobalSection
	GlobalSection(TeamFoundationVersionControl) = preSolution
		SccNumberOfProjects = 29
		SccEnterpriseProvider = {4CA58AB2-18FA-4F8D-95D4-32DDF27D184C}
		SccTeamFoundationServer = https://data3sixty.visualstudio.com/defaultcollection
		SccLocalPath0 = .
		SccProjectUniqueName1 = d360.core\\d360.core.csproj
		SccProjectTopLevelParentUniqueName1 = D360.sln
		SccProjectName1 = d360.core
		SccLocalPath1 = d360.core
		SccProjectUniqueName2 = d360.model\\d360.model.csproj
		SccProjectTopLevelParentUniqueName2 = D360.sln
		SccProjectName2 = d360.model
		SccLocalPath2 = d360.model
		SccProjectUniqueName3 = d360.utils\\d360.utils.csproj
		SccProjectTopLevelParentUniqueName3 = D360.sln
		SccProjectName3 = d360.utils
		SccLocalPath3 = d360.utils
		SccProjectUniqueName4 = d360.utils.company\\d360.utils.company.csproj
		SccProjectTopLevelParentUniqueName4 = D360.sln
		SccProjectName4 = d360.utils.company
		SccLocalPath4 = d360.utils.company
		SccProjectUniqueName5 = d360.extensions\\d360.extensions.csproj
		SccProjectTopLevelParentUniqueName5 = D360.sln
		SccProjectName5 = d360.extensions
		SccLocalPath5 = d360.extensions
		SccProjectUniqueName6 = d360.web\\d360.web.csproj
		SccProjectTopLevelParentUniqueName6 = D360.sln
		SccProjectName6 = d360.web
		SccLocalPath6 = d360.web
		SccProjectUniqueName7 = igx.jobs\\igx.jobs.csproj
		SccProjectTopLevelParentUniqueName7 = D360.sln
		SccProjectName7 = igx.jobs
		SccLocalPath7 = igx.jobs
		SccProjectUniqueName8 = igx.tests\\igx.tests.csproj
		SccProjectTopLevelParentUniqueName8 = D360.sln
		SccProjectName8 = igx.tests
		SccLocalPath8 = igx.tests
		SccProjectUniqueName9 = igx.jobs.igc\\igx.jobs.igc.csproj
		SccProjectTopLevelParentUniqueName9 = D360.sln
		SccProjectName9 = igx.jobs.igc
		SccLocalPath9 = igx.jobs.igc
		SccProjectUniqueName10 = igx.jobs.indexer\\igx.jobs.indexer.csproj
		SccProjectTopLevelParentUniqueName10 = D360.sln
		SccProjectName10 = igx.jobs.indexer
		SccLocalPath10 = igx.jobs.indexer
		SccProjectUniqueName11 = igx.jobs.reportlayer\\igx.jobs.reportlayer.csproj
		SccProjectTopLevelParentUniqueName11 = D360.sln
		SccProjectName11 = igx.jobs.reportlayer
		SccLocalPath11 = igx.jobs.reportlayer
		SccProjectUniqueName12 = igx.jobs.resourcecache\\igx.jobs.resourcecache.csproj
		SccProjectTopLevelParentUniqueName12 = D360.sln
		SccProjectName12 = igx.jobs.resourcecache
		SccLocalPath12 = igx.jobs.resourcecache
		SccProjectUniqueName13 = igx.jobs.databasetaskprocessor\\igx.jobs.databasetaskprocessor.csproj
		SccProjectTopLevelParentUniqueName13 = D360.sln
		SccProjectName13 = igx.jobs.databasetaskprocessor
		SccLocalPath13 = igx.jobs.databasetaskprocessor
		SccProjectUniqueName14 = igx.jobs.bulkloadprocessor\\igx.jobs.bulkloadprocessor.csproj
		SccProjectTopLevelParentUniqueName14 = D360.sln
		SccProjectName14 = igx.jobs.bulkloadprocessor
		SccLocalPath14 = igx.jobs.bulkloadprocessor
		SccProjectUniqueName15 = igx.jobs.databasecleaner\\igx.jobs.databasecleaner.csproj
		SccProjectTopLevelParentUniqueName15 = D360.sln
		SccProjectName15 = igx.jobs.databasecleaner
		SccLocalPath15 = igx.jobs.databasecleaner
		SccProjectUniqueName16 = igx.jobs.dataqualitychecker\\igx.jobs.dataqualitychecker.csproj
		SccProjectTopLevelParentUniqueName16 = D360.sln
		SccProjectName16 = igx.jobs.dataqualitychecker
		SccLocalPath16 = igx.jobs.dataqualitychecker
		SccProjectUniqueName17 = igx.jobs.eaglemessagestreamprocessor\\igx.jobs.eaglemessagestreamprocessor.csproj
		SccProjectTopLevelParentUniqueName17 = D360.sln
		SccProjectName17 = igx.jobs.eaglemessagestreamprocessor
		SccLocalPath17 = igx.jobs.eaglemessagestreamprocessor
		SccProjectUniqueName18 = igx.jobs.fusionruleprocessor\\igx.jobs.fusionruleprocessor.csproj
		SccProjectTopLevelParentUniqueName18 = D360.sln
		SccProjectName18 = igx.jobs.fusionruleprocessor
		SccLocalPath18 = igx.jobs.fusionruleprocessor
		SccProjectUniqueName19 = igx.jobs.fusionscheduleprocessor\\igx.jobs.fusionscheduleprocessor.csproj
		SccProjectTopLevelParentUniqueName19 = D360.sln
		SccProjectName19 = igx.jobs.fusionscheduleprocessor
		SccLocalPath19 = igx.jobs.fusionscheduleprocessor
		SccProjectUniqueName20 = igx.jobs.responsibilityruleprocessor\\igx.jobs.responsibilityruleprocessor.csproj
		SccProjectTopLevelParentUniqueName20 = D360.sln
		SccProjectName20 = igx.jobs.responsibilityruleprocessor
		SccLocalPath20 = igx.jobs.responsibilityruleprocessor
		SccProjectUniqueName21 = igx.jobs.ruleresultprocessor\\igx.jobs.ruleresultprocessor.csproj
		SccProjectTopLevelParentUniqueName21 = D360.sln
		SccProjectName21 = igx.jobs.ruleresultprocessor
		SccLocalPath21 = igx.jobs.ruleresultprocessor
		SccProjectUniqueName22 = igx.jobs.scheduledworkflowprocessor\\igx.jobs.scheduledworkflowprocessor.csproj
		SccProjectTopLevelParentUniqueName22 = D360.sln
		SccProjectName22 = igx.jobs.scheduledworkflowprocessor
		SccLocalPath22 = igx.jobs.scheduledworkflowprocessor
		SccProjectUniqueName23 = igx.jobs.scoreprocessor\\igx.jobs.scoreprocessor.csproj
		SccProjectTopLevelParentUniqueName23 = D360.sln
		SccProjectName23 = igx.jobs.scoreprocessor
		SccLocalPath23 = igx.jobs.scoreprocessor
		SccProjectUniqueName24 = igx.jobs.workflowsubscriber\\igx.jobs.workflowsubscriber.csproj
		SccProjectTopLevelParentUniqueName24 = D360.sln
		SccProjectName24 = igx.jobs.workflowsubscriber
		SccLocalPath24 = igx.jobs.workflowsubscriber
		SccProjectUniqueName25 = igx.jobs.fusionloadprocessor\\igx.jobs.fusionloadprocessor.csproj
		SccProjectTopLevelParentUniqueName25 = D360.sln
		SccProjectName25 = igx.jobs.fusionloadprocessor
		SccLocalPath25 = igx.jobs.fusionloadprocessor
		SccProjectUniqueName26 = igx.jobs.fusiondeploymentprocessor\\igx.jobs.fusiondeploymentprocessor.csproj
		SccProjectTopLevelParentUniqueName26 = D360.sln
		SccProjectName26 = igx.jobs.fusiondeploymentprocessor
		SccLocalPath26 = igx.jobs.fusiondeploymentprocessor
		SccProjectUniqueName27 = d360.database.company\\d360.database.company.sqlproj
		SccProjectTopLevelParentUniqueName27 = D360.sln
		SccProjectName27 = d360.database.company
		SccLocalPath27 = d360.database.company
		SccProjectUniqueName28 = igx.jobs.cacheprocessor\\igx.jobs.cacheprocessor.csproj
		SccProjectTopLevelParentUniqueName28 = D360.sln
		SccProjectName28 = igx.jobs.cacheprocessor
		SccLocalPath28 = igx.jobs.cacheprocessor
	EndGlobalSection
EndGlobal
