
Microsoft Visual Studio Solution File, Format Version 12.00
# Visual Studio Version 16
VisualStudioVersion = 16.0.29215.179
MinimumVisualStudioVersion = 10.0.40219.1
Project("{FAE04EC0-301F-11D3-BF4B-00C04F79EFBC}") = "d360.model", "d360.model\d360.model.csproj", "{B12A1078-5835-43B8-AFB2-C3D24C4AA098}"
EndProject
Project("{2150E333-8FDC-42A3-9474-1A3956D46DE8}") = "1. Common", "1. Common", "{5C79A81D-F293-4A0E-8F9F-EE633A9FB1C8}"
EndProject
Project("{9A19103F-16F7-4668-BE54-9A1E7A4F7556}") = "d360.extensions", "d360.extensions\d360.extensions.csproj", "{2D52A6C1-A7F3-42F3-90D2-0A0ECB871483}"
EndProject
Project("{2150E333-8FDC-42A3-9474-1A3956D46DE8}") = "2. Applications", "2. Applications", "{2CE94CC8-D9FB-4CC5-B44A-1CDD40971448}"
EndProject
Project("{FAE04EC0-301F-11D3-BF4B-00C04F79EFBC}") = "d360.web", "d360.web\d360.web.csproj", "{DF57BE56-958B-4C4D-B82C-6B61297434AB}"
EndProject
Project("{2150E333-8FDC-42A3-9474-1A3956D46DE8}") = "3. Tests", "3. Tests", "{F2954AF7-C35D-4A24-8D64-CFF2D2030528}"
EndProject
Project("{FAE04EC0-301F-11D3-BF4B-00C04F79EFBC}") = "igx.jobs", "igx.jobs\igx.jobs.csproj", "{CAFAC467-D243-4CC4-BC7F-9F1DA0FBFFFE}"
EndProject
Project("{FAE04EC0-301F-11D3-BF4B-00C04F79EFBC}") = "igx.jobs.indexer", "igx.jobs.indexer\igx.jobs.indexer.csproj", "{8A6EF61F-12E0-4FA4-8CFA-588EBAB47490}"
EndProject
Project("{2150E333-8FDC-42A3-9474-1A3956D46DE8}") = "Jobs", "Jobs", "{757CF48D-6728-4702-AC12-754629196548}"
EndProject
Project("{FAE04EC0-301F-11D3-BF4B-00C04F79EFBC}") = "igx.jobs.reportlayer", "igx.jobs.reportlayer\igx.jobs.reportlayer.csproj", "{9902BB38-7BC7-4CA9-8C35-C23E8F50CD47}"
EndProject
Project("{FAE04EC0-301F-11D3-BF4B-00C04F79EFBC}") = "igx.jobs.resourcecache", "igx.jobs.resourcecache\igx.jobs.resourcecache.csproj", "{FF774B2C-787A-4694-BF07-B4A641D15E4F}"
EndProject
Project("{FAE04EC0-301F-11D3-BF4B-00C04F79EFBC}") = "igx.jobs.databasetaskprocessor", "igx.jobs.databasetaskprocessor\igx.jobs.databasetaskprocessor.csproj", "{BE8136FF-C54D-4C40-B563-CB13C08C84CF}"
EndProject
Project("{FAE04EC0-301F-11D3-BF4B-00C04F79EFBC}") = "igx.jobs.bulkloadprocessor", "igx.jobs.bulkloadprocessor\igx.jobs.bulkloadprocessor.csproj", "{26DBFDB9-B193-4AF7-9D89-B3719A29B8A1}"
EndProject
Project("{FAE04EC0-301F-11D3-BF4B-00C04F79EFBC}") = "igx.jobs.databasecleaner", "igx.jobs.databasecleaner\igx.jobs.databasecleaner.csproj", "{BB4B3F08-534C-45F8-808A-67E911A20311}"
EndProject
Project("{FAE04EC0-301F-11D3-BF4B-00C04F79EFBC}") = "igx.jobs.responsibilityruleprocessor", "igx.jobs.responsibilityruleprocessor\igx.jobs.responsibilityruleprocessor.csproj", "{F202BF6D-6727-4DEF-B2DC-CD63FED71F3F}"
EndProject
Project("{FAE04EC0-301F-11D3-BF4B-00C04F79EFBC}") = "igx.jobs.scheduledworkflowprocessor", "igx.jobs.scheduledworkflowprocessor\igx.jobs.scheduledworkflowprocessor.csproj", "{56EF60B9-DEB0-4F27-B734-1989B180788E}"
EndProject
Project("{FAE04EC0-301F-11D3-BF4B-00C04F79EFBC}") = "igx.jobs.scoreprocessor", "igx.jobs.scoreprocessor\igx.jobs.scoreprocessor.csproj", "{795C450D-34F3-441C-BE8C-EC391D374FD9}"
EndProject
Project("{FAE04EC0-301F-11D3-BF4B-00C04F79EFBC}") = "igx.jobs.workflowsubscriber", "igx.jobs.workflowsubscriber\igx.jobs.workflowsubscriber.csproj", "{C36A8BA3-5979-4087-8CC9-7EDE903F6EC8}"
EndProject
Project("{2150E333-8FDC-42A3-9474-1A3956D46DE8}") = "Solution Items", "Solution Items", "{250BEFFF-E46A-41D1-8421-587E325EAA34}"
	ProjectSection(SolutionItems) = preProject
		.editorconfig = .editorconfig
		codeanalysis.ruleset = codeanalysis.ruleset
		deadcode.ruleset = deadcode.ruleset
		Local.testsettings = Local.testsettings
	EndProjectSection
EndProject
Project("{FAE04EC0-301F-11D3-BF4B-00C04F79EFBC}") = "igx.jobs.workflowdigestprocessor", "igx.jobs.workflowdigestprocessor\igx.jobs.workflowdigestprocessor.csproj", "{CC659834-FB58-41BF-83AA-249FC84D009F}"
EndProject
Project("{FAE04EC0-301F-11D3-BF4B-00C04F79EFBC}") = "igx.jobs.displayvalueupdateprocessor", "igx.jobs.displayvalueupdateprocessor\igx.jobs.displayvalueupdateprocessor.csproj", "{868597A5-9A50-447B-8702-E46EC308BA85}"
EndProject
Project("{FAE04EC0-301F-11D3-BF4B-00C04F79EFBC}") = "igx.jobs.displayvaluechecker", "igx.jobs.displayvaluechecker\igx.jobs.displayvaluechecker.csproj", "{AA54113F-1E7E-4B28-BF89-6FB686E61B46}"
EndProject
Project("{FAE04EC0-301F-11D3-BF4B-00C04F79EFBC}") = "igx.jobs.apiexecutionprocessor", "igx.jobs.apiexecutionprocessor\igx.jobs.apiexecutionprocessor.csproj", "{9B959DF4-93DC-4FF2-B187-8BDB26206700}"
EndProject
Project("{2150E333-8FDC-42A3-9474-1A3956D46DE8}") = "Utilities", "Utilities", "{E08213BF-83D1-4263-8F7B-ED4EFAC6BA58}"
EndProject
Project("{FAE04EC0-301F-11D3-BF4B-00C04F79EFBC}") = "igx.CertificateManager", "utilities\igx.CertificateManager\igx.CertificateManager.csproj", "{E66CD394-FAE0-47BF-A24A-DC65FADCE0ED}"
EndProject
Project("{FAE04EC0-301F-11D3-BF4B-00C04F79EFBC}") = "igx.UpdateDatabases", "utilities\igx.UpdateDatabases\igx.UpdateDatabases.csproj", "{34C9341E-AF61-4A47-B817-920026EC4A13}"
EndProject
Project("{FAE04EC0-301F-11D3-BF4B-00C04F79EFBC}") = "igx.jobs.databaseindexrebuilder", "igx.jobs.databaseindexrebuilder\igx.jobs.databaseindexrebuilder.csproj", "{7EC8A31A-AA5F-4AF0-8F81-0892CA3A3CDB}"
EndProject
Project("{FAE04EC0-301F-11D3-BF4B-00C04F79EFBC}") = "igx.UnitTests", "igx.UnitTests\igx.UnitTests.csproj", "{4A87CC3D-B318-4ED7-8E5E-60EB27527B2E}"
EndProject
Project("{FAE04EC0-301F-11D3-BF4B-00C04F79EFBC}") = "igx.jobs.assetgraphprocessor", "igx.jobs.assetgraphprocessor\igx.jobs.assetgraphprocessor.csproj", "{AEE9929B-B6D4-4034-B7A2-7836277C7E08}"
EndProject
Project("{2150E333-8FDC-42A3-9474-1A3956D46DE8}") = "Functions", "Functions", "{27F0D451-FD9F-4E23-AFCF-F2CE94522A50}"
EndProject
Project("{9A19103F-16F7-4668-BE54-9A1E7A4F7556}") = "d360.core", "d360.core\d360.core.csproj", "{779B4B57-42B9-4478-9464-2A4880ABF27B}"
EndProject
Project("{9A19103F-16F7-4668-BE54-9A1E7A4F7556}") = "d360.utils.company", "d360.utils.company\d360.utils.company.csproj", "{11E0BC56-6F38-42EB-AF5C-6FA9968BA0FA}"
EndProject
Project("{9A19103F-16F7-4668-BE54-9A1E7A4F7556}") = "igx.functions.consumption", "igx.functions\igx.functions.consumption.csproj", "{E847AC05-71C8-4D30-AAC6-C88B56C45A5D}"
EndProject
Global
	GlobalSection(SolutionConfigurationPlatforms) = preSolution
		Debug|Any CPU = Debug|Any CPU
		Release|Any CPU = Release|Any CPU
	EndGlobalSection
	GlobalSection(ProjectConfigurationPlatforms) = postSolution
		{B12A1078-5835-43B8-AFB2-C3D24C4AA098}.Debug|Any CPU.ActiveCfg = Debug|Any CPU
		{B12A1078-5835-43B8-AFB2-C3D24C4AA098}.Debug|Any CPU.Build.0 = Debug|Any CPU
		{B12A1078-5835-43B8-AFB2-C3D24C4AA098}.Release|Any CPU.ActiveCfg = Release|Any CPU
		{B12A1078-5835-43B8-AFB2-C3D24C4AA098}.Release|Any CPU.Build.0 = Release|Any CPU
		{2D52A6C1-A7F3-42F3-90D2-0A0ECB871483}.Debug|Any CPU.ActiveCfg = Debug|Any CPU
		{2D52A6C1-A7F3-42F3-90D2-0A0ECB871483}.Debug|Any CPU.Build.0 = Debug|Any CPU
		{2D52A6C1-A7F3-42F3-90D2-0A0ECB871483}.Release|Any CPU.ActiveCfg = Release|Any CPU
		{2D52A6C1-A7F3-42F3-90D2-0A0ECB871483}.Release|Any CPU.Build.0 = Release|Any CPU
		{DF57BE56-958B-4C4D-B82C-6B61297434AB}.Debug|Any CPU.ActiveCfg = Debug|Any CPU
		{DF57BE56-958B-4C4D-B82C-6B61297434AB}.Debug|Any CPU.Build.0 = Debug|Any CPU
		{DF57BE56-958B-4C4D-B82C-6B61297434AB}.Release|Any CPU.ActiveCfg = Release|Any CPU
		{DF57BE56-958B-4C4D-B82C-6B61297434AB}.Release|Any CPU.Build.0 = Release|Any CPU
		{CAFAC467-D243-4CC4-BC7F-9F1DA0FBFFFE}.Debug|Any CPU.ActiveCfg = Debug|Any CPU
		{CAFAC467-D243-4CC4-BC7F-9F1DA0FBFFFE}.Debug|Any CPU.Build.0 = Debug|Any CPU
		{CAFAC467-D243-4CC4-BC7F-9F1DA0FBFFFE}.Release|Any CPU.ActiveCfg = Release|Any CPU
		{CAFAC467-D243-4CC4-BC7F-9F1DA0FBFFFE}.Release|Any CPU.Build.0 = Release|Any CPU
		{8A6EF61F-12E0-4FA4-8CFA-588EBAB47490}.Debug|Any CPU.ActiveCfg = Debug|Any CPU
		{8A6EF61F-12E0-4FA4-8CFA-588EBAB47490}.Debug|Any CPU.Build.0 = Debug|Any CPU
		{8A6EF61F-12E0-4FA4-8CFA-588EBAB47490}.Release|Any CPU.ActiveCfg = Release|Any CPU
		{8A6EF61F-12E0-4FA4-8CFA-588EBAB47490}.Release|Any CPU.Build.0 = Release|Any CPU
		{9902BB38-7BC7-4CA9-8C35-C23E8F50CD47}.Debug|Any CPU.ActiveCfg = Debug|Any CPU
		{9902BB38-7BC7-4CA9-8C35-C23E8F50CD47}.Debug|Any CPU.Build.0 = Debug|Any CPU
		{9902BB38-7BC7-4CA9-8C35-C23E8F50CD47}.Release|Any CPU.ActiveCfg = Release|Any CPU
		{9902BB38-7BC7-4CA9-8C35-C23E8F50CD47}.Release|Any CPU.Build.0 = Release|Any CPU
		{FF774B2C-787A-4694-BF07-B4A641D15E4F}.Debug|Any CPU.ActiveCfg = Debug|Any CPU
		{FF774B2C-787A-4694-BF07-B4A641D15E4F}.Debug|Any CPU.Build.0 = Debug|Any CPU
		{FF774B2C-787A-4694-BF07-B4A641D15E4F}.Release|Any CPU.ActiveCfg = Release|Any CPU
		{FF774B2C-787A-4694-BF07-B4A641D15E4F}.Release|Any CPU.Build.0 = Release|Any CPU
		{BE8136FF-C54D-4C40-B563-CB13C08C84CF}.Debug|Any CPU.ActiveCfg = Debug|Any CPU
		{BE8136FF-C54D-4C40-B563-CB13C08C84CF}.Debug|Any CPU.Build.0 = Debug|Any CPU
		{BE8136FF-C54D-4C40-B563-CB13C08C84CF}.Release|Any CPU.ActiveCfg = Release|Any CPU
		{BE8136FF-C54D-4C40-B563-CB13C08C84CF}.Release|Any CPU.Build.0 = Release|Any CPU
		{26DBFDB9-B193-4AF7-9D89-B3719A29B8A1}.Debug|Any CPU.ActiveCfg = Debug|Any CPU
		{26DBFDB9-B193-4AF7-9D89-B3719A29B8A1}.Debug|Any CPU.Build.0 = Debug|Any CPU
		{26DBFDB9-B193-4AF7-9D89-B3719A29B8A1}.Release|Any CPU.ActiveCfg = Release|Any CPU
		{26DBFDB9-B193-4AF7-9D89-B3719A29B8A1}.Release|Any CPU.Build.0 = Release|Any CPU
		{BB4B3F08-534C-45F8-808A-67E911A20311}.Debug|Any CPU.ActiveCfg = Debug|Any CPU
		{BB4B3F08-534C-45F8-808A-67E911A20311}.Debug|Any CPU.Build.0 = Debug|Any CPU
		{BB4B3F08-534C-45F8-808A-67E911A20311}.Release|Any CPU.ActiveCfg = Release|Any CPU
		{BB4B3F08-534C-45F8-808A-67E911A20311}.Release|Any CPU.Build.0 = Release|Any CPU
		{F202BF6D-6727-4DEF-B2DC-CD63FED71F3F}.Debug|Any CPU.ActiveCfg = Debug|Any CPU
		{F202BF6D-6727-4DEF-B2DC-CD63FED71F3F}.Debug|Any CPU.Build.0 = Debug|Any CPU
		{F202BF6D-6727-4DEF-B2DC-CD63FED71F3F}.Release|Any CPU.ActiveCfg = Release|Any CPU
		{F202BF6D-6727-4DEF-B2DC-CD63FED71F3F}.Release|Any CPU.Build.0 = Release|Any CPU
		{56EF60B9-DEB0-4F27-B734-1989B180788E}.Debug|Any CPU.ActiveCfg = Debug|Any CPU
		{56EF60B9-DEB0-4F27-B734-1989B180788E}.Debug|Any CPU.Build.0 = Debug|Any CPU
		{56EF60B9-DEB0-4F27-B734-1989B180788E}.Release|Any CPU.ActiveCfg = Release|Any CPU
		{56EF60B9-DEB0-4F27-B734-1989B180788E}.Release|Any CPU.Build.0 = Release|Any CPU
		{795C450D-34F3-441C-BE8C-EC391D374FD9}.Debug|Any CPU.ActiveCfg = Debug|Any CPU
		{795C450D-34F3-441C-BE8C-EC391D374FD9}.Debug|Any CPU.Build.0 = Debug|Any CPU
		{795C450D-34F3-441C-BE8C-EC391D374FD9}.Release|Any CPU.ActiveCfg = Release|Any CPU
		{795C450D-34F3-441C-BE8C-EC391D374FD9}.Release|Any CPU.Build.0 = Release|Any CPU
		{C36A8BA3-5979-4087-8CC9-7EDE903F6EC8}.Debug|Any CPU.ActiveCfg = Debug|Any CPU
		{C36A8BA3-5979-4087-8CC9-7EDE903F6EC8}.Debug|Any CPU.Build.0 = Debug|Any CPU
		{C36A8BA3-5979-4087-8CC9-7EDE903F6EC8}.Release|Any CPU.ActiveCfg = Release|Any CPU
		{C36A8BA3-5979-4087-8CC9-7EDE903F6EC8}.Release|Any CPU.Build.0 = Release|Any CPU
		{CC659834-FB58-41BF-83AA-249FC84D009F}.Debug|Any CPU.ActiveCfg = Debug|Any CPU
		{CC659834-FB58-41BF-83AA-249FC84D009F}.Debug|Any CPU.Build.0 = Debug|Any CPU
		{CC659834-FB58-41BF-83AA-249FC84D009F}.Release|Any CPU.ActiveCfg = Release|Any CPU
		{CC659834-FB58-41BF-83AA-249FC84D009F}.Release|Any CPU.Build.0 = Release|Any CPU
		{868597A5-9A50-447B-8702-E46EC308BA85}.Debug|Any CPU.ActiveCfg = Debug|Any CPU
		{868597A5-9A50-447B-8702-E46EC308BA85}.Debug|Any CPU.Build.0 = Debug|Any CPU
		{868597A5-9A50-447B-8702-E46EC308BA85}.Release|Any CPU.ActiveCfg = Release|Any CPU
		{868597A5-9A50-447B-8702-E46EC308BA85}.Release|Any CPU.Build.0 = Release|Any CPU
		{AA54113F-1E7E-4B28-BF89-6FB686E61B46}.Debug|Any CPU.ActiveCfg = Debug|Any CPU
		{AA54113F-1E7E-4B28-BF89-6FB686E61B46}.Debug|Any CPU.Build.0 = Debug|Any CPU
		{AA54113F-1E7E-4B28-BF89-6FB686E61B46}.Release|Any CPU.ActiveCfg = Release|Any CPU
		{AA54113F-1E7E-4B28-BF89-6FB686E61B46}.Release|Any CPU.Build.0 = Release|Any CPU
		{9B959DF4-93DC-4FF2-B187-8BDB26206700}.Debug|Any CPU.ActiveCfg = Debug|Any CPU
		{9B959DF4-93DC-4FF2-B187-8BDB26206700}.Debug|Any CPU.Build.0 = Debug|Any CPU
		{9B959DF4-93DC-4FF2-B187-8BDB26206700}.Release|Any CPU.ActiveCfg = Release|Any CPU
		{9B959DF4-93DC-4FF2-B187-8BDB26206700}.Release|Any CPU.Build.0 = Release|Any CPU
		{E66CD394-FAE0-47BF-A24A-DC65FADCE0ED}.Debug|Any CPU.ActiveCfg = Debug|Any CPU
		{E66CD394-FAE0-47BF-A24A-DC65FADCE0ED}.Debug|Any CPU.Build.0 = Debug|Any CPU
		{E66CD394-FAE0-47BF-A24A-DC65FADCE0ED}.Release|Any CPU.ActiveCfg = Release|Any CPU
		{E66CD394-FAE0-47BF-A24A-DC65FADCE0ED}.Release|Any CPU.Build.0 = Release|Any CPU
		{34C9341E-AF61-4A47-B817-920026EC4A13}.Debug|Any CPU.ActiveCfg = Debug|Any CPU
		{34C9341E-AF61-4A47-B817-920026EC4A13}.Debug|Any CPU.Build.0 = Debug|Any CPU
		{34C9341E-AF61-4A47-B817-920026EC4A13}.Release|Any CPU.ActiveCfg = Release|Any CPU
		{34C9341E-AF61-4A47-B817-920026EC4A13}.Release|Any CPU.Build.0 = Release|Any CPU
		{7EC8A31A-AA5F-4AF0-8F81-0892CA3A3CDB}.Debug|Any CPU.ActiveCfg = Debug|Any CPU
		{7EC8A31A-AA5F-4AF0-8F81-0892CA3A3CDB}.Debug|Any CPU.Build.0 = Debug|Any CPU
		{7EC8A31A-AA5F-4AF0-8F81-0892CA3A3CDB}.Release|Any CPU.ActiveCfg = Release|Any CPU
		{7EC8A31A-AA5F-4AF0-8F81-0892CA3A3CDB}.Release|Any CPU.Build.0 = Release|Any CPU
		{4A87CC3D-B318-4ED7-8E5E-60EB27527B2E}.Debug|Any CPU.ActiveCfg = Debug|Any CPU
		{4A87CC3D-B318-4ED7-8E5E-60EB27527B2E}.Debug|Any CPU.Build.0 = Debug|Any CPU
		{4A87CC3D-B318-4ED7-8E5E-60EB27527B2E}.Release|Any CPU.ActiveCfg = Release|Any CPU
		{4A87CC3D-B318-4ED7-8E5E-60EB27527B2E}.Release|Any CPU.Build.0 = Release|Any CPU
		{AEE9929B-B6D4-4034-B7A2-7836277C7E08}.Debug|Any CPU.ActiveCfg = Debug|Any CPU
		{AEE9929B-B6D4-4034-B7A2-7836277C7E08}.Debug|Any CPU.Build.0 = Debug|Any CPU
		{AEE9929B-B6D4-4034-B7A2-7836277C7E08}.Release|Any CPU.ActiveCfg = Release|Any CPU
		{AEE9929B-B6D4-4034-B7A2-7836277C7E08}.Release|Any CPU.Build.0 = Release|Any CPU
		{779B4B57-42B9-4478-9464-2A4880ABF27B}.Debug|Any CPU.ActiveCfg = Debug|Any CPU
		{779B4B57-42B9-4478-9464-2A4880ABF27B}.Debug|Any CPU.Build.0 = Debug|Any CPU
		{779B4B57-42B9-4478-9464-2A4880ABF27B}.Release|Any CPU.ActiveCfg = Release|Any CPU
		{779B4B57-42B9-4478-9464-2A4880ABF27B}.Release|Any CPU.Build.0 = Release|Any CPU
		{11E0BC56-6F38-42EB-AF5C-6FA9968BA0FA}.Debug|Any CPU.ActiveCfg = Debug|Any CPU
		{11E0BC56-6F38-42EB-AF5C-6FA9968BA0FA}.Debug|Any CPU.Build.0 = Debug|Any CPU
		{11E0BC56-6F38-42EB-AF5C-6FA9968BA0FA}.Release|Any CPU.ActiveCfg = Release|Any CPU
		{11E0BC56-6F38-42EB-AF5C-6FA9968BA0FA}.Release|Any CPU.Build.0 = Release|Any CPU
		{E847AC05-71C8-4D30-AAC6-C88B56C45A5D}.Debug|Any CPU.ActiveCfg = Debug|Any CPU
		{E847AC05-71C8-4D30-AAC6-C88B56C45A5D}.Debug|Any CPU.Build.0 = Debug|Any CPU
		{E847AC05-71C8-4D30-AAC6-C88B56C45A5D}.Release|Any CPU.ActiveCfg = Release|Any CPU
		{E847AC05-71C8-4D30-AAC6-C88B56C45A5D}.Release|Any CPU.Build.0 = Release|Any CPU
	EndGlobalSection
	GlobalSection(SolutionProperties) = preSolution
		HideSolutionNode = FALSE
	EndGlobalSection
	GlobalSection(NestedProjects) = preSolution
		{B12A1078-5835-43B8-AFB2-C3D24C4AA098} = {5C79A81D-F293-4A0E-8F9F-EE633A9FB1C8}
		{2D52A6C1-A7F3-42F3-90D2-0A0ECB871483} = {5C79A81D-F293-4A0E-8F9F-EE633A9FB1C8}
		{DF57BE56-958B-4C4D-B82C-6B61297434AB} = {2CE94CC8-D9FB-4CC5-B44A-1CDD40971448}
		{CAFAC467-D243-4CC4-BC7F-9F1DA0FBFFFE} = {757CF48D-6728-4702-AC12-754629196548}
		{8A6EF61F-12E0-4FA4-8CFA-588EBAB47490} = {757CF48D-6728-4702-AC12-754629196548}
		{757CF48D-6728-4702-AC12-754629196548} = {2CE94CC8-D9FB-4CC5-B44A-1CDD40971448}
		{9902BB38-7BC7-4CA9-8C35-C23E8F50CD47} = {757CF48D-6728-4702-AC12-754629196548}
		{FF774B2C-787A-4694-BF07-B4A641D15E4F} = {757CF48D-6728-4702-AC12-754629196548}
		{BE8136FF-C54D-4C40-B563-CB13C08C84CF} = {757CF48D-6728-4702-AC12-754629196548}
		{26DBFDB9-B193-4AF7-9D89-B3719A29B8A1} = {757CF48D-6728-4702-AC12-754629196548}
		{BB4B3F08-534C-45F8-808A-67E911A20311} = {757CF48D-6728-4702-AC12-754629196548}
		{F202BF6D-6727-4DEF-B2DC-CD63FED71F3F} = {757CF48D-6728-4702-AC12-754629196548}
		{56EF60B9-DEB0-4F27-B734-1989B180788E} = {757CF48D-6728-4702-AC12-754629196548}
		{795C450D-34F3-441C-BE8C-EC391D374FD9} = {757CF48D-6728-4702-AC12-754629196548}
		{C36A8BA3-5979-4087-8CC9-7EDE903F6EC8} = {757CF48D-6728-4702-AC12-754629196548}
		{CC659834-FB58-41BF-83AA-249FC84D009F} = {757CF48D-6728-4702-AC12-754629196548}
		{868597A5-9A50-447B-8702-E46EC308BA85} = {757CF48D-6728-4702-AC12-754629196548}
		{AA54113F-1E7E-4B28-BF89-6FB686E61B46} = {757CF48D-6728-4702-AC12-754629196548}
		{9B959DF4-93DC-4FF2-B187-8BDB26206700} = {757CF48D-6728-4702-AC12-754629196548}
		{E08213BF-83D1-4263-8F7B-ED4EFAC6BA58} = {2CE94CC8-D9FB-4CC5-B44A-1CDD40971448}
		{E66CD394-FAE0-47BF-A24A-DC65FADCE0ED} = {E08213BF-83D1-4263-8F7B-ED4EFAC6BA58}
		{34C9341E-AF61-4A47-B817-920026EC4A13} = {E08213BF-83D1-4263-8F7B-ED4EFAC6BA58}
		{7EC8A31A-AA5F-4AF0-8F81-0892CA3A3CDB} = {757CF48D-6728-4702-AC12-754629196548}
		{4A87CC3D-B318-4ED7-8E5E-60EB27527B2E} = {F2954AF7-C35D-4A24-8D64-CFF2D2030528}
		{AEE9929B-B6D4-4034-B7A2-7836277C7E08} = {757CF48D-6728-4702-AC12-754629196548}
		{27F0D451-FD9F-4E23-AFCF-F2CE94522A50} = {2CE94CC8-D9FB-4CC5-B44A-1CDD40971448}
		{779B4B57-42B9-4478-9464-2A4880ABF27B} = {5C79A81D-F293-4A0E-8F9F-EE633A9FB1C8}
		{11E0BC56-6F38-42EB-AF5C-6FA9968BA0FA} = {5C79A81D-F293-4A0E-8F9F-EE633A9FB1C8}
		{E847AC05-71C8-4D30-AAC6-C88B56C45A5D} = {27F0D451-FD9F-4E23-AFCF-F2CE94522A50}
	EndGlobalSection
	GlobalSection(ExtensibilityGlobals) = postSolution
		SolutionGuid = {DA470272-2404-43CC-B3A7-997246EDACA8}
		EnterpriseLibraryConfigurationToolBinariesPathV6 = packages\EnterpriseLibrary.TransientFaultHandling.6.0.1304.0\lib\portable-net45+win+wp8;packages\EnterpriseLibrary.TransientFaultHandling.Data.6.0.1304.1\lib\NET45
	EndGlobalSection
EndGlobal
