
Microsoft Visual Studio Solution File, Format Version 12.00
# Visual Studio 15
VisualStudioVersion = 15.0.27004.2010
MinimumVisualStudioVersion = 10.0.40219.1
Project("{2150E333-8FDC-42A3-9474-1A3956D46DE8}") = "1. Common", "1. Common", "{82A3B52F-C19D-4FA8-8AC5-AF524FF8C173}"
EndProject
Project("{2150E333-8FDC-42A3-9474-1A3956D46DE8}") = "2. Extensions", "2. Extensions", "{DF896E70-6A4C-4E11-B0AF-0780094E0BEF}"
EndProject
Project("{2150E333-8FDC-42A3-9474-1A3956D46DE8}") = "3. Applications", "3. Applications", "{DCCC21C5-DB48-46F6-BD2C-ECF49D5C5615}"
EndProject
Project("{2150E333-8FDC-42A3-9474-1A3956D46DE8}") = "5. Tests", "5. Tests", "{313B4C9B-F3D7-4718-97A5-2F04A3B12589}"
EndProject
Project("{2150E333-8FDC-42A3-9474-1A3956D46DE8}") = "0. Solution Items", "0. Solution Items", "{9E0D6764-2E58-4258-8D9B-B73D8D483C9A}"
	ProjectSection(SolutionItems) = preProject
		.tfignore = .tfignore
		D360.vsmdi = D360.vsmdi
		Local.testsettings = Local.testsettings
		TraceAndTestImpact.testsettings = TraceAndTestImpact.testsettings
	EndProjectSection
EndProject
Project("{2150E333-8FDC-42A3-9474-1A3956D46DE8}") = ".nuget", ".nuget", "{1D215E64-921D-400C-BB0A-762C6E31A076}"
	ProjectSection(SolutionItems) = preProject
		.nuget\NuGet.Config = .nuget\NuGet.Config
	EndProjectSection
EndProject
Project("{FAE04EC0-301F-11D3-BF4B-00C04F79EFBC}") = "d360.core", "d360.core\d360.core.csproj", "{9341CCA8-D3F2-467A-AE9C-0581054B8DE2}"
EndProject
Project("{FAE04EC0-301F-11D3-BF4B-00C04F79EFBC}") = "d360.model", "d360.model\d360.model.csproj", "{B12A1078-5835-43B8-AFB2-C3D24C4AA098}"
EndProject
Project("{FAE04EC0-301F-11D3-BF4B-00C04F79EFBC}") = "d360.extensions", "d360.extensions\d360.extensions.csproj", "{2D52A6C1-A7F3-42F3-90D2-0A0ECB871483}"
EndProject
Project("{FAE04EC0-301F-11D3-BF4B-00C04F79EFBC}") = "d360.web", "d360.web\d360.web.csproj", "{DF57BE56-958B-4C4D-B82C-6B61297434AB}"
EndProject
Project("{FAE04EC0-301F-11D3-BF4B-00C04F79EFBC}") = "d360.utils", "d360.utils\d360.utils.csproj", "{9775B4DF-0AC8-4524-BA10-4A43BF9CB61E}"
EndProject
Project("{FAE04EC0-301F-11D3-BF4B-00C04F79EFBC}") = "d360.utils.company", "d360.utils.company\d360.utils.company.csproj", "{88BBA351-DA2A-4551-AF28-5F1568952F7E}"
EndProject
Project("{FAE04EC0-301F-11D3-BF4B-00C04F79EFBC}") = "d360.test.workflow", "Tests\d360.test.workflow\d360.test.workflow.csproj", "{F335D168-DC1D-42A5-BAEB-86945C760F93}"
EndProject
Project("{FAE04EC0-301F-11D3-BF4B-00C04F79EFBC}") = "d360.test.jobs", "Tests\d360.test.jobs\d360.test.jobs.csproj", "{BEAEB4B8-82A6-40AD-B4F3-CC5373334A2A}"
EndProject
Project("{00D1A9C2-B5F0-4AF3-8072-F6C62B433612}") = "d360.database.company", "d360.database.company\d360.database.company.sqlproj", "{FBBF73AD-BB82-42E9-B2C8-917EDADE61B8}"
EndProject
Project("{00D1A9C2-B5F0-4AF3-8072-F6C62B433612}") = "d360.database.community", "d360.database.community\d360.database.community.sqlproj", "{52ECE463-AC2D-4EA5-B16B-8CC8BF2ED18A}"
EndProject
Project("{FAE04EC0-301F-11D3-BF4B-00C04F79EFBC}") = "d360.test.web", "d360.test.web\d360.test.web.csproj", "{8F2DCC2D-4967-4B82-A664-F894ED6FB3C6}"
EndProject
Project("{2150E333-8FDC-42A3-9474-1A3956D46DE8}") = "4. Functions", "4. Functions", "{46AA259B-683D-4755-BEDF-D11AA0A61879}"
EndProject
Project("{9A19103F-16F7-4668-BE54-9A1E7A4F7556}") = "igx.function.ResponsibilityRules", "igx.function.ResponsibilityRules\igx.function.ResponsibilityRules.csproj", "{BF0A517D-0F1A-46FF-97B6-7EC390312D39}"
EndProject
Project("{FAE04EC0-301F-11D3-BF4B-00C04F79EFBC}") = "igx.function", "igx.function\igx.function.csproj", "{C5C261C3-224F-4A4E-9DBD-7373835DF25B}"
EndProject
Project("{9A19103F-16F7-4668-BE54-9A1E7A4F7556}") = "igx.function.BulkLoad", "igx.function.BulkLoad\igx.function.BulkLoad.csproj", "{51A0C4C7-85FA-49CB-8684-9B5372D41707}"
EndProject
Project("{9A19103F-16F7-4668-BE54-9A1E7A4F7556}") = "igx.function.DatabaseMaintenance", "igx.function.DatabaseMaintenance\igx.function.DatabaseMaintenance.csproj", "{A9613E4D-628D-4A4F-B000-F95966266875}"
EndProject
Project("{9A19103F-16F7-4668-BE54-9A1E7A4F7556}") = "igx.function.ReportingLayer", "igx.function.ReportingLayer\igx.function.ReportingLayer.csproj", "{2F31BDB2-37AB-4ECA-89B8-80EF6D3FA76E}"
EndProject
Project("{9A19103F-16F7-4668-BE54-9A1E7A4F7556}") = "igx.function.ResourceCache", "igx.function.ResourceCache\igx.function.ResourceCache.csproj", "{F11ED55C-187A-483A-B5F2-5B8326EB1090}"
EndProject
Project("{9A19103F-16F7-4668-BE54-9A1E7A4F7556}") = "igx.function.DatabaseTask", "igx.function.DatabaseTask\igx.function.DatabaseTask.csproj", "{97F8BCEA-133C-4D47-88DF-7C8BE85A91F7}"
EndProject
Project("{9A19103F-16F7-4668-BE54-9A1E7A4F7556}") = "igx.function.DataQuality", "igx.function.DataQuality\igx.function.DataQuality.csproj", "{7EDF4F03-AF06-432E-928F-4BBFD006EA34}"
EndProject
Project("{9A19103F-16F7-4668-BE54-9A1E7A4F7556}") = "igx.function.Fusion", "igx.function.Fusion\igx.function.Fusion.csproj", "{A9EFA097-3E19-4743-A1B9-DE441FA8C3B5}"
EndProject
Project("{9A19103F-16F7-4668-BE54-9A1E7A4F7556}") = "igx.function.Workflow", "igx.function.Workflow\igx.function.Workflow.csproj", "{9C2AB453-0921-4600-BDCD-4B3AEC3E9395}"
EndProject
Project("{9A19103F-16F7-4668-BE54-9A1E7A4F7556}") = "igx.function.Scoring", "igx.function.Scoring\igx.function.Scoring.csproj", "{1E3F3E1A-D412-40C2-A02B-6FB36C59A8F8}"
EndProject
Project("{9A19103F-16F7-4668-BE54-9A1E7A4F7556}") = "igx.function.Indexing", "igx.function.Indexing\igx.function.Indexing.csproj", "{FAD32C09-CB83-4FCB-904A-C7152C35A29F}"
EndProject
Project("{9A19103F-16F7-4668-BE54-9A1E7A4F7556}") = "igx.admin.ui", "igx.admin.ui\igx.admin.ui.csproj", "{368BA21A-7C7A-4904-9A5C-4B857672FC09}"
EndProject
Global
	GlobalSection(SolutionConfigurationPlatforms) = preSolution
		Client Development|Any CPU = Client Development|Any CPU
		Client Development|Mixed Platforms = Client Development|Mixed Platforms
		Client Development|x86 = Client Development|x86
		Debug|Any CPU = Debug|Any CPU
		Debug|Mixed Platforms = Debug|Mixed Platforms
		Debug|x86 = Debug|x86
		Nightly|Any CPU = Nightly|Any CPU
		Nightly|Mixed Platforms = Nightly|Mixed Platforms
		Nightly|x86 = Nightly|x86
		Production|Any CPU = Production|Any CPU
		Production|Mixed Platforms = Production|Mixed Platforms
		Production|x86 = Production|x86
		Release|Any CPU = Release|Any CPU
		Release|Mixed Platforms = Release|Mixed Platforms
		Release|x86 = Release|x86
	EndGlobalSection
	GlobalSection(ProjectConfigurationPlatforms) = postSolution
		{9341CCA8-D3F2-467A-AE9C-0581054B8DE2}.Client Development|Any CPU.ActiveCfg = Client Development|Any CPU
		{9341CCA8-D3F2-467A-AE9C-0581054B8DE2}.Client Development|Any CPU.Build.0 = Client Development|Any CPU
		{9341CCA8-D3F2-467A-AE9C-0581054B8DE2}.Client Development|Mixed Platforms.ActiveCfg = Client Development|Any CPU
		{9341CCA8-D3F2-467A-AE9C-0581054B8DE2}.Client Development|Mixed Platforms.Build.0 = Client Development|Any CPU
		{9341CCA8-D3F2-467A-AE9C-0581054B8DE2}.Client Development|x86.ActiveCfg = Client Development|Any CPU
		{9341CCA8-D3F2-467A-AE9C-0581054B8DE2}.Client Development|x86.Build.0 = Client Development|Any CPU
		{9341CCA8-D3F2-467A-AE9C-0581054B8DE2}.Debug|Any CPU.ActiveCfg = Debug|Any CPU
		{9341CCA8-D3F2-467A-AE9C-0581054B8DE2}.Debug|Any CPU.Build.0 = Debug|Any CPU
		{9341CCA8-D3F2-467A-AE9C-0581054B8DE2}.Debug|Mixed Platforms.ActiveCfg = Debug|Any CPU
		{9341CCA8-D3F2-467A-AE9C-0581054B8DE2}.Debug|Mixed Platforms.Build.0 = Debug|Any CPU
		{9341CCA8-D3F2-467A-AE9C-0581054B8DE2}.Debug|x86.ActiveCfg = Debug|Any CPU
		{9341CCA8-D3F2-467A-AE9C-0581054B8DE2}.Nightly|Any CPU.ActiveCfg = Nightly|Any CPU
		{9341CCA8-D3F2-467A-AE9C-0581054B8DE2}.Nightly|Any CPU.Build.0 = Nightly|Any CPU
		{9341CCA8-D3F2-467A-AE9C-0581054B8DE2}.Nightly|Mixed Platforms.ActiveCfg = Nightly|Any CPU
		{9341CCA8-D3F2-467A-AE9C-0581054B8DE2}.Nightly|Mixed Platforms.Build.0 = Nightly|Any CPU
		{9341CCA8-D3F2-467A-AE9C-0581054B8DE2}.Nightly|x86.ActiveCfg = Nightly|Any CPU
		{9341CCA8-D3F2-467A-AE9C-0581054B8DE2}.Nightly|x86.Build.0 = Nightly|Any CPU
		{9341CCA8-D3F2-467A-AE9C-0581054B8DE2}.Production|Any CPU.ActiveCfg = Production|Any CPU
		{9341CCA8-D3F2-467A-AE9C-0581054B8DE2}.Production|Any CPU.Build.0 = Production|Any CPU
		{9341CCA8-D3F2-467A-AE9C-0581054B8DE2}.Production|Mixed Platforms.ActiveCfg = Production|Any CPU
		{9341CCA8-D3F2-467A-AE9C-0581054B8DE2}.Production|Mixed Platforms.Build.0 = Production|Any CPU
		{9341CCA8-D3F2-467A-AE9C-0581054B8DE2}.Production|x86.ActiveCfg = Production|Any CPU
		{9341CCA8-D3F2-467A-AE9C-0581054B8DE2}.Production|x86.Build.0 = Production|Any CPU
		{9341CCA8-D3F2-467A-AE9C-0581054B8DE2}.Release|Any CPU.ActiveCfg = Release|Any CPU
		{9341CCA8-D3F2-467A-AE9C-0581054B8DE2}.Release|Any CPU.Build.0 = Release|Any CPU
		{9341CCA8-D3F2-467A-AE9C-0581054B8DE2}.Release|Mixed Platforms.ActiveCfg = Release|Any CPU
		{9341CCA8-D3F2-467A-AE9C-0581054B8DE2}.Release|Mixed Platforms.Build.0 = Release|Any CPU
		{9341CCA8-D3F2-467A-AE9C-0581054B8DE2}.Release|x86.ActiveCfg = Release|Any CPU
		{B12A1078-5835-43B8-AFB2-C3D24C4AA098}.Client Development|Any CPU.ActiveCfg = Client Development|Any CPU
		{B12A1078-5835-43B8-AFB2-C3D24C4AA098}.Client Development|Any CPU.Build.0 = Client Development|Any CPU
		{B12A1078-5835-43B8-AFB2-C3D24C4AA098}.Client Development|Mixed Platforms.ActiveCfg = Client Development|Any CPU
		{B12A1078-5835-43B8-AFB2-C3D24C4AA098}.Client Development|Mixed Platforms.Build.0 = Client Development|Any CPU
		{B12A1078-5835-43B8-AFB2-C3D24C4AA098}.Client Development|x86.ActiveCfg = Client Development|Any CPU
		{B12A1078-5835-43B8-AFB2-C3D24C4AA098}.Client Development|x86.Build.0 = Client Development|Any CPU
		{B12A1078-5835-43B8-AFB2-C3D24C4AA098}.Debug|Any CPU.ActiveCfg = Debug|Any CPU
		{B12A1078-5835-43B8-AFB2-C3D24C4AA098}.Debug|Any CPU.Build.0 = Debug|Any CPU
		{B12A1078-5835-43B8-AFB2-C3D24C4AA098}.Debug|Mixed Platforms.ActiveCfg = Debug|Any CPU
		{B12A1078-5835-43B8-AFB2-C3D24C4AA098}.Debug|Mixed Platforms.Build.0 = Debug|Any CPU
		{B12A1078-5835-43B8-AFB2-C3D24C4AA098}.Debug|x86.ActiveCfg = Debug|Any CPU
		{B12A1078-5835-43B8-AFB2-C3D24C4AA098}.Nightly|Any CPU.ActiveCfg = Nightly|Any CPU
		{B12A1078-5835-43B8-AFB2-C3D24C4AA098}.Nightly|Any CPU.Build.0 = Nightly|Any CPU
		{B12A1078-5835-43B8-AFB2-C3D24C4AA098}.Nightly|Mixed Platforms.ActiveCfg = Nightly|Any CPU
		{B12A1078-5835-43B8-AFB2-C3D24C4AA098}.Nightly|Mixed Platforms.Build.0 = Nightly|Any CPU
		{B12A1078-5835-43B8-AFB2-C3D24C4AA098}.Nightly|x86.ActiveCfg = Nightly|Any CPU
		{B12A1078-5835-43B8-AFB2-C3D24C4AA098}.Nightly|x86.Build.0 = Nightly|Any CPU
		{B12A1078-5835-43B8-AFB2-C3D24C4AA098}.Production|Any CPU.ActiveCfg = Production|Any CPU
		{B12A1078-5835-43B8-AFB2-C3D24C4AA098}.Production|Any CPU.Build.0 = Production|Any CPU
		{B12A1078-5835-43B8-AFB2-C3D24C4AA098}.Production|Mixed Platforms.ActiveCfg = Production|Any CPU
		{B12A1078-5835-43B8-AFB2-C3D24C4AA098}.Production|Mixed Platforms.Build.0 = Production|Any CPU
		{B12A1078-5835-43B8-AFB2-C3D24C4AA098}.Production|x86.ActiveCfg = Production|Any CPU
		{B12A1078-5835-43B8-AFB2-C3D24C4AA098}.Production|x86.Build.0 = Production|Any CPU
		{B12A1078-5835-43B8-AFB2-C3D24C4AA098}.Release|Any CPU.ActiveCfg = Release|Any CPU
		{B12A1078-5835-43B8-AFB2-C3D24C4AA098}.Release|Any CPU.Build.0 = Release|Any CPU
		{B12A1078-5835-43B8-AFB2-C3D24C4AA098}.Release|Mixed Platforms.ActiveCfg = Release|Any CPU
		{B12A1078-5835-43B8-AFB2-C3D24C4AA098}.Release|Mixed Platforms.Build.0 = Release|Any CPU
		{B12A1078-5835-43B8-AFB2-C3D24C4AA098}.Release|x86.ActiveCfg = Release|Any CPU
		{2D52A6C1-A7F3-42F3-90D2-0A0ECB871483}.Client Development|Any CPU.ActiveCfg = Client Development|Any CPU
		{2D52A6C1-A7F3-42F3-90D2-0A0ECB871483}.Client Development|Any CPU.Build.0 = Client Development|Any CPU
		{2D52A6C1-A7F3-42F3-90D2-0A0ECB871483}.Client Development|Mixed Platforms.ActiveCfg = Client Development|Any CPU
		{2D52A6C1-A7F3-42F3-90D2-0A0ECB871483}.Client Development|Mixed Platforms.Build.0 = Client Development|Any CPU
		{2D52A6C1-A7F3-42F3-90D2-0A0ECB871483}.Client Development|x86.ActiveCfg = Client Development|Any CPU
		{2D52A6C1-A7F3-42F3-90D2-0A0ECB871483}.Client Development|x86.Build.0 = Client Development|Any CPU
		{2D52A6C1-A7F3-42F3-90D2-0A0ECB871483}.Debug|Any CPU.ActiveCfg = Debug|Any CPU
		{2D52A6C1-A7F3-42F3-90D2-0A0ECB871483}.Debug|Any CPU.Build.0 = Debug|Any CPU
		{2D52A6C1-A7F3-42F3-90D2-0A0ECB871483}.Debug|Mixed Platforms.ActiveCfg = Debug|Any CPU
		{2D52A6C1-A7F3-42F3-90D2-0A0ECB871483}.Debug|Mixed Platforms.Build.0 = Debug|Any CPU
		{2D52A6C1-A7F3-42F3-90D2-0A0ECB871483}.Debug|x86.ActiveCfg = Debug|Any CPU
		{2D52A6C1-A7F3-42F3-90D2-0A0ECB871483}.Nightly|Any CPU.ActiveCfg = Nightly|Any CPU
		{2D52A6C1-A7F3-42F3-90D2-0A0ECB871483}.Nightly|Any CPU.Build.0 = Nightly|Any CPU
		{2D52A6C1-A7F3-42F3-90D2-0A0ECB871483}.Nightly|Mixed Platforms.ActiveCfg = Nightly|Any CPU
		{2D52A6C1-A7F3-42F3-90D2-0A0ECB871483}.Nightly|Mixed Platforms.Build.0 = Nightly|Any CPU
		{2D52A6C1-A7F3-42F3-90D2-0A0ECB871483}.Nightly|x86.ActiveCfg = Nightly|Any CPU
		{2D52A6C1-A7F3-42F3-90D2-0A0ECB871483}.Nightly|x86.Build.0 = Nightly|Any CPU
		{2D52A6C1-A7F3-42F3-90D2-0A0ECB871483}.Production|Any CPU.ActiveCfg = Production|Any CPU
		{2D52A6C1-A7F3-42F3-90D2-0A0ECB871483}.Production|Any CPU.Build.0 = Production|Any CPU
		{2D52A6C1-A7F3-42F3-90D2-0A0ECB871483}.Production|Mixed Platforms.ActiveCfg = Production|Any CPU
		{2D52A6C1-A7F3-42F3-90D2-0A0ECB871483}.Production|Mixed Platforms.Build.0 = Production|Any CPU
		{2D52A6C1-A7F3-42F3-90D2-0A0ECB871483}.Production|x86.ActiveCfg = Production|Any CPU
		{2D52A6C1-A7F3-42F3-90D2-0A0ECB871483}.Production|x86.Build.0 = Production|Any CPU
		{2D52A6C1-A7F3-42F3-90D2-0A0ECB871483}.Release|Any CPU.ActiveCfg = Release|Any CPU
		{2D52A6C1-A7F3-42F3-90D2-0A0ECB871483}.Release|Any CPU.Build.0 = Release|Any CPU
		{2D52A6C1-A7F3-42F3-90D2-0A0ECB871483}.Release|Mixed Platforms.ActiveCfg = Release|Any CPU
		{2D52A6C1-A7F3-42F3-90D2-0A0ECB871483}.Release|Mixed Platforms.Build.0 = Release|Any CPU
		{2D52A6C1-A7F3-42F3-90D2-0A0ECB871483}.Release|x86.ActiveCfg = Release|Any CPU
		{DF57BE56-958B-4C4D-B82C-6B61297434AB}.Client Development|Any CPU.ActiveCfg = Client Development|Any CPU
		{DF57BE56-958B-4C4D-B82C-6B61297434AB}.Client Development|Any CPU.Build.0 = Client Development|Any CPU
		{DF57BE56-958B-4C4D-B82C-6B61297434AB}.Client Development|Mixed Platforms.ActiveCfg = Client Development|Any CPU
		{DF57BE56-958B-4C4D-B82C-6B61297434AB}.Client Development|Mixed Platforms.Build.0 = Client Development|Any CPU
		{DF57BE56-958B-4C4D-B82C-6B61297434AB}.Client Development|x86.ActiveCfg = Client Development|Any CPU
		{DF57BE56-958B-4C4D-B82C-6B61297434AB}.Client Development|x86.Build.0 = Client Development|Any CPU
		{DF57BE56-958B-4C4D-B82C-6B61297434AB}.Debug|Any CPU.ActiveCfg = Debug|Any CPU
		{DF57BE56-958B-4C4D-B82C-6B61297434AB}.Debug|Any CPU.Build.0 = Debug|Any CPU
		{DF57BE56-958B-4C4D-B82C-6B61297434AB}.Debug|Mixed Platforms.ActiveCfg = Debug|Any CPU
		{DF57BE56-958B-4C4D-B82C-6B61297434AB}.Debug|Mixed Platforms.Build.0 = Debug|Any CPU
		{DF57BE56-958B-4C4D-B82C-6B61297434AB}.Debug|x86.ActiveCfg = Debug|Any CPU
		{DF57BE56-958B-4C4D-B82C-6B61297434AB}.Nightly|Any CPU.ActiveCfg = Nightly|Any CPU
		{DF57BE56-958B-4C4D-B82C-6B61297434AB}.Nightly|Any CPU.Build.0 = Nightly|Any CPU
		{DF57BE56-958B-4C4D-B82C-6B61297434AB}.Nightly|Mixed Platforms.ActiveCfg = Nightly|Any CPU
		{DF57BE56-958B-4C4D-B82C-6B61297434AB}.Nightly|Mixed Platforms.Build.0 = Nightly|Any CPU
		{DF57BE56-958B-4C4D-B82C-6B61297434AB}.Nightly|x86.ActiveCfg = Nightly|Any CPU
		{DF57BE56-958B-4C4D-B82C-6B61297434AB}.Nightly|x86.Build.0 = Nightly|Any CPU
		{DF57BE56-958B-4C4D-B82C-6B61297434AB}.Production|Any CPU.ActiveCfg = Production|Any CPU
		{DF57BE56-958B-4C4D-B82C-6B61297434AB}.Production|Any CPU.Build.0 = Production|Any CPU
		{DF57BE56-958B-4C4D-B82C-6B61297434AB}.Production|Mixed Platforms.ActiveCfg = Production|Any CPU
		{DF57BE56-958B-4C4D-B82C-6B61297434AB}.Production|Mixed Platforms.Build.0 = Production|Any CPU
		{DF57BE56-958B-4C4D-B82C-6B61297434AB}.Production|x86.ActiveCfg = Production|Any CPU
		{DF57BE56-958B-4C4D-B82C-6B61297434AB}.Production|x86.Build.0 = Production|Any CPU
		{DF57BE56-958B-4C4D-B82C-6B61297434AB}.Release|Any CPU.ActiveCfg = Release|Any CPU
		{DF57BE56-958B-4C4D-B82C-6B61297434AB}.Release|Any CPU.Build.0 = Release|Any CPU
		{DF57BE56-958B-4C4D-B82C-6B61297434AB}.Release|Mixed Platforms.ActiveCfg = Release|Any CPU
		{DF57BE56-958B-4C4D-B82C-6B61297434AB}.Release|Mixed Platforms.Build.0 = Release|Any CPU
		{DF57BE56-958B-4C4D-B82C-6B61297434AB}.Release|x86.ActiveCfg = Release|Any CPU
		{9775B4DF-0AC8-4524-BA10-4A43BF9CB61E}.Client Development|Any CPU.ActiveCfg = Client Development|Any CPU
		{9775B4DF-0AC8-4524-BA10-4A43BF9CB61E}.Client Development|Any CPU.Build.0 = Client Development|Any CPU
		{9775B4DF-0AC8-4524-BA10-4A43BF9CB61E}.Client Development|Mixed Platforms.ActiveCfg = Client Development|Any CPU
		{9775B4DF-0AC8-4524-BA10-4A43BF9CB61E}.Client Development|Mixed Platforms.Build.0 = Client Development|Any CPU
		{9775B4DF-0AC8-4524-BA10-4A43BF9CB61E}.Client Development|x86.ActiveCfg = Client Development|Any CPU
		{9775B4DF-0AC8-4524-BA10-4A43BF9CB61E}.Client Development|x86.Build.0 = Client Development|Any CPU
		{9775B4DF-0AC8-4524-BA10-4A43BF9CB61E}.Debug|Any CPU.ActiveCfg = Debug|Any CPU
		{9775B4DF-0AC8-4524-BA10-4A43BF9CB61E}.Debug|Any CPU.Build.0 = Debug|Any CPU
		{9775B4DF-0AC8-4524-BA10-4A43BF9CB61E}.Debug|Mixed Platforms.ActiveCfg = Debug|Any CPU
		{9775B4DF-0AC8-4524-BA10-4A43BF9CB61E}.Debug|Mixed Platforms.Build.0 = Debug|Any CPU
		{9775B4DF-0AC8-4524-BA10-4A43BF9CB61E}.Debug|x86.ActiveCfg = Debug|Any CPU
		{9775B4DF-0AC8-4524-BA10-4A43BF9CB61E}.Nightly|Any CPU.ActiveCfg = Nightly|Any CPU
		{9775B4DF-0AC8-4524-BA10-4A43BF9CB61E}.Nightly|Any CPU.Build.0 = Nightly|Any CPU
		{9775B4DF-0AC8-4524-BA10-4A43BF9CB61E}.Nightly|Mixed Platforms.ActiveCfg = Nightly|Any CPU
		{9775B4DF-0AC8-4524-BA10-4A43BF9CB61E}.Nightly|Mixed Platforms.Build.0 = Nightly|Any CPU
		{9775B4DF-0AC8-4524-BA10-4A43BF9CB61E}.Nightly|x86.ActiveCfg = Nightly|Any CPU
		{9775B4DF-0AC8-4524-BA10-4A43BF9CB61E}.Nightly|x86.Build.0 = Nightly|Any CPU
		{9775B4DF-0AC8-4524-BA10-4A43BF9CB61E}.Production|Any CPU.ActiveCfg = Production|Any CPU
		{9775B4DF-0AC8-4524-BA10-4A43BF9CB61E}.Production|Any CPU.Build.0 = Production|Any CPU
		{9775B4DF-0AC8-4524-BA10-4A43BF9CB61E}.Production|Mixed Platforms.ActiveCfg = Production|Any CPU
		{9775B4DF-0AC8-4524-BA10-4A43BF9CB61E}.Production|Mixed Platforms.Build.0 = Production|Any CPU
		{9775B4DF-0AC8-4524-BA10-4A43BF9CB61E}.Production|x86.ActiveCfg = Production|Any CPU
		{9775B4DF-0AC8-4524-BA10-4A43BF9CB61E}.Production|x86.Build.0 = Production|Any CPU
		{9775B4DF-0AC8-4524-BA10-4A43BF9CB61E}.Release|Any CPU.ActiveCfg = Release|Any CPU
		{9775B4DF-0AC8-4524-BA10-4A43BF9CB61E}.Release|Any CPU.Build.0 = Release|Any CPU
		{9775B4DF-0AC8-4524-BA10-4A43BF9CB61E}.Release|Mixed Platforms.ActiveCfg = Release|Any CPU
		{9775B4DF-0AC8-4524-BA10-4A43BF9CB61E}.Release|Mixed Platforms.Build.0 = Release|Any CPU
		{9775B4DF-0AC8-4524-BA10-4A43BF9CB61E}.Release|x86.ActiveCfg = Release|Any CPU
		{88BBA351-DA2A-4551-AF28-5F1568952F7E}.Client Development|Any CPU.ActiveCfg = Client Development|Any CPU
		{88BBA351-DA2A-4551-AF28-5F1568952F7E}.Client Development|Any CPU.Build.0 = Client Development|Any CPU
		{88BBA351-DA2A-4551-AF28-5F1568952F7E}.Client Development|Mixed Platforms.ActiveCfg = Release|Any CPU
		{88BBA351-DA2A-4551-AF28-5F1568952F7E}.Client Development|Mixed Platforms.Build.0 = Release|Any CPU
		{88BBA351-DA2A-4551-AF28-5F1568952F7E}.Client Development|x86.ActiveCfg = Release|Any CPU
		{88BBA351-DA2A-4551-AF28-5F1568952F7E}.Client Development|x86.Build.0 = Release|Any CPU
		{88BBA351-DA2A-4551-AF28-5F1568952F7E}.Debug|Any CPU.ActiveCfg = Debug|Any CPU
		{88BBA351-DA2A-4551-AF28-5F1568952F7E}.Debug|Any CPU.Build.0 = Debug|Any CPU
		{88BBA351-DA2A-4551-AF28-5F1568952F7E}.Debug|Mixed Platforms.ActiveCfg = Debug|Any CPU
		{88BBA351-DA2A-4551-AF28-5F1568952F7E}.Debug|Mixed Platforms.Build.0 = Debug|Any CPU
		{88BBA351-DA2A-4551-AF28-5F1568952F7E}.Debug|x86.ActiveCfg = Debug|Any CPU
		{88BBA351-DA2A-4551-AF28-5F1568952F7E}.Nightly|Any CPU.ActiveCfg = Nightly|Any CPU
		{88BBA351-DA2A-4551-AF28-5F1568952F7E}.Nightly|Any CPU.Build.0 = Nightly|Any CPU
		{88BBA351-DA2A-4551-AF28-5F1568952F7E}.Nightly|Mixed Platforms.ActiveCfg = Release|Any CPU
		{88BBA351-DA2A-4551-AF28-5F1568952F7E}.Nightly|Mixed Platforms.Build.0 = Release|Any CPU
		{88BBA351-DA2A-4551-AF28-5F1568952F7E}.Nightly|x86.ActiveCfg = Release|Any CPU
		{88BBA351-DA2A-4551-AF28-5F1568952F7E}.Nightly|x86.Build.0 = Release|Any CPU
		{88BBA351-DA2A-4551-AF28-5F1568952F7E}.Production|Any CPU.ActiveCfg = Production|Any CPU
		{88BBA351-DA2A-4551-AF28-5F1568952F7E}.Production|Any CPU.Build.0 = Production|Any CPU
		{88BBA351-DA2A-4551-AF28-5F1568952F7E}.Production|Mixed Platforms.ActiveCfg = Release|Any CPU
		{88BBA351-DA2A-4551-AF28-5F1568952F7E}.Production|Mixed Platforms.Build.0 = Release|Any CPU
		{88BBA351-DA2A-4551-AF28-5F1568952F7E}.Production|x86.ActiveCfg = Release|Any CPU
		{88BBA351-DA2A-4551-AF28-5F1568952F7E}.Production|x86.Build.0 = Release|Any CPU
		{88BBA351-DA2A-4551-AF28-5F1568952F7E}.Release|Any CPU.ActiveCfg = Release|Any CPU
		{88BBA351-DA2A-4551-AF28-5F1568952F7E}.Release|Any CPU.Build.0 = Release|Any CPU
		{88BBA351-DA2A-4551-AF28-5F1568952F7E}.Release|Mixed Platforms.ActiveCfg = Release|Any CPU
		{88BBA351-DA2A-4551-AF28-5F1568952F7E}.Release|Mixed Platforms.Build.0 = Release|Any CPU
		{88BBA351-DA2A-4551-AF28-5F1568952F7E}.Release|x86.ActiveCfg = Release|Any CPU
		{F335D168-DC1D-42A5-BAEB-86945C760F93}.Client Development|Any CPU.ActiveCfg = Client Development|Any CPU
		{F335D168-DC1D-42A5-BAEB-86945C760F93}.Client Development|Any CPU.Build.0 = Client Development|Any CPU
		{F335D168-DC1D-42A5-BAEB-86945C760F93}.Client Development|Mixed Platforms.ActiveCfg = Client Development|Any CPU
		{F335D168-DC1D-42A5-BAEB-86945C760F93}.Client Development|Mixed Platforms.Build.0 = Client Development|Any CPU
		{F335D168-DC1D-42A5-BAEB-86945C760F93}.Client Development|x86.ActiveCfg = Client Development|Any CPU
		{F335D168-DC1D-42A5-BAEB-86945C760F93}.Client Development|x86.Build.0 = Client Development|Any CPU
		{F335D168-DC1D-42A5-BAEB-86945C760F93}.Debug|Any CPU.ActiveCfg = Debug|Any CPU
		{F335D168-DC1D-42A5-BAEB-86945C760F93}.Debug|Any CPU.Build.0 = Debug|Any CPU
		{F335D168-DC1D-42A5-BAEB-86945C760F93}.Debug|Mixed Platforms.ActiveCfg = Debug|Any CPU
		{F335D168-DC1D-42A5-BAEB-86945C760F93}.Debug|Mixed Platforms.Build.0 = Debug|Any CPU
		{F335D168-DC1D-42A5-BAEB-86945C760F93}.Debug|x86.ActiveCfg = Debug|Any CPU
		{F335D168-DC1D-42A5-BAEB-86945C760F93}.Nightly|Any CPU.ActiveCfg = Nightly|Any CPU
		{F335D168-DC1D-42A5-BAEB-86945C760F93}.Nightly|Any CPU.Build.0 = Nightly|Any CPU
		{F335D168-DC1D-42A5-BAEB-86945C760F93}.Nightly|Mixed Platforms.ActiveCfg = Nightly|Any CPU
		{F335D168-DC1D-42A5-BAEB-86945C760F93}.Nightly|Mixed Platforms.Build.0 = Nightly|Any CPU
		{F335D168-DC1D-42A5-BAEB-86945C760F93}.Nightly|x86.ActiveCfg = Nightly|Any CPU
		{F335D168-DC1D-42A5-BAEB-86945C760F93}.Nightly|x86.Build.0 = Nightly|Any CPU
		{F335D168-DC1D-42A5-BAEB-86945C760F93}.Production|Any CPU.ActiveCfg = Production|Any CPU
		{F335D168-DC1D-42A5-BAEB-86945C760F93}.Production|Any CPU.Build.0 = Production|Any CPU
		{F335D168-DC1D-42A5-BAEB-86945C760F93}.Production|Mixed Platforms.ActiveCfg = Production|Any CPU
		{F335D168-DC1D-42A5-BAEB-86945C760F93}.Production|Mixed Platforms.Build.0 = Production|Any CPU
		{F335D168-DC1D-42A5-BAEB-86945C760F93}.Production|x86.ActiveCfg = Production|Any CPU
		{F335D168-DC1D-42A5-BAEB-86945C760F93}.Production|x86.Build.0 = Production|Any CPU
		{F335D168-DC1D-42A5-BAEB-86945C760F93}.Release|Any CPU.ActiveCfg = Release|Any CPU
		{F335D168-DC1D-42A5-BAEB-86945C760F93}.Release|Any CPU.Build.0 = Release|Any CPU
		{F335D168-DC1D-42A5-BAEB-86945C760F93}.Release|Mixed Platforms.ActiveCfg = Release|Any CPU
		{F335D168-DC1D-42A5-BAEB-86945C760F93}.Release|Mixed Platforms.Build.0 = Release|Any CPU
		{F335D168-DC1D-42A5-BAEB-86945C760F93}.Release|x86.ActiveCfg = Release|Any CPU
		{BEAEB4B8-82A6-40AD-B4F3-CC5373334A2A}.Client Development|Any CPU.ActiveCfg = Client Development|Any CPU
		{BEAEB4B8-82A6-40AD-B4F3-CC5373334A2A}.Client Development|Any CPU.Build.0 = Client Development|Any CPU
		{BEAEB4B8-82A6-40AD-B4F3-CC5373334A2A}.Client Development|Mixed Platforms.ActiveCfg = Client Development|Any CPU
		{BEAEB4B8-82A6-40AD-B4F3-CC5373334A2A}.Client Development|Mixed Platforms.Build.0 = Client Development|Any CPU
		{BEAEB4B8-82A6-40AD-B4F3-CC5373334A2A}.Client Development|x86.ActiveCfg = Client Development|Any CPU
		{BEAEB4B8-82A6-40AD-B4F3-CC5373334A2A}.Client Development|x86.Build.0 = Client Development|Any CPU
		{BEAEB4B8-82A6-40AD-B4F3-CC5373334A2A}.Debug|Any CPU.ActiveCfg = Debug|Any CPU
		{BEAEB4B8-82A6-40AD-B4F3-CC5373334A2A}.Debug|Any CPU.Build.0 = Debug|Any CPU
		{BEAEB4B8-82A6-40AD-B4F3-CC5373334A2A}.Debug|Mixed Platforms.ActiveCfg = Debug|Any CPU
		{BEAEB4B8-82A6-40AD-B4F3-CC5373334A2A}.Debug|Mixed Platforms.Build.0 = Debug|Any CPU
		{BEAEB4B8-82A6-40AD-B4F3-CC5373334A2A}.Debug|x86.ActiveCfg = Debug|Any CPU
		{BEAEB4B8-82A6-40AD-B4F3-CC5373334A2A}.Debug|x86.Build.0 = Debug|Any CPU
		{BEAEB4B8-82A6-40AD-B4F3-CC5373334A2A}.Nightly|Any CPU.ActiveCfg = Nightly|Any CPU
		{BEAEB4B8-82A6-40AD-B4F3-CC5373334A2A}.Nightly|Any CPU.Build.0 = Nightly|Any CPU
		{BEAEB4B8-82A6-40AD-B4F3-CC5373334A2A}.Nightly|Mixed Platforms.ActiveCfg = Nightly|Any CPU
		{BEAEB4B8-82A6-40AD-B4F3-CC5373334A2A}.Nightly|Mixed Platforms.Build.0 = Nightly|Any CPU
		{BEAEB4B8-82A6-40AD-B4F3-CC5373334A2A}.Nightly|x86.ActiveCfg = Nightly|Any CPU
		{BEAEB4B8-82A6-40AD-B4F3-CC5373334A2A}.Nightly|x86.Build.0 = Nightly|Any CPU
		{BEAEB4B8-82A6-40AD-B4F3-CC5373334A2A}.Production|Any CPU.ActiveCfg = Production|Any CPU
		{BEAEB4B8-82A6-40AD-B4F3-CC5373334A2A}.Production|Any CPU.Build.0 = Production|Any CPU
		{BEAEB4B8-82A6-40AD-B4F3-CC5373334A2A}.Production|Mixed Platforms.ActiveCfg = Production|Any CPU
		{BEAEB4B8-82A6-40AD-B4F3-CC5373334A2A}.Production|Mixed Platforms.Build.0 = Production|Any CPU
		{BEAEB4B8-82A6-40AD-B4F3-CC5373334A2A}.Production|x86.ActiveCfg = Production|Any CPU
		{BEAEB4B8-82A6-40AD-B4F3-CC5373334A2A}.Production|x86.Build.0 = Production|Any CPU
		{BEAEB4B8-82A6-40AD-B4F3-CC5373334A2A}.Release|Any CPU.ActiveCfg = Release|Any CPU
		{BEAEB4B8-82A6-40AD-B4F3-CC5373334A2A}.Release|Any CPU.Build.0 = Release|Any CPU
		{BEAEB4B8-82A6-40AD-B4F3-CC5373334A2A}.Release|Mixed Platforms.ActiveCfg = Release|Any CPU
		{BEAEB4B8-82A6-40AD-B4F3-CC5373334A2A}.Release|Mixed Platforms.Build.0 = Release|Any CPU
		{BEAEB4B8-82A6-40AD-B4F3-CC5373334A2A}.Release|x86.ActiveCfg = Release|Any CPU
		{BEAEB4B8-82A6-40AD-B4F3-CC5373334A2A}.Release|x86.Build.0 = Release|Any CPU
		{FBBF73AD-BB82-42E9-B2C8-917EDADE61B8}.Client Development|Any CPU.ActiveCfg = Client Development|Any CPU
		{FBBF73AD-BB82-42E9-B2C8-917EDADE61B8}.Client Development|Any CPU.Build.0 = Client Development|Any CPU
		{FBBF73AD-BB82-42E9-B2C8-917EDADE61B8}.Client Development|Any CPU.Deploy.0 = Client Development|Any CPU
		{FBBF73AD-BB82-42E9-B2C8-917EDADE61B8}.Client Development|Mixed Platforms.ActiveCfg = Client Development|Any CPU
		{FBBF73AD-BB82-42E9-B2C8-917EDADE61B8}.Client Development|Mixed Platforms.Build.0 = Client Development|Any CPU
		{FBBF73AD-BB82-42E9-B2C8-917EDADE61B8}.Client Development|Mixed Platforms.Deploy.0 = Client Development|Any CPU
		{FBBF73AD-BB82-42E9-B2C8-917EDADE61B8}.Client Development|x86.ActiveCfg = Client Development|Any CPU
		{FBBF73AD-BB82-42E9-B2C8-917EDADE61B8}.Client Development|x86.Build.0 = Client Development|Any CPU
		{FBBF73AD-BB82-42E9-B2C8-917EDADE61B8}.Client Development|x86.Deploy.0 = Client Development|Any CPU
		{FBBF73AD-BB82-42E9-B2C8-917EDADE61B8}.Debug|Any CPU.ActiveCfg = Debug|Any CPU
		{FBBF73AD-BB82-42E9-B2C8-917EDADE61B8}.Debug|Any CPU.Build.0 = Debug|Any CPU
		{FBBF73AD-BB82-42E9-B2C8-917EDADE61B8}.Debug|Any CPU.Deploy.0 = Debug|Any CPU
		{FBBF73AD-BB82-42E9-B2C8-917EDADE61B8}.Debug|Mixed Platforms.ActiveCfg = Debug|Any CPU
		{FBBF73AD-BB82-42E9-B2C8-917EDADE61B8}.Debug|Mixed Platforms.Build.0 = Debug|Any CPU
		{FBBF73AD-BB82-42E9-B2C8-917EDADE61B8}.Debug|Mixed Platforms.Deploy.0 = Debug|Any CPU
		{FBBF73AD-BB82-42E9-B2C8-917EDADE61B8}.Debug|x86.ActiveCfg = Debug|Any CPU
		{FBBF73AD-BB82-42E9-B2C8-917EDADE61B8}.Debug|x86.Build.0 = Debug|Any CPU
		{FBBF73AD-BB82-42E9-B2C8-917EDADE61B8}.Debug|x86.Deploy.0 = Debug|Any CPU
		{FBBF73AD-BB82-42E9-B2C8-917EDADE61B8}.Nightly|Any CPU.ActiveCfg = Nightly|Any CPU
		{FBBF73AD-BB82-42E9-B2C8-917EDADE61B8}.Nightly|Any CPU.Build.0 = Nightly|Any CPU
		{FBBF73AD-BB82-42E9-B2C8-917EDADE61B8}.Nightly|Any CPU.Deploy.0 = Nightly|Any CPU
		{FBBF73AD-BB82-42E9-B2C8-917EDADE61B8}.Nightly|Mixed Platforms.ActiveCfg = Nightly|Any CPU
		{FBBF73AD-BB82-42E9-B2C8-917EDADE61B8}.Nightly|Mixed Platforms.Build.0 = Nightly|Any CPU
		{FBBF73AD-BB82-42E9-B2C8-917EDADE61B8}.Nightly|Mixed Platforms.Deploy.0 = Nightly|Any CPU
		{FBBF73AD-BB82-42E9-B2C8-917EDADE61B8}.Nightly|x86.ActiveCfg = Nightly|Any CPU
		{FBBF73AD-BB82-42E9-B2C8-917EDADE61B8}.Nightly|x86.Build.0 = Nightly|Any CPU
		{FBBF73AD-BB82-42E9-B2C8-917EDADE61B8}.Nightly|x86.Deploy.0 = Nightly|Any CPU
		{FBBF73AD-BB82-42E9-B2C8-917EDADE61B8}.Production|Any CPU.ActiveCfg = Production|Any CPU
		{FBBF73AD-BB82-42E9-B2C8-917EDADE61B8}.Production|Any CPU.Build.0 = Production|Any CPU
		{FBBF73AD-BB82-42E9-B2C8-917EDADE61B8}.Production|Any CPU.Deploy.0 = Production|Any CPU
		{FBBF73AD-BB82-42E9-B2C8-917EDADE61B8}.Production|Mixed Platforms.ActiveCfg = Production|Any CPU
		{FBBF73AD-BB82-42E9-B2C8-917EDADE61B8}.Production|Mixed Platforms.Build.0 = Production|Any CPU
		{FBBF73AD-BB82-42E9-B2C8-917EDADE61B8}.Production|Mixed Platforms.Deploy.0 = Production|Any CPU
		{FBBF73AD-BB82-42E9-B2C8-917EDADE61B8}.Production|x86.ActiveCfg = Production|Any CPU
		{FBBF73AD-BB82-42E9-B2C8-917EDADE61B8}.Production|x86.Build.0 = Production|Any CPU
		{FBBF73AD-BB82-42E9-B2C8-917EDADE61B8}.Production|x86.Deploy.0 = Production|Any CPU
		{FBBF73AD-BB82-42E9-B2C8-917EDADE61B8}.Release|Any CPU.ActiveCfg = Release|Any CPU
		{FBBF73AD-BB82-42E9-B2C8-917EDADE61B8}.Release|Any CPU.Build.0 = Release|Any CPU
		{FBBF73AD-BB82-42E9-B2C8-917EDADE61B8}.Release|Any CPU.Deploy.0 = Release|Any CPU
		{FBBF73AD-BB82-42E9-B2C8-917EDADE61B8}.Release|Mixed Platforms.ActiveCfg = Release|Any CPU
		{FBBF73AD-BB82-42E9-B2C8-917EDADE61B8}.Release|Mixed Platforms.Build.0 = Release|Any CPU
		{FBBF73AD-BB82-42E9-B2C8-917EDADE61B8}.Release|Mixed Platforms.Deploy.0 = Release|Any CPU
		{FBBF73AD-BB82-42E9-B2C8-917EDADE61B8}.Release|x86.ActiveCfg = Release|Any CPU
		{FBBF73AD-BB82-42E9-B2C8-917EDADE61B8}.Release|x86.Build.0 = Release|Any CPU
		{FBBF73AD-BB82-42E9-B2C8-917EDADE61B8}.Release|x86.Deploy.0 = Release|Any CPU
		{52ECE463-AC2D-4EA5-B16B-8CC8BF2ED18A}.Client Development|Any CPU.ActiveCfg = Client Development|Any CPU
		{52ECE463-AC2D-4EA5-B16B-8CC8BF2ED18A}.Client Development|Any CPU.Build.0 = Client Development|Any CPU
		{52ECE463-AC2D-4EA5-B16B-8CC8BF2ED18A}.Client Development|Any CPU.Deploy.0 = Client Development|Any CPU
		{52ECE463-AC2D-4EA5-B16B-8CC8BF2ED18A}.Client Development|Mixed Platforms.ActiveCfg = Client Development|Any CPU
		{52ECE463-AC2D-4EA5-B16B-8CC8BF2ED18A}.Client Development|Mixed Platforms.Build.0 = Client Development|Any CPU
		{52ECE463-AC2D-4EA5-B16B-8CC8BF2ED18A}.Client Development|Mixed Platforms.Deploy.0 = Client Development|Any CPU
		{52ECE463-AC2D-4EA5-B16B-8CC8BF2ED18A}.Client Development|x86.ActiveCfg = Client Development|Any CPU
		{52ECE463-AC2D-4EA5-B16B-8CC8BF2ED18A}.Client Development|x86.Build.0 = Client Development|Any CPU
		{52ECE463-AC2D-4EA5-B16B-8CC8BF2ED18A}.Client Development|x86.Deploy.0 = Client Development|Any CPU
		{52ECE463-AC2D-4EA5-B16B-8CC8BF2ED18A}.Debug|Any CPU.ActiveCfg = Debug|Any CPU
		{52ECE463-AC2D-4EA5-B16B-8CC8BF2ED18A}.Debug|Any CPU.Build.0 = Debug|Any CPU
		{52ECE463-AC2D-4EA5-B16B-8CC8BF2ED18A}.Debug|Any CPU.Deploy.0 = Debug|Any CPU
		{52ECE463-AC2D-4EA5-B16B-8CC8BF2ED18A}.Debug|Mixed Platforms.ActiveCfg = Debug|Any CPU
		{52ECE463-AC2D-4EA5-B16B-8CC8BF2ED18A}.Debug|Mixed Platforms.Build.0 = Debug|Any CPU
		{52ECE463-AC2D-4EA5-B16B-8CC8BF2ED18A}.Debug|Mixed Platforms.Deploy.0 = Debug|Any CPU
		{52ECE463-AC2D-4EA5-B16B-8CC8BF2ED18A}.Debug|x86.ActiveCfg = Debug|Any CPU
		{52ECE463-AC2D-4EA5-B16B-8CC8BF2ED18A}.Debug|x86.Build.0 = Debug|Any CPU
		{52ECE463-AC2D-4EA5-B16B-8CC8BF2ED18A}.Debug|x86.Deploy.0 = Debug|Any CPU
		{52ECE463-AC2D-4EA5-B16B-8CC8BF2ED18A}.Nightly|Any CPU.ActiveCfg = Nightly|Any CPU
		{52ECE463-AC2D-4EA5-B16B-8CC8BF2ED18A}.Nightly|Any CPU.Build.0 = Nightly|Any CPU
		{52ECE463-AC2D-4EA5-B16B-8CC8BF2ED18A}.Nightly|Any CPU.Deploy.0 = Nightly|Any CPU
		{52ECE463-AC2D-4EA5-B16B-8CC8BF2ED18A}.Nightly|Mixed Platforms.ActiveCfg = Nightly|Any CPU
		{52ECE463-AC2D-4EA5-B16B-8CC8BF2ED18A}.Nightly|Mixed Platforms.Build.0 = Nightly|Any CPU
		{52ECE463-AC2D-4EA5-B16B-8CC8BF2ED18A}.Nightly|Mixed Platforms.Deploy.0 = Nightly|Any CPU
		{52ECE463-AC2D-4EA5-B16B-8CC8BF2ED18A}.Nightly|x86.ActiveCfg = Nightly|Any CPU
		{52ECE463-AC2D-4EA5-B16B-8CC8BF2ED18A}.Nightly|x86.Build.0 = Nightly|Any CPU
		{52ECE463-AC2D-4EA5-B16B-8CC8BF2ED18A}.Nightly|x86.Deploy.0 = Nightly|Any CPU
		{52ECE463-AC2D-4EA5-B16B-8CC8BF2ED18A}.Production|Any CPU.ActiveCfg = Production|Any CPU
		{52ECE463-AC2D-4EA5-B16B-8CC8BF2ED18A}.Production|Any CPU.Build.0 = Production|Any CPU
		{52ECE463-AC2D-4EA5-B16B-8CC8BF2ED18A}.Production|Any CPU.Deploy.0 = Production|Any CPU
		{52ECE463-AC2D-4EA5-B16B-8CC8BF2ED18A}.Production|Mixed Platforms.ActiveCfg = Production|Any CPU
		{52ECE463-AC2D-4EA5-B16B-8CC8BF2ED18A}.Production|Mixed Platforms.Build.0 = Production|Any CPU
		{52ECE463-AC2D-4EA5-B16B-8CC8BF2ED18A}.Production|Mixed Platforms.Deploy.0 = Production|Any CPU
		{52ECE463-AC2D-4EA5-B16B-8CC8BF2ED18A}.Production|x86.ActiveCfg = Production|Any CPU
		{52ECE463-AC2D-4EA5-B16B-8CC8BF2ED18A}.Production|x86.Build.0 = Production|Any CPU
		{52ECE463-AC2D-4EA5-B16B-8CC8BF2ED18A}.Production|x86.Deploy.0 = Production|Any CPU
		{52ECE463-AC2D-4EA5-B16B-8CC8BF2ED18A}.Release|Any CPU.ActiveCfg = Release|Any CPU
		{52ECE463-AC2D-4EA5-B16B-8CC8BF2ED18A}.Release|Any CPU.Build.0 = Release|Any CPU
		{52ECE463-AC2D-4EA5-B16B-8CC8BF2ED18A}.Release|Any CPU.Deploy.0 = Release|Any CPU
		{52ECE463-AC2D-4EA5-B16B-8CC8BF2ED18A}.Release|Mixed Platforms.ActiveCfg = Release|Any CPU
		{52ECE463-AC2D-4EA5-B16B-8CC8BF2ED18A}.Release|Mixed Platforms.Build.0 = Release|Any CPU
		{52ECE463-AC2D-4EA5-B16B-8CC8BF2ED18A}.Release|Mixed Platforms.Deploy.0 = Release|Any CPU
		{52ECE463-AC2D-4EA5-B16B-8CC8BF2ED18A}.Release|x86.ActiveCfg = Release|Any CPU
		{52ECE463-AC2D-4EA5-B16B-8CC8BF2ED18A}.Release|x86.Build.0 = Release|Any CPU
		{52ECE463-AC2D-4EA5-B16B-8CC8BF2ED18A}.Release|x86.Deploy.0 = Release|Any CPU
		{8F2DCC2D-4967-4B82-A664-F894ED6FB3C6}.Client Development|Any CPU.ActiveCfg = Release|Any CPU
		{8F2DCC2D-4967-4B82-A664-F894ED6FB3C6}.Client Development|Any CPU.Build.0 = Release|Any CPU
		{8F2DCC2D-4967-4B82-A664-F894ED6FB3C6}.Client Development|Mixed Platforms.ActiveCfg = Release|Any CPU
		{8F2DCC2D-4967-4B82-A664-F894ED6FB3C6}.Client Development|Mixed Platforms.Build.0 = Release|Any CPU
		{8F2DCC2D-4967-4B82-A664-F894ED6FB3C6}.Client Development|x86.ActiveCfg = Release|Any CPU
		{8F2DCC2D-4967-4B82-A664-F894ED6FB3C6}.Client Development|x86.Build.0 = Release|Any CPU
		{8F2DCC2D-4967-4B82-A664-F894ED6FB3C6}.Debug|Any CPU.ActiveCfg = Debug|Any CPU
		{8F2DCC2D-4967-4B82-A664-F894ED6FB3C6}.Debug|Any CPU.Build.0 = Debug|Any CPU
		{8F2DCC2D-4967-4B82-A664-F894ED6FB3C6}.Debug|Mixed Platforms.ActiveCfg = Debug|Any CPU
		{8F2DCC2D-4967-4B82-A664-F894ED6FB3C6}.Debug|Mixed Platforms.Build.0 = Debug|Any CPU
		{8F2DCC2D-4967-4B82-A664-F894ED6FB3C6}.Debug|x86.ActiveCfg = Debug|Any CPU
		{8F2DCC2D-4967-4B82-A664-F894ED6FB3C6}.Debug|x86.Build.0 = Debug|Any CPU
		{8F2DCC2D-4967-4B82-A664-F894ED6FB3C6}.Nightly|Any CPU.ActiveCfg = Release|Any CPU
		{8F2DCC2D-4967-4B82-A664-F894ED6FB3C6}.Nightly|Any CPU.Build.0 = Release|Any CPU
		{8F2DCC2D-4967-4B82-A664-F894ED6FB3C6}.Nightly|Mixed Platforms.ActiveCfg = Release|Any CPU
		{8F2DCC2D-4967-4B82-A664-F894ED6FB3C6}.Nightly|Mixed Platforms.Build.0 = Release|Any CPU
		{8F2DCC2D-4967-4B82-A664-F894ED6FB3C6}.Nightly|x86.ActiveCfg = Release|Any CPU
		{8F2DCC2D-4967-4B82-A664-F894ED6FB3C6}.Nightly|x86.Build.0 = Release|Any CPU
		{8F2DCC2D-4967-4B82-A664-F894ED6FB3C6}.Production|Any CPU.ActiveCfg = Release|Any CPU
		{8F2DCC2D-4967-4B82-A664-F894ED6FB3C6}.Production|Any CPU.Build.0 = Release|Any CPU
		{8F2DCC2D-4967-4B82-A664-F894ED6FB3C6}.Production|Mixed Platforms.ActiveCfg = Release|Any CPU
		{8F2DCC2D-4967-4B82-A664-F894ED6FB3C6}.Production|Mixed Platforms.Build.0 = Release|Any CPU
		{8F2DCC2D-4967-4B82-A664-F894ED6FB3C6}.Production|x86.ActiveCfg = Release|Any CPU
		{8F2DCC2D-4967-4B82-A664-F894ED6FB3C6}.Production|x86.Build.0 = Release|Any CPU
		{8F2DCC2D-4967-4B82-A664-F894ED6FB3C6}.Release|Any CPU.ActiveCfg = Release|Any CPU
		{8F2DCC2D-4967-4B82-A664-F894ED6FB3C6}.Release|Any CPU.Build.0 = Release|Any CPU
		{8F2DCC2D-4967-4B82-A664-F894ED6FB3C6}.Release|Mixed Platforms.ActiveCfg = Release|Any CPU
		{8F2DCC2D-4967-4B82-A664-F894ED6FB3C6}.Release|Mixed Platforms.Build.0 = Release|Any CPU
		{8F2DCC2D-4967-4B82-A664-F894ED6FB3C6}.Release|x86.ActiveCfg = Release|Any CPU
		{8F2DCC2D-4967-4B82-A664-F894ED6FB3C6}.Release|x86.Build.0 = Release|Any CPU
		{BF0A517D-0F1A-46FF-97B6-7EC390312D39}.Client Development|Any CPU.ActiveCfg = Debug|Any CPU
		{BF0A517D-0F1A-46FF-97B6-7EC390312D39}.Client Development|Any CPU.Build.0 = Debug|Any CPU
		{BF0A517D-0F1A-46FF-97B6-7EC390312D39}.Client Development|Mixed Platforms.ActiveCfg = Debug|Any CPU
		{BF0A517D-0F1A-46FF-97B6-7EC390312D39}.Client Development|Mixed Platforms.Build.0 = Debug|Any CPU
		{BF0A517D-0F1A-46FF-97B6-7EC390312D39}.Client Development|x86.ActiveCfg = Debug|Any CPU
		{BF0A517D-0F1A-46FF-97B6-7EC390312D39}.Client Development|x86.Build.0 = Debug|Any CPU
		{BF0A517D-0F1A-46FF-97B6-7EC390312D39}.Debug|Any CPU.ActiveCfg = Debug|Any CPU
		{BF0A517D-0F1A-46FF-97B6-7EC390312D39}.Debug|Any CPU.Build.0 = Debug|Any CPU
		{BF0A517D-0F1A-46FF-97B6-7EC390312D39}.Debug|Mixed Platforms.ActiveCfg = Debug|Any CPU
		{BF0A517D-0F1A-46FF-97B6-7EC390312D39}.Debug|Mixed Platforms.Build.0 = Debug|Any CPU
		{BF0A517D-0F1A-46FF-97B6-7EC390312D39}.Debug|x86.ActiveCfg = Debug|Any CPU
		{BF0A517D-0F1A-46FF-97B6-7EC390312D39}.Debug|x86.Build.0 = Debug|Any CPU
		{BF0A517D-0F1A-46FF-97B6-7EC390312D39}.Nightly|Any CPU.ActiveCfg = Debug|Any CPU
		{BF0A517D-0F1A-46FF-97B6-7EC390312D39}.Nightly|Any CPU.Build.0 = Debug|Any CPU
		{BF0A517D-0F1A-46FF-97B6-7EC390312D39}.Nightly|Mixed Platforms.ActiveCfg = Debug|Any CPU
		{BF0A517D-0F1A-46FF-97B6-7EC390312D39}.Nightly|Mixed Platforms.Build.0 = Debug|Any CPU
		{BF0A517D-0F1A-46FF-97B6-7EC390312D39}.Nightly|x86.ActiveCfg = Debug|Any CPU
		{BF0A517D-0F1A-46FF-97B6-7EC390312D39}.Nightly|x86.Build.0 = Debug|Any CPU
		{BF0A517D-0F1A-46FF-97B6-7EC390312D39}.Production|Any CPU.ActiveCfg = Debug|Any CPU
		{BF0A517D-0F1A-46FF-97B6-7EC390312D39}.Production|Any CPU.Build.0 = Debug|Any CPU
		{BF0A517D-0F1A-46FF-97B6-7EC390312D39}.Production|Mixed Platforms.ActiveCfg = Debug|Any CPU
		{BF0A517D-0F1A-46FF-97B6-7EC390312D39}.Production|Mixed Platforms.Build.0 = Debug|Any CPU
		{BF0A517D-0F1A-46FF-97B6-7EC390312D39}.Production|x86.ActiveCfg = Debug|Any CPU
		{BF0A517D-0F1A-46FF-97B6-7EC390312D39}.Production|x86.Build.0 = Debug|Any CPU
		{BF0A517D-0F1A-46FF-97B6-7EC390312D39}.Release|Any CPU.ActiveCfg = Release|Any CPU
		{BF0A517D-0F1A-46FF-97B6-7EC390312D39}.Release|Any CPU.Build.0 = Release|Any CPU
		{BF0A517D-0F1A-46FF-97B6-7EC390312D39}.Release|Mixed Platforms.ActiveCfg = Release|Any CPU
		{BF0A517D-0F1A-46FF-97B6-7EC390312D39}.Release|Mixed Platforms.Build.0 = Release|Any CPU
		{BF0A517D-0F1A-46FF-97B6-7EC390312D39}.Release|x86.ActiveCfg = Release|Any CPU
		{BF0A517D-0F1A-46FF-97B6-7EC390312D39}.Release|x86.Build.0 = Release|Any CPU
		{C5C261C3-224F-4A4E-9DBD-7373835DF25B}.Client Development|Any CPU.ActiveCfg = Release|Any CPU
		{C5C261C3-224F-4A4E-9DBD-7373835DF25B}.Client Development|Any CPU.Build.0 = Release|Any CPU
		{C5C261C3-224F-4A4E-9DBD-7373835DF25B}.Client Development|Mixed Platforms.ActiveCfg = Release|Any CPU
		{C5C261C3-224F-4A4E-9DBD-7373835DF25B}.Client Development|Mixed Platforms.Build.0 = Release|Any CPU
		{C5C261C3-224F-4A4E-9DBD-7373835DF25B}.Client Development|x86.ActiveCfg = Release|Any CPU
		{C5C261C3-224F-4A4E-9DBD-7373835DF25B}.Client Development|x86.Build.0 = Release|Any CPU
		{C5C261C3-224F-4A4E-9DBD-7373835DF25B}.Debug|Any CPU.ActiveCfg = Debug|Any CPU
		{C5C261C3-224F-4A4E-9DBD-7373835DF25B}.Debug|Any CPU.Build.0 = Debug|Any CPU
		{C5C261C3-224F-4A4E-9DBD-7373835DF25B}.Debug|Mixed Platforms.ActiveCfg = Debug|Any CPU
		{C5C261C3-224F-4A4E-9DBD-7373835DF25B}.Debug|Mixed Platforms.Build.0 = Debug|Any CPU
		{C5C261C3-224F-4A4E-9DBD-7373835DF25B}.Debug|x86.ActiveCfg = Debug|Any CPU
		{C5C261C3-224F-4A4E-9DBD-7373835DF25B}.Debug|x86.Build.0 = Debug|Any CPU
		{C5C261C3-224F-4A4E-9DBD-7373835DF25B}.Nightly|Any CPU.ActiveCfg = Release|Any CPU
		{C5C261C3-224F-4A4E-9DBD-7373835DF25B}.Nightly|Any CPU.Build.0 = Release|Any CPU
		{C5C261C3-224F-4A4E-9DBD-7373835DF25B}.Nightly|Mixed Platforms.ActiveCfg = Release|Any CPU
		{C5C261C3-224F-4A4E-9DBD-7373835DF25B}.Nightly|Mixed Platforms.Build.0 = Release|Any CPU
		{C5C261C3-224F-4A4E-9DBD-7373835DF25B}.Nightly|x86.ActiveCfg = Release|Any CPU
		{C5C261C3-224F-4A4E-9DBD-7373835DF25B}.Nightly|x86.Build.0 = Release|Any CPU
		{C5C261C3-224F-4A4E-9DBD-7373835DF25B}.Production|Any CPU.ActiveCfg = Release|Any CPU
		{C5C261C3-224F-4A4E-9DBD-7373835DF25B}.Production|Any CPU.Build.0 = Release|Any CPU
		{C5C261C3-224F-4A4E-9DBD-7373835DF25B}.Production|Mixed Platforms.ActiveCfg = Release|Any CPU
		{C5C261C3-224F-4A4E-9DBD-7373835DF25B}.Production|Mixed Platforms.Build.0 = Release|Any CPU
		{C5C261C3-224F-4A4E-9DBD-7373835DF25B}.Production|x86.ActiveCfg = Release|Any CPU
		{C5C261C3-224F-4A4E-9DBD-7373835DF25B}.Production|x86.Build.0 = Release|Any CPU
		{C5C261C3-224F-4A4E-9DBD-7373835DF25B}.Release|Any CPU.ActiveCfg = Release|Any CPU
		{C5C261C3-224F-4A4E-9DBD-7373835DF25B}.Release|Any CPU.Build.0 = Release|Any CPU
		{C5C261C3-224F-4A4E-9DBD-7373835DF25B}.Release|Mixed Platforms.ActiveCfg = Release|Any CPU
		{C5C261C3-224F-4A4E-9DBD-7373835DF25B}.Release|Mixed Platforms.Build.0 = Release|Any CPU
		{C5C261C3-224F-4A4E-9DBD-7373835DF25B}.Release|x86.ActiveCfg = Release|Any CPU
		{C5C261C3-224F-4A4E-9DBD-7373835DF25B}.Release|x86.Build.0 = Release|Any CPU
		{51A0C4C7-85FA-49CB-8684-9B5372D41707}.Client Development|Any CPU.ActiveCfg = Debug|Any CPU
		{51A0C4C7-85FA-49CB-8684-9B5372D41707}.Client Development|Any CPU.Build.0 = Debug|Any CPU
		{51A0C4C7-85FA-49CB-8684-9B5372D41707}.Client Development|Mixed Platforms.ActiveCfg = Debug|Any CPU
		{51A0C4C7-85FA-49CB-8684-9B5372D41707}.Client Development|Mixed Platforms.Build.0 = Debug|Any CPU
		{51A0C4C7-85FA-49CB-8684-9B5372D41707}.Client Development|x86.ActiveCfg = Debug|Any CPU
		{51A0C4C7-85FA-49CB-8684-9B5372D41707}.Client Development|x86.Build.0 = Debug|Any CPU
		{51A0C4C7-85FA-49CB-8684-9B5372D41707}.Debug|Any CPU.ActiveCfg = Debug|Any CPU
		{51A0C4C7-85FA-49CB-8684-9B5372D41707}.Debug|Any CPU.Build.0 = Debug|Any CPU
		{51A0C4C7-85FA-49CB-8684-9B5372D41707}.Debug|Mixed Platforms.ActiveCfg = Debug|Any CPU
		{51A0C4C7-85FA-49CB-8684-9B5372D41707}.Debug|Mixed Platforms.Build.0 = Debug|Any CPU
		{51A0C4C7-85FA-49CB-8684-9B5372D41707}.Debug|x86.ActiveCfg = Debug|Any CPU
		{51A0C4C7-85FA-49CB-8684-9B5372D41707}.Debug|x86.Build.0 = Debug|Any CPU
		{51A0C4C7-85FA-49CB-8684-9B5372D41707}.Nightly|Any CPU.ActiveCfg = Debug|Any CPU
		{51A0C4C7-85FA-49CB-8684-9B5372D41707}.Nightly|Any CPU.Build.0 = Debug|Any CPU
		{51A0C4C7-85FA-49CB-8684-9B5372D41707}.Nightly|Mixed Platforms.ActiveCfg = Debug|Any CPU
		{51A0C4C7-85FA-49CB-8684-9B5372D41707}.Nightly|Mixed Platforms.Build.0 = Debug|Any CPU
		{51A0C4C7-85FA-49CB-8684-9B5372D41707}.Nightly|x86.ActiveCfg = Debug|Any CPU
		{51A0C4C7-85FA-49CB-8684-9B5372D41707}.Nightly|x86.Build.0 = Debug|Any CPU
		{51A0C4C7-85FA-49CB-8684-9B5372D41707}.Production|Any CPU.ActiveCfg = Debug|Any CPU
		{51A0C4C7-85FA-49CB-8684-9B5372D41707}.Production|Any CPU.Build.0 = Debug|Any CPU
		{51A0C4C7-85FA-49CB-8684-9B5372D41707}.Production|Mixed Platforms.ActiveCfg = Debug|Any CPU
		{51A0C4C7-85FA-49CB-8684-9B5372D41707}.Production|Mixed Platforms.Build.0 = Debug|Any CPU
		{51A0C4C7-85FA-49CB-8684-9B5372D41707}.Production|x86.ActiveCfg = Debug|Any CPU
		{51A0C4C7-85FA-49CB-8684-9B5372D41707}.Production|x86.Build.0 = Debug|Any CPU
		{51A0C4C7-85FA-49CB-8684-9B5372D41707}.Release|Any CPU.ActiveCfg = Release|Any CPU
		{51A0C4C7-85FA-49CB-8684-9B5372D41707}.Release|Any CPU.Build.0 = Release|Any CPU
		{51A0C4C7-85FA-49CB-8684-9B5372D41707}.Release|Mixed Platforms.ActiveCfg = Release|Any CPU
		{51A0C4C7-85FA-49CB-8684-9B5372D41707}.Release|Mixed Platforms.Build.0 = Release|Any CPU
		{51A0C4C7-85FA-49CB-8684-9B5372D41707}.Release|x86.ActiveCfg = Release|Any CPU
		{51A0C4C7-85FA-49CB-8684-9B5372D41707}.Release|x86.Build.0 = Release|Any CPU
		{A9613E4D-628D-4A4F-B000-F95966266875}.Client Development|Any CPU.ActiveCfg = Debug|Any CPU
		{A9613E4D-628D-4A4F-B000-F95966266875}.Client Development|Any CPU.Build.0 = Debug|Any CPU
		{A9613E4D-628D-4A4F-B000-F95966266875}.Client Development|Mixed Platforms.ActiveCfg = Debug|Any CPU
		{A9613E4D-628D-4A4F-B000-F95966266875}.Client Development|Mixed Platforms.Build.0 = Debug|Any CPU
		{A9613E4D-628D-4A4F-B000-F95966266875}.Client Development|x86.ActiveCfg = Debug|Any CPU
		{A9613E4D-628D-4A4F-B000-F95966266875}.Client Development|x86.Build.0 = Debug|Any CPU
		{A9613E4D-628D-4A4F-B000-F95966266875}.Debug|Any CPU.ActiveCfg = Debug|Any CPU
		{A9613E4D-628D-4A4F-B000-F95966266875}.Debug|Any CPU.Build.0 = Debug|Any CPU
		{A9613E4D-628D-4A4F-B000-F95966266875}.Debug|Mixed Platforms.ActiveCfg = Debug|Any CPU
		{A9613E4D-628D-4A4F-B000-F95966266875}.Debug|Mixed Platforms.Build.0 = Debug|Any CPU
		{A9613E4D-628D-4A4F-B000-F95966266875}.Debug|x86.ActiveCfg = Debug|Any CPU
		{A9613E4D-628D-4A4F-B000-F95966266875}.Debug|x86.Build.0 = Debug|Any CPU
		{A9613E4D-628D-4A4F-B000-F95966266875}.Nightly|Any CPU.ActiveCfg = Debug|Any CPU
		{A9613E4D-628D-4A4F-B000-F95966266875}.Nightly|Any CPU.Build.0 = Debug|Any CPU
		{A9613E4D-628D-4A4F-B000-F95966266875}.Nightly|Mixed Platforms.ActiveCfg = Debug|Any CPU
		{A9613E4D-628D-4A4F-B000-F95966266875}.Nightly|Mixed Platforms.Build.0 = Debug|Any CPU
		{A9613E4D-628D-4A4F-B000-F95966266875}.Nightly|x86.ActiveCfg = Debug|Any CPU
		{A9613E4D-628D-4A4F-B000-F95966266875}.Nightly|x86.Build.0 = Debug|Any CPU
		{A9613E4D-628D-4A4F-B000-F95966266875}.Production|Any CPU.ActiveCfg = Debug|Any CPU
		{A9613E4D-628D-4A4F-B000-F95966266875}.Production|Any CPU.Build.0 = Debug|Any CPU
		{A9613E4D-628D-4A4F-B000-F95966266875}.Production|Mixed Platforms.ActiveCfg = Debug|Any CPU
		{A9613E4D-628D-4A4F-B000-F95966266875}.Production|Mixed Platforms.Build.0 = Debug|Any CPU
		{A9613E4D-628D-4A4F-B000-F95966266875}.Production|x86.ActiveCfg = Debug|Any CPU
		{A9613E4D-628D-4A4F-B000-F95966266875}.Production|x86.Build.0 = Debug|Any CPU
		{A9613E4D-628D-4A4F-B000-F95966266875}.Release|Any CPU.ActiveCfg = Release|Any CPU
		{A9613E4D-628D-4A4F-B000-F95966266875}.Release|Any CPU.Build.0 = Release|Any CPU
		{A9613E4D-628D-4A4F-B000-F95966266875}.Release|Mixed Platforms.ActiveCfg = Release|Any CPU
		{A9613E4D-628D-4A4F-B000-F95966266875}.Release|Mixed Platforms.Build.0 = Release|Any CPU
		{A9613E4D-628D-4A4F-B000-F95966266875}.Release|x86.ActiveCfg = Release|Any CPU
		{A9613E4D-628D-4A4F-B000-F95966266875}.Release|x86.Build.0 = Release|Any CPU
		{2F31BDB2-37AB-4ECA-89B8-80EF6D3FA76E}.Client Development|Any CPU.ActiveCfg = Debug|Any CPU
		{2F31BDB2-37AB-4ECA-89B8-80EF6D3FA76E}.Client Development|Any CPU.Build.0 = Debug|Any CPU
		{2F31BDB2-37AB-4ECA-89B8-80EF6D3FA76E}.Client Development|Mixed Platforms.ActiveCfg = Debug|Any CPU
		{2F31BDB2-37AB-4ECA-89B8-80EF6D3FA76E}.Client Development|Mixed Platforms.Build.0 = Debug|Any CPU
		{2F31BDB2-37AB-4ECA-89B8-80EF6D3FA76E}.Client Development|x86.ActiveCfg = Debug|Any CPU
		{2F31BDB2-37AB-4ECA-89B8-80EF6D3FA76E}.Client Development|x86.Build.0 = Debug|Any CPU
		{2F31BDB2-37AB-4ECA-89B8-80EF6D3FA76E}.Debug|Any CPU.ActiveCfg = Debug|Any CPU
		{2F31BDB2-37AB-4ECA-89B8-80EF6D3FA76E}.Debug|Any CPU.Build.0 = Debug|Any CPU
		{2F31BDB2-37AB-4ECA-89B8-80EF6D3FA76E}.Debug|Mixed Platforms.ActiveCfg = Debug|Any CPU
		{2F31BDB2-37AB-4ECA-89B8-80EF6D3FA76E}.Debug|Mixed Platforms.Build.0 = Debug|Any CPU
		{2F31BDB2-37AB-4ECA-89B8-80EF6D3FA76E}.Debug|x86.ActiveCfg = Debug|Any CPU
		{2F31BDB2-37AB-4ECA-89B8-80EF6D3FA76E}.Debug|x86.Build.0 = Debug|Any CPU
		{2F31BDB2-37AB-4ECA-89B8-80EF6D3FA76E}.Nightly|Any CPU.ActiveCfg = Debug|Any CPU
		{2F31BDB2-37AB-4ECA-89B8-80EF6D3FA76E}.Nightly|Any CPU.Build.0 = Debug|Any CPU
		{2F31BDB2-37AB-4ECA-89B8-80EF6D3FA76E}.Nightly|Mixed Platforms.ActiveCfg = Debug|Any CPU
		{2F31BDB2-37AB-4ECA-89B8-80EF6D3FA76E}.Nightly|Mixed Platforms.Build.0 = Debug|Any CPU
		{2F31BDB2-37AB-4ECA-89B8-80EF6D3FA76E}.Nightly|x86.ActiveCfg = Debug|Any CPU
		{2F31BDB2-37AB-4ECA-89B8-80EF6D3FA76E}.Nightly|x86.Build.0 = Debug|Any CPU
		{2F31BDB2-37AB-4ECA-89B8-80EF6D3FA76E}.Production|Any CPU.ActiveCfg = Debug|Any CPU
		{2F31BDB2-37AB-4ECA-89B8-80EF6D3FA76E}.Production|Any CPU.Build.0 = Debug|Any CPU
		{2F31BDB2-37AB-4ECA-89B8-80EF6D3FA76E}.Production|Mixed Platforms.ActiveCfg = Debug|Any CPU
		{2F31BDB2-37AB-4ECA-89B8-80EF6D3FA76E}.Production|Mixed Platforms.Build.0 = Debug|Any CPU
		{2F31BDB2-37AB-4ECA-89B8-80EF6D3FA76E}.Production|x86.ActiveCfg = Debug|Any CPU
		{2F31BDB2-37AB-4ECA-89B8-80EF6D3FA76E}.Production|x86.Build.0 = Debug|Any CPU
		{2F31BDB2-37AB-4ECA-89B8-80EF6D3FA76E}.Release|Any CPU.ActiveCfg = Release|Any CPU
		{2F31BDB2-37AB-4ECA-89B8-80EF6D3FA76E}.Release|Any CPU.Build.0 = Release|Any CPU
		{2F31BDB2-37AB-4ECA-89B8-80EF6D3FA76E}.Release|Mixed Platforms.ActiveCfg = Release|Any CPU
		{2F31BDB2-37AB-4ECA-89B8-80EF6D3FA76E}.Release|Mixed Platforms.Build.0 = Release|Any CPU
		{2F31BDB2-37AB-4ECA-89B8-80EF6D3FA76E}.Release|x86.ActiveCfg = Release|Any CPU
		{2F31BDB2-37AB-4ECA-89B8-80EF6D3FA76E}.Release|x86.Build.0 = Release|Any CPU
		{F11ED55C-187A-483A-B5F2-5B8326EB1090}.Client Development|Any CPU.ActiveCfg = Debug|Any CPU
		{F11ED55C-187A-483A-B5F2-5B8326EB1090}.Client Development|Any CPU.Build.0 = Debug|Any CPU
		{F11ED55C-187A-483A-B5F2-5B8326EB1090}.Client Development|Mixed Platforms.ActiveCfg = Debug|Any CPU
		{F11ED55C-187A-483A-B5F2-5B8326EB1090}.Client Development|Mixed Platforms.Build.0 = Debug|Any CPU
		{F11ED55C-187A-483A-B5F2-5B8326EB1090}.Client Development|x86.ActiveCfg = Debug|Any CPU
		{F11ED55C-187A-483A-B5F2-5B8326EB1090}.Client Development|x86.Build.0 = Debug|Any CPU
		{F11ED55C-187A-483A-B5F2-5B8326EB1090}.Debug|Any CPU.ActiveCfg = Debug|Any CPU
		{F11ED55C-187A-483A-B5F2-5B8326EB1090}.Debug|Any CPU.Build.0 = Debug|Any CPU
		{F11ED55C-187A-483A-B5F2-5B8326EB1090}.Debug|Mixed Platforms.ActiveCfg = Debug|Any CPU
		{F11ED55C-187A-483A-B5F2-5B8326EB1090}.Debug|Mixed Platforms.Build.0 = Debug|Any CPU
		{F11ED55C-187A-483A-B5F2-5B8326EB1090}.Debug|x86.ActiveCfg = Debug|Any CPU
		{F11ED55C-187A-483A-B5F2-5B8326EB1090}.Debug|x86.Build.0 = Debug|Any CPU
		{F11ED55C-187A-483A-B5F2-5B8326EB1090}.Nightly|Any CPU.ActiveCfg = Debug|Any CPU
		{F11ED55C-187A-483A-B5F2-5B8326EB1090}.Nightly|Any CPU.Build.0 = Debug|Any CPU
		{F11ED55C-187A-483A-B5F2-5B8326EB1090}.Nightly|Mixed Platforms.ActiveCfg = Debug|Any CPU
		{F11ED55C-187A-483A-B5F2-5B8326EB1090}.Nightly|Mixed Platforms.Build.0 = Debug|Any CPU
		{F11ED55C-187A-483A-B5F2-5B8326EB1090}.Nightly|x86.ActiveCfg = Debug|Any CPU
		{F11ED55C-187A-483A-B5F2-5B8326EB1090}.Nightly|x86.Build.0 = Debug|Any CPU
		{F11ED55C-187A-483A-B5F2-5B8326EB1090}.Production|Any CPU.ActiveCfg = Debug|Any CPU
		{F11ED55C-187A-483A-B5F2-5B8326EB1090}.Production|Any CPU.Build.0 = Debug|Any CPU
		{F11ED55C-187A-483A-B5F2-5B8326EB1090}.Production|Mixed Platforms.ActiveCfg = Debug|Any CPU
		{F11ED55C-187A-483A-B5F2-5B8326EB1090}.Production|Mixed Platforms.Build.0 = Debug|Any CPU
		{F11ED55C-187A-483A-B5F2-5B8326EB1090}.Production|x86.ActiveCfg = Debug|Any CPU
		{F11ED55C-187A-483A-B5F2-5B8326EB1090}.Production|x86.Build.0 = Debug|Any CPU
		{F11ED55C-187A-483A-B5F2-5B8326EB1090}.Release|Any CPU.ActiveCfg = Release|Any CPU
		{F11ED55C-187A-483A-B5F2-5B8326EB1090}.Release|Any CPU.Build.0 = Release|Any CPU
		{F11ED55C-187A-483A-B5F2-5B8326EB1090}.Release|Mixed Platforms.ActiveCfg = Release|Any CPU
		{F11ED55C-187A-483A-B5F2-5B8326EB1090}.Release|Mixed Platforms.Build.0 = Release|Any CPU
		{F11ED55C-187A-483A-B5F2-5B8326EB1090}.Release|x86.ActiveCfg = Release|Any CPU
		{F11ED55C-187A-483A-B5F2-5B8326EB1090}.Release|x86.Build.0 = Release|Any CPU
		{97F8BCEA-133C-4D47-88DF-7C8BE85A91F7}.Client Development|Any CPU.ActiveCfg = Debug|Any CPU
		{97F8BCEA-133C-4D47-88DF-7C8BE85A91F7}.Client Development|Any CPU.Build.0 = Debug|Any CPU
		{97F8BCEA-133C-4D47-88DF-7C8BE85A91F7}.Client Development|Mixed Platforms.ActiveCfg = Debug|Any CPU
		{97F8BCEA-133C-4D47-88DF-7C8BE85A91F7}.Client Development|Mixed Platforms.Build.0 = Debug|Any CPU
		{97F8BCEA-133C-4D47-88DF-7C8BE85A91F7}.Client Development|x86.ActiveCfg = Debug|Any CPU
		{97F8BCEA-133C-4D47-88DF-7C8BE85A91F7}.Client Development|x86.Build.0 = Debug|Any CPU
		{97F8BCEA-133C-4D47-88DF-7C8BE85A91F7}.Debug|Any CPU.ActiveCfg = Debug|Any CPU
		{97F8BCEA-133C-4D47-88DF-7C8BE85A91F7}.Debug|Any CPU.Build.0 = Debug|Any CPU
		{97F8BCEA-133C-4D47-88DF-7C8BE85A91F7}.Debug|Mixed Platforms.ActiveCfg = Debug|Any CPU
		{97F8BCEA-133C-4D47-88DF-7C8BE85A91F7}.Debug|Mixed Platforms.Build.0 = Debug|Any CPU
		{97F8BCEA-133C-4D47-88DF-7C8BE85A91F7}.Debug|x86.ActiveCfg = Debug|Any CPU
		{97F8BCEA-133C-4D47-88DF-7C8BE85A91F7}.Debug|x86.Build.0 = Debug|Any CPU
		{97F8BCEA-133C-4D47-88DF-7C8BE85A91F7}.Nightly|Any CPU.ActiveCfg = Debug|Any CPU
		{97F8BCEA-133C-4D47-88DF-7C8BE85A91F7}.Nightly|Any CPU.Build.0 = Debug|Any CPU
		{97F8BCEA-133C-4D47-88DF-7C8BE85A91F7}.Nightly|Mixed Platforms.ActiveCfg = Debug|Any CPU
		{97F8BCEA-133C-4D47-88DF-7C8BE85A91F7}.Nightly|Mixed Platforms.Build.0 = Debug|Any CPU
		{97F8BCEA-133C-4D47-88DF-7C8BE85A91F7}.Nightly|x86.ActiveCfg = Debug|Any CPU
		{97F8BCEA-133C-4D47-88DF-7C8BE85A91F7}.Nightly|x86.Build.0 = Debug|Any CPU
		{97F8BCEA-133C-4D47-88DF-7C8BE85A91F7}.Production|Any CPU.ActiveCfg = Debug|Any CPU
		{97F8BCEA-133C-4D47-88DF-7C8BE85A91F7}.Production|Any CPU.Build.0 = Debug|Any CPU
		{97F8BCEA-133C-4D47-88DF-7C8BE85A91F7}.Production|Mixed Platforms.ActiveCfg = Debug|Any CPU
		{97F8BCEA-133C-4D47-88DF-7C8BE85A91F7}.Production|Mixed Platforms.Build.0 = Debug|Any CPU
		{97F8BCEA-133C-4D47-88DF-7C8BE85A91F7}.Production|x86.ActiveCfg = Debug|Any CPU
		{97F8BCEA-133C-4D47-88DF-7C8BE85A91F7}.Production|x86.Build.0 = Debug|Any CPU
		{97F8BCEA-133C-4D47-88DF-7C8BE85A91F7}.Release|Any CPU.ActiveCfg = Release|Any CPU
		{97F8BCEA-133C-4D47-88DF-7C8BE85A91F7}.Release|Any CPU.Build.0 = Release|Any CPU
		{97F8BCEA-133C-4D47-88DF-7C8BE85A91F7}.Release|Mixed Platforms.ActiveCfg = Release|Any CPU
		{97F8BCEA-133C-4D47-88DF-7C8BE85A91F7}.Release|Mixed Platforms.Build.0 = Release|Any CPU
		{97F8BCEA-133C-4D47-88DF-7C8BE85A91F7}.Release|x86.ActiveCfg = Release|Any CPU
		{97F8BCEA-133C-4D47-88DF-7C8BE85A91F7}.Release|x86.Build.0 = Release|Any CPU
		{7EDF4F03-AF06-432E-928F-4BBFD006EA34}.Client Development|Any CPU.ActiveCfg = Debug|Any CPU
		{7EDF4F03-AF06-432E-928F-4BBFD006EA34}.Client Development|Any CPU.Build.0 = Debug|Any CPU
		{7EDF4F03-AF06-432E-928F-4BBFD006EA34}.Client Development|Mixed Platforms.ActiveCfg = Debug|Any CPU
		{7EDF4F03-AF06-432E-928F-4BBFD006EA34}.Client Development|Mixed Platforms.Build.0 = Debug|Any CPU
		{7EDF4F03-AF06-432E-928F-4BBFD006EA34}.Client Development|x86.ActiveCfg = Debug|Any CPU
		{7EDF4F03-AF06-432E-928F-4BBFD006EA34}.Client Development|x86.Build.0 = Debug|Any CPU
		{7EDF4F03-AF06-432E-928F-4BBFD006EA34}.Debug|Any CPU.ActiveCfg = Debug|Any CPU
		{7EDF4F03-AF06-432E-928F-4BBFD006EA34}.Debug|Any CPU.Build.0 = Debug|Any CPU
		{7EDF4F03-AF06-432E-928F-4BBFD006EA34}.Debug|Mixed Platforms.ActiveCfg = Debug|Any CPU
		{7EDF4F03-AF06-432E-928F-4BBFD006EA34}.Debug|Mixed Platforms.Build.0 = Debug|Any CPU
		{7EDF4F03-AF06-432E-928F-4BBFD006EA34}.Debug|x86.ActiveCfg = Debug|Any CPU
		{7EDF4F03-AF06-432E-928F-4BBFD006EA34}.Debug|x86.Build.0 = Debug|Any CPU
		{7EDF4F03-AF06-432E-928F-4BBFD006EA34}.Nightly|Any CPU.ActiveCfg = Debug|Any CPU
		{7EDF4F03-AF06-432E-928F-4BBFD006EA34}.Nightly|Any CPU.Build.0 = Debug|Any CPU
		{7EDF4F03-AF06-432E-928F-4BBFD006EA34}.Nightly|Mixed Platforms.ActiveCfg = Debug|Any CPU
		{7EDF4F03-AF06-432E-928F-4BBFD006EA34}.Nightly|Mixed Platforms.Build.0 = Debug|Any CPU
		{7EDF4F03-AF06-432E-928F-4BBFD006EA34}.Nightly|x86.ActiveCfg = Debug|Any CPU
		{7EDF4F03-AF06-432E-928F-4BBFD006EA34}.Nightly|x86.Build.0 = Debug|Any CPU
		{7EDF4F03-AF06-432E-928F-4BBFD006EA34}.Production|Any CPU.ActiveCfg = Debug|Any CPU
		{7EDF4F03-AF06-432E-928F-4BBFD006EA34}.Production|Any CPU.Build.0 = Debug|Any CPU
		{7EDF4F03-AF06-432E-928F-4BBFD006EA34}.Production|Mixed Platforms.ActiveCfg = Debug|Any CPU
		{7EDF4F03-AF06-432E-928F-4BBFD006EA34}.Production|Mixed Platforms.Build.0 = Debug|Any CPU
		{7EDF4F03-AF06-432E-928F-4BBFD006EA34}.Production|x86.ActiveCfg = Debug|Any CPU
		{7EDF4F03-AF06-432E-928F-4BBFD006EA34}.Production|x86.Build.0 = Debug|Any CPU
		{7EDF4F03-AF06-432E-928F-4BBFD006EA34}.Release|Any CPU.ActiveCfg = Release|Any CPU
		{7EDF4F03-AF06-432E-928F-4BBFD006EA34}.Release|Any CPU.Build.0 = Release|Any CPU
		{7EDF4F03-AF06-432E-928F-4BBFD006EA34}.Release|Mixed Platforms.ActiveCfg = Release|Any CPU
		{7EDF4F03-AF06-432E-928F-4BBFD006EA34}.Release|Mixed Platforms.Build.0 = Release|Any CPU
		{7EDF4F03-AF06-432E-928F-4BBFD006EA34}.Release|x86.ActiveCfg = Release|Any CPU
		{7EDF4F03-AF06-432E-928F-4BBFD006EA34}.Release|x86.Build.0 = Release|Any CPU
		{A9EFA097-3E19-4743-A1B9-DE441FA8C3B5}.Client Development|Any CPU.ActiveCfg = Debug|Any CPU
		{A9EFA097-3E19-4743-A1B9-DE441FA8C3B5}.Client Development|Any CPU.Build.0 = Debug|Any CPU
		{A9EFA097-3E19-4743-A1B9-DE441FA8C3B5}.Client Development|Mixed Platforms.ActiveCfg = Debug|Any CPU
		{A9EFA097-3E19-4743-A1B9-DE441FA8C3B5}.Client Development|Mixed Platforms.Build.0 = Debug|Any CPU
		{A9EFA097-3E19-4743-A1B9-DE441FA8C3B5}.Client Development|x86.ActiveCfg = Debug|Any CPU
		{A9EFA097-3E19-4743-A1B9-DE441FA8C3B5}.Client Development|x86.Build.0 = Debug|Any CPU
		{A9EFA097-3E19-4743-A1B9-DE441FA8C3B5}.Debug|Any CPU.ActiveCfg = Debug|Any CPU
		{A9EFA097-3E19-4743-A1B9-DE441FA8C3B5}.Debug|Any CPU.Build.0 = Debug|Any CPU
		{A9EFA097-3E19-4743-A1B9-DE441FA8C3B5}.Debug|Mixed Platforms.ActiveCfg = Debug|Any CPU
		{A9EFA097-3E19-4743-A1B9-DE441FA8C3B5}.Debug|Mixed Platforms.Build.0 = Debug|Any CPU
		{A9EFA097-3E19-4743-A1B9-DE441FA8C3B5}.Debug|x86.ActiveCfg = Debug|Any CPU
		{A9EFA097-3E19-4743-A1B9-DE441FA8C3B5}.Debug|x86.Build.0 = Debug|Any CPU
		{A9EFA097-3E19-4743-A1B9-DE441FA8C3B5}.Nightly|Any CPU.ActiveCfg = Debug|Any CPU
		{A9EFA097-3E19-4743-A1B9-DE441FA8C3B5}.Nightly|Any CPU.Build.0 = Debug|Any CPU
		{A9EFA097-3E19-4743-A1B9-DE441FA8C3B5}.Nightly|Mixed Platforms.ActiveCfg = Debug|Any CPU
		{A9EFA097-3E19-4743-A1B9-DE441FA8C3B5}.Nightly|Mixed Platforms.Build.0 = Debug|Any CPU
		{A9EFA097-3E19-4743-A1B9-DE441FA8C3B5}.Nightly|x86.ActiveCfg = Debug|Any CPU
		{A9EFA097-3E19-4743-A1B9-DE441FA8C3B5}.Nightly|x86.Build.0 = Debug|Any CPU
		{A9EFA097-3E19-4743-A1B9-DE441FA8C3B5}.Production|Any CPU.ActiveCfg = Debug|Any CPU
		{A9EFA097-3E19-4743-A1B9-DE441FA8C3B5}.Production|Any CPU.Build.0 = Debug|Any CPU
		{A9EFA097-3E19-4743-A1B9-DE441FA8C3B5}.Production|Mixed Platforms.ActiveCfg = Debug|Any CPU
		{A9EFA097-3E19-4743-A1B9-DE441FA8C3B5}.Production|Mixed Platforms.Build.0 = Debug|Any CPU
		{A9EFA097-3E19-4743-A1B9-DE441FA8C3B5}.Production|x86.ActiveCfg = Debug|Any CPU
		{A9EFA097-3E19-4743-A1B9-DE441FA8C3B5}.Production|x86.Build.0 = Debug|Any CPU
		{A9EFA097-3E19-4743-A1B9-DE441FA8C3B5}.Release|Any CPU.ActiveCfg = Release|Any CPU
		{A9EFA097-3E19-4743-A1B9-DE441FA8C3B5}.Release|Any CPU.Build.0 = Release|Any CPU
		{A9EFA097-3E19-4743-A1B9-DE441FA8C3B5}.Release|Mixed Platforms.ActiveCfg = Release|Any CPU
		{A9EFA097-3E19-4743-A1B9-DE441FA8C3B5}.Release|Mixed Platforms.Build.0 = Release|Any CPU
		{A9EFA097-3E19-4743-A1B9-DE441FA8C3B5}.Release|x86.ActiveCfg = Release|Any CPU
		{A9EFA097-3E19-4743-A1B9-DE441FA8C3B5}.Release|x86.Build.0 = Release|Any CPU
		{9C2AB453-0921-4600-BDCD-4B3AEC3E9395}.Client Development|Any CPU.ActiveCfg = Debug|Any CPU
		{9C2AB453-0921-4600-BDCD-4B3AEC3E9395}.Client Development|Any CPU.Build.0 = Debug|Any CPU
		{9C2AB453-0921-4600-BDCD-4B3AEC3E9395}.Client Development|Mixed Platforms.ActiveCfg = Debug|Any CPU
		{9C2AB453-0921-4600-BDCD-4B3AEC3E9395}.Client Development|Mixed Platforms.Build.0 = Debug|Any CPU
		{9C2AB453-0921-4600-BDCD-4B3AEC3E9395}.Client Development|x86.ActiveCfg = Debug|Any CPU
		{9C2AB453-0921-4600-BDCD-4B3AEC3E9395}.Client Development|x86.Build.0 = Debug|Any CPU
		{9C2AB453-0921-4600-BDCD-4B3AEC3E9395}.Debug|Any CPU.ActiveCfg = Debug|Any CPU
		{9C2AB453-0921-4600-BDCD-4B3AEC3E9395}.Debug|Any CPU.Build.0 = Debug|Any CPU
		{9C2AB453-0921-4600-BDCD-4B3AEC3E9395}.Debug|Mixed Platforms.ActiveCfg = Debug|Any CPU
		{9C2AB453-0921-4600-BDCD-4B3AEC3E9395}.Debug|Mixed Platforms.Build.0 = Debug|Any CPU
		{9C2AB453-0921-4600-BDCD-4B3AEC3E9395}.Debug|x86.ActiveCfg = Debug|Any CPU
		{9C2AB453-0921-4600-BDCD-4B3AEC3E9395}.Debug|x86.Build.0 = Debug|Any CPU
		{9C2AB453-0921-4600-BDCD-4B3AEC3E9395}.Nightly|Any CPU.ActiveCfg = Debug|Any CPU
		{9C2AB453-0921-4600-BDCD-4B3AEC3E9395}.Nightly|Any CPU.Build.0 = Debug|Any CPU
		{9C2AB453-0921-4600-BDCD-4B3AEC3E9395}.Nightly|Mixed Platforms.ActiveCfg = Debug|Any CPU
		{9C2AB453-0921-4600-BDCD-4B3AEC3E9395}.Nightly|Mixed Platforms.Build.0 = Debug|Any CPU
		{9C2AB453-0921-4600-BDCD-4B3AEC3E9395}.Nightly|x86.ActiveCfg = Debug|Any CPU
		{9C2AB453-0921-4600-BDCD-4B3AEC3E9395}.Nightly|x86.Build.0 = Debug|Any CPU
		{9C2AB453-0921-4600-BDCD-4B3AEC3E9395}.Production|Any CPU.ActiveCfg = Debug|Any CPU
		{9C2AB453-0921-4600-BDCD-4B3AEC3E9395}.Production|Any CPU.Build.0 = Debug|Any CPU
		{9C2AB453-0921-4600-BDCD-4B3AEC3E9395}.Production|Mixed Platforms.ActiveCfg = Debug|Any CPU
		{9C2AB453-0921-4600-BDCD-4B3AEC3E9395}.Production|Mixed Platforms.Build.0 = Debug|Any CPU
		{9C2AB453-0921-4600-BDCD-4B3AEC3E9395}.Production|x86.ActiveCfg = Debug|Any CPU
		{9C2AB453-0921-4600-BDCD-4B3AEC3E9395}.Production|x86.Build.0 = Debug|Any CPU
		{9C2AB453-0921-4600-BDCD-4B3AEC3E9395}.Release|Any CPU.ActiveCfg = Release|Any CPU
		{9C2AB453-0921-4600-BDCD-4B3AEC3E9395}.Release|Any CPU.Build.0 = Release|Any CPU
		{9C2AB453-0921-4600-BDCD-4B3AEC3E9395}.Release|Mixed Platforms.ActiveCfg = Release|Any CPU
		{9C2AB453-0921-4600-BDCD-4B3AEC3E9395}.Release|Mixed Platforms.Build.0 = Release|Any CPU
		{9C2AB453-0921-4600-BDCD-4B3AEC3E9395}.Release|x86.ActiveCfg = Release|Any CPU
		{9C2AB453-0921-4600-BDCD-4B3AEC3E9395}.Release|x86.Build.0 = Release|Any CPU
		{1E3F3E1A-D412-40C2-A02B-6FB36C59A8F8}.Client Development|Any CPU.ActiveCfg = Debug|Any CPU
		{1E3F3E1A-D412-40C2-A02B-6FB36C59A8F8}.Client Development|Any CPU.Build.0 = Debug|Any CPU
		{1E3F3E1A-D412-40C2-A02B-6FB36C59A8F8}.Client Development|Mixed Platforms.ActiveCfg = Debug|Any CPU
		{1E3F3E1A-D412-40C2-A02B-6FB36C59A8F8}.Client Development|Mixed Platforms.Build.0 = Debug|Any CPU
		{1E3F3E1A-D412-40C2-A02B-6FB36C59A8F8}.Client Development|x86.ActiveCfg = Debug|Any CPU
		{1E3F3E1A-D412-40C2-A02B-6FB36C59A8F8}.Client Development|x86.Build.0 = Debug|Any CPU
		{1E3F3E1A-D412-40C2-A02B-6FB36C59A8F8}.Debug|Any CPU.ActiveCfg = Debug|Any CPU
		{1E3F3E1A-D412-40C2-A02B-6FB36C59A8F8}.Debug|Any CPU.Build.0 = Debug|Any CPU
		{1E3F3E1A-D412-40C2-A02B-6FB36C59A8F8}.Debug|Mixed Platforms.ActiveCfg = Debug|Any CPU
		{1E3F3E1A-D412-40C2-A02B-6FB36C59A8F8}.Debug|Mixed Platforms.Build.0 = Debug|Any CPU
		{1E3F3E1A-D412-40C2-A02B-6FB36C59A8F8}.Debug|x86.ActiveCfg = Debug|Any CPU
		{1E3F3E1A-D412-40C2-A02B-6FB36C59A8F8}.Debug|x86.Build.0 = Debug|Any CPU
		{1E3F3E1A-D412-40C2-A02B-6FB36C59A8F8}.Nightly|Any CPU.ActiveCfg = Debug|Any CPU
		{1E3F3E1A-D412-40C2-A02B-6FB36C59A8F8}.Nightly|Any CPU.Build.0 = Debug|Any CPU
		{1E3F3E1A-D412-40C2-A02B-6FB36C59A8F8}.Nightly|Mixed Platforms.ActiveCfg = Debug|Any CPU
		{1E3F3E1A-D412-40C2-A02B-6FB36C59A8F8}.Nightly|Mixed Platforms.Build.0 = Debug|Any CPU
		{1E3F3E1A-D412-40C2-A02B-6FB36C59A8F8}.Nightly|x86.ActiveCfg = Debug|Any CPU
		{1E3F3E1A-D412-40C2-A02B-6FB36C59A8F8}.Nightly|x86.Build.0 = Debug|Any CPU
		{1E3F3E1A-D412-40C2-A02B-6FB36C59A8F8}.Production|Any CPU.ActiveCfg = Debug|Any CPU
		{1E3F3E1A-D412-40C2-A02B-6FB36C59A8F8}.Production|Any CPU.Build.0 = Debug|Any CPU
		{1E3F3E1A-D412-40C2-A02B-6FB36C59A8F8}.Production|Mixed Platforms.ActiveCfg = Debug|Any CPU
		{1E3F3E1A-D412-40C2-A02B-6FB36C59A8F8}.Production|Mixed Platforms.Build.0 = Debug|Any CPU
		{1E3F3E1A-D412-40C2-A02B-6FB36C59A8F8}.Production|x86.ActiveCfg = Debug|Any CPU
		{1E3F3E1A-D412-40C2-A02B-6FB36C59A8F8}.Production|x86.Build.0 = Debug|Any CPU
		{1E3F3E1A-D412-40C2-A02B-6FB36C59A8F8}.Release|Any CPU.ActiveCfg = Release|Any CPU
		{1E3F3E1A-D412-40C2-A02B-6FB36C59A8F8}.Release|Any CPU.Build.0 = Release|Any CPU
		{1E3F3E1A-D412-40C2-A02B-6FB36C59A8F8}.Release|Mixed Platforms.ActiveCfg = Release|Any CPU
		{1E3F3E1A-D412-40C2-A02B-6FB36C59A8F8}.Release|Mixed Platforms.Build.0 = Release|Any CPU
		{1E3F3E1A-D412-40C2-A02B-6FB36C59A8F8}.Release|x86.ActiveCfg = Release|Any CPU
		{1E3F3E1A-D412-40C2-A02B-6FB36C59A8F8}.Release|x86.Build.0 = Release|Any CPU
		{FAD32C09-CB83-4FCB-904A-C7152C35A29F}.Client Development|Any CPU.ActiveCfg = Debug|Any CPU
		{FAD32C09-CB83-4FCB-904A-C7152C35A29F}.Client Development|Any CPU.Build.0 = Debug|Any CPU
		{FAD32C09-CB83-4FCB-904A-C7152C35A29F}.Client Development|Mixed Platforms.ActiveCfg = Debug|Any CPU
		{FAD32C09-CB83-4FCB-904A-C7152C35A29F}.Client Development|Mixed Platforms.Build.0 = Debug|Any CPU
		{FAD32C09-CB83-4FCB-904A-C7152C35A29F}.Client Development|x86.ActiveCfg = Debug|Any CPU
		{FAD32C09-CB83-4FCB-904A-C7152C35A29F}.Client Development|x86.Build.0 = Debug|Any CPU
		{FAD32C09-CB83-4FCB-904A-C7152C35A29F}.Debug|Any CPU.ActiveCfg = Debug|Any CPU
		{FAD32C09-CB83-4FCB-904A-C7152C35A29F}.Debug|Any CPU.Build.0 = Debug|Any CPU
		{FAD32C09-CB83-4FCB-904A-C7152C35A29F}.Debug|Mixed Platforms.ActiveCfg = Debug|Any CPU
		{FAD32C09-CB83-4FCB-904A-C7152C35A29F}.Debug|Mixed Platforms.Build.0 = Debug|Any CPU
		{FAD32C09-CB83-4FCB-904A-C7152C35A29F}.Debug|x86.ActiveCfg = Debug|Any CPU
		{FAD32C09-CB83-4FCB-904A-C7152C35A29F}.Debug|x86.Build.0 = Debug|Any CPU
		{FAD32C09-CB83-4FCB-904A-C7152C35A29F}.Nightly|Any CPU.ActiveCfg = Debug|Any CPU
		{FAD32C09-CB83-4FCB-904A-C7152C35A29F}.Nightly|Any CPU.Build.0 = Debug|Any CPU
		{FAD32C09-CB83-4FCB-904A-C7152C35A29F}.Nightly|Mixed Platforms.ActiveCfg = Debug|Any CPU
		{FAD32C09-CB83-4FCB-904A-C7152C35A29F}.Nightly|Mixed Platforms.Build.0 = Debug|Any CPU
		{FAD32C09-CB83-4FCB-904A-C7152C35A29F}.Nightly|x86.ActiveCfg = Debug|Any CPU
		{FAD32C09-CB83-4FCB-904A-C7152C35A29F}.Nightly|x86.Build.0 = Debug|Any CPU
		{FAD32C09-CB83-4FCB-904A-C7152C35A29F}.Production|Any CPU.ActiveCfg = Debug|Any CPU
		{FAD32C09-CB83-4FCB-904A-C7152C35A29F}.Production|Any CPU.Build.0 = Debug|Any CPU
		{FAD32C09-CB83-4FCB-904A-C7152C35A29F}.Production|Mixed Platforms.ActiveCfg = Debug|Any CPU
		{FAD32C09-CB83-4FCB-904A-C7152C35A29F}.Production|Mixed Platforms.Build.0 = Debug|Any CPU
		{FAD32C09-CB83-4FCB-904A-C7152C35A29F}.Production|x86.ActiveCfg = Debug|Any CPU
		{FAD32C09-CB83-4FCB-904A-C7152C35A29F}.Production|x86.Build.0 = Debug|Any CPU
		{FAD32C09-CB83-4FCB-904A-C7152C35A29F}.Release|Any CPU.ActiveCfg = Release|Any CPU
		{FAD32C09-CB83-4FCB-904A-C7152C35A29F}.Release|Any CPU.Build.0 = Release|Any CPU
		{FAD32C09-CB83-4FCB-904A-C7152C35A29F}.Release|Mixed Platforms.ActiveCfg = Release|Any CPU
		{FAD32C09-CB83-4FCB-904A-C7152C35A29F}.Release|Mixed Platforms.Build.0 = Release|Any CPU
		{FAD32C09-CB83-4FCB-904A-C7152C35A29F}.Release|x86.ActiveCfg = Release|Any CPU
		{FAD32C09-CB83-4FCB-904A-C7152C35A29F}.Release|x86.Build.0 = Release|Any CPU
		{368BA21A-7C7A-4904-9A5C-4B857672FC09}.Client Development|Any CPU.ActiveCfg = Debug|Any CPU
		{368BA21A-7C7A-4904-9A5C-4B857672FC09}.Client Development|Any CPU.Build.0 = Debug|Any CPU
		{368BA21A-7C7A-4904-9A5C-4B857672FC09}.Client Development|Mixed Platforms.ActiveCfg = Debug|Any CPU
		{368BA21A-7C7A-4904-9A5C-4B857672FC09}.Client Development|Mixed Platforms.Build.0 = Debug|Any CPU
		{368BA21A-7C7A-4904-9A5C-4B857672FC09}.Client Development|x86.ActiveCfg = Debug|Any CPU
		{368BA21A-7C7A-4904-9A5C-4B857672FC09}.Client Development|x86.Build.0 = Debug|Any CPU
		{368BA21A-7C7A-4904-9A5C-4B857672FC09}.Debug|Any CPU.ActiveCfg = Debug|Any CPU
		{368BA21A-7C7A-4904-9A5C-4B857672FC09}.Debug|Any CPU.Build.0 = Debug|Any CPU
		{368BA21A-7C7A-4904-9A5C-4B857672FC09}.Debug|Mixed Platforms.ActiveCfg = Debug|Any CPU
		{368BA21A-7C7A-4904-9A5C-4B857672FC09}.Debug|Mixed Platforms.Build.0 = Debug|Any CPU
		{368BA21A-7C7A-4904-9A5C-4B857672FC09}.Debug|x86.ActiveCfg = Debug|Any CPU
		{368BA21A-7C7A-4904-9A5C-4B857672FC09}.Debug|x86.Build.0 = Debug|Any CPU
		{368BA21A-7C7A-4904-9A5C-4B857672FC09}.Nightly|Any CPU.ActiveCfg = Debug|Any CPU
		{368BA21A-7C7A-4904-9A5C-4B857672FC09}.Nightly|Any CPU.Build.0 = Debug|Any CPU
		{368BA21A-7C7A-4904-9A5C-4B857672FC09}.Nightly|Mixed Platforms.ActiveCfg = Debug|Any CPU
		{368BA21A-7C7A-4904-9A5C-4B857672FC09}.Nightly|Mixed Platforms.Build.0 = Debug|Any CPU
		{368BA21A-7C7A-4904-9A5C-4B857672FC09}.Nightly|x86.ActiveCfg = Debug|Any CPU
		{368BA21A-7C7A-4904-9A5C-4B857672FC09}.Nightly|x86.Build.0 = Debug|Any CPU
		{368BA21A-7C7A-4904-9A5C-4B857672FC09}.Production|Any CPU.ActiveCfg = Debug|Any CPU
		{368BA21A-7C7A-4904-9A5C-4B857672FC09}.Production|Any CPU.Build.0 = Debug|Any CPU
		{368BA21A-7C7A-4904-9A5C-4B857672FC09}.Production|Mixed Platforms.ActiveCfg = Debug|Any CPU
		{368BA21A-7C7A-4904-9A5C-4B857672FC09}.Production|Mixed Platforms.Build.0 = Debug|Any CPU
		{368BA21A-7C7A-4904-9A5C-4B857672FC09}.Production|x86.ActiveCfg = Debug|Any CPU
		{368BA21A-7C7A-4904-9A5C-4B857672FC09}.Production|x86.Build.0 = Debug|Any CPU
		{368BA21A-7C7A-4904-9A5C-4B857672FC09}.Release|Any CPU.ActiveCfg = Release|Any CPU
		{368BA21A-7C7A-4904-9A5C-4B857672FC09}.Release|Any CPU.Build.0 = Release|Any CPU
		{368BA21A-7C7A-4904-9A5C-4B857672FC09}.Release|Mixed Platforms.ActiveCfg = Release|Any CPU
		{368BA21A-7C7A-4904-9A5C-4B857672FC09}.Release|Mixed Platforms.Build.0 = Release|Any CPU
		{368BA21A-7C7A-4904-9A5C-4B857672FC09}.Release|x86.ActiveCfg = Release|Any CPU
		{368BA21A-7C7A-4904-9A5C-4B857672FC09}.Release|x86.Build.0 = Release|Any CPU
	EndGlobalSection
	GlobalSection(SolutionProperties) = preSolution
		HideSolutionNode = FALSE
	EndGlobalSection
	GlobalSection(NestedProjects) = preSolution
		{9341CCA8-D3F2-467A-AE9C-0581054B8DE2} = {82A3B52F-C19D-4FA8-8AC5-AF524FF8C173}
		{B12A1078-5835-43B8-AFB2-C3D24C4AA098} = {82A3B52F-C19D-4FA8-8AC5-AF524FF8C173}
		{2D52A6C1-A7F3-42F3-90D2-0A0ECB871483} = {DF896E70-6A4C-4E11-B0AF-0780094E0BEF}
		{DF57BE56-958B-4C4D-B82C-6B61297434AB} = {DCCC21C5-DB48-46F6-BD2C-ECF49D5C5615}
		{9775B4DF-0AC8-4524-BA10-4A43BF9CB61E} = {82A3B52F-C19D-4FA8-8AC5-AF524FF8C173}
		{88BBA351-DA2A-4551-AF28-5F1568952F7E} = {82A3B52F-C19D-4FA8-8AC5-AF524FF8C173}
		{F335D168-DC1D-42A5-BAEB-86945C760F93} = {313B4C9B-F3D7-4718-97A5-2F04A3B12589}
		{BEAEB4B8-82A6-40AD-B4F3-CC5373334A2A} = {313B4C9B-F3D7-4718-97A5-2F04A3B12589}
		{FBBF73AD-BB82-42E9-B2C8-917EDADE61B8} = {82A3B52F-C19D-4FA8-8AC5-AF524FF8C173}
		{52ECE463-AC2D-4EA5-B16B-8CC8BF2ED18A} = {82A3B52F-C19D-4FA8-8AC5-AF524FF8C173}
		{8F2DCC2D-4967-4B82-A664-F894ED6FB3C6} = {313B4C9B-F3D7-4718-97A5-2F04A3B12589}
		{BF0A517D-0F1A-46FF-97B6-7EC390312D39} = {46AA259B-683D-4755-BEDF-D11AA0A61879}
		{C5C261C3-224F-4A4E-9DBD-7373835DF25B} = {46AA259B-683D-4755-BEDF-D11AA0A61879}
		{51A0C4C7-85FA-49CB-8684-9B5372D41707} = {46AA259B-683D-4755-BEDF-D11AA0A61879}
		{A9613E4D-628D-4A4F-B000-F95966266875} = {46AA259B-683D-4755-BEDF-D11AA0A61879}
		{2F31BDB2-37AB-4ECA-89B8-80EF6D3FA76E} = {46AA259B-683D-4755-BEDF-D11AA0A61879}
		{F11ED55C-187A-483A-B5F2-5B8326EB1090} = {46AA259B-683D-4755-BEDF-D11AA0A61879}
		{97F8BCEA-133C-4D47-88DF-7C8BE85A91F7} = {46AA259B-683D-4755-BEDF-D11AA0A61879}
		{7EDF4F03-AF06-432E-928F-4BBFD006EA34} = {46AA259B-683D-4755-BEDF-D11AA0A61879}
		{A9EFA097-3E19-4743-A1B9-DE441FA8C3B5} = {46AA259B-683D-4755-BEDF-D11AA0A61879}
		{9C2AB453-0921-4600-BDCD-4B3AEC3E9395} = {46AA259B-683D-4755-BEDF-D11AA0A61879}
		{1E3F3E1A-D412-40C2-A02B-6FB36C59A8F8} = {46AA259B-683D-4755-BEDF-D11AA0A61879}
		{FAD32C09-CB83-4FCB-904A-C7152C35A29F} = {46AA259B-683D-4755-BEDF-D11AA0A61879}
		{368BA21A-7C7A-4904-9A5C-4B857672FC09} = {DCCC21C5-DB48-46F6-BD2C-ECF49D5C5615}
	EndGlobalSection
	GlobalSection(ExtensibilityGlobals) = postSolution
		EnterpriseLibraryConfigurationToolBinariesPathV6 = packages\EnterpriseLibrary.TransientFaultHandling.6.0.1304.0\lib\portable-net45+win+wp8;packages\EnterpriseLibrary.TransientFaultHandling.Data.6.0.1304.1\lib\NET45
		EnterpriseLibraryConfigurationToolBinariesPath = packages\TransientFaultHandling.Core.5.1.1209.1\lib\NET4
		SolutionGuid = {128F1A7E-2BC3-4035-9F04-0517583746B0}
	EndGlobalSection
	GlobalSection(TeamFoundationVersionControl) = preSolution
		SccNumberOfProjects = 25
		SccEnterpriseProvider = {4CA58AB2-18FA-4F8D-95D4-32DDF27D184C}
		SccTeamFoundationServer = https://data3sixty.visualstudio.com/
		SccLocalPath0 = .
		SccProjectUniqueName1 = d360.core\\d360.core.csproj
		SccProjectTopLevelParentUniqueName1 = D360.sln
		SccProjectName1 = d360.core
		SccLocalPath1 = d360.core
		SccProjectUniqueName2 = d360.extensions\\d360.extensions.csproj
		SccProjectTopLevelParentUniqueName2 = D360.sln
		SccProjectName2 = d360.extensions
		SccLocalPath2 = d360.extensions
		SccProjectUniqueName3 = d360.model\\d360.model.csproj
		SccProjectTopLevelParentUniqueName3 = D360.sln
		SccProjectName3 = d360.model
		SccLocalPath3 = d360.model
		SccProjectUniqueName4 = d360.web\\d360.web.csproj
		SccProjectTopLevelParentUniqueName4 = D360.sln
		SccProjectName4 = d360.web
		SccLocalPath4 = d360.web
		SccProjectUniqueName5 = d360.utils\\d360.utils.csproj
		SccProjectTopLevelParentUniqueName5 = D360.sln
		SccProjectName5 = d360.utils
		SccLocalPath5 = d360.utils
		SccProjectUniqueName6 = d360.utils.company\\d360.utils.company.csproj
		SccProjectTopLevelParentUniqueName6 = D360.sln
		SccProjectName6 = d360.utils.company
		SccLocalPath6 = d360.utils.company
		SccProjectUniqueName7 = Tests\\d360.test.workflow\\d360.test.workflow.csproj
		SccProjectTopLevelParentUniqueName7 = D360.sln
		SccProjectName7 = Tests/d360.test.workflow
		SccLocalPath7 = Tests\\d360.test.workflow
		SccProjectUniqueName8 = Tests\\d360.test.jobs\\d360.test.jobs.csproj
		SccProjectTopLevelParentUniqueName8 = D360.sln
		SccProjectName8 = Tests/d360.test.jobs
		SccLocalPath8 = Tests\\d360.test.jobs
		SccProjectUniqueName9 = d360.database.company\\d360.database.company.sqlproj
		SccProjectTopLevelParentUniqueName9 = D360.sln
		SccProjectName9 = d360.database.company
		SccLocalPath9 = d360.database.company
		SccProjectUniqueName10 = d360.database.community\\d360.database.community.sqlproj
		SccProjectTopLevelParentUniqueName10 = D360.sln
		SccProjectName10 = d360.database.community
		SccLocalPath10 = d360.database.community
		SccProjectUniqueName11 = d360.test.web\\d360.test.web.csproj
		SccProjectTopLevelParentUniqueName11 = D360.sln
		SccProjectName11 = d360.test.web
		SccLocalPath11 = d360.test.web
		SccProjectUniqueName12 = igx.function.ResponsibilityRules\\igx.function.ResponsibilityRules.csproj
		SccProjectTopLevelParentUniqueName12 = D360.sln
		SccProjectName12 = igx.function.ResponsibilityRules
		SccLocalPath12 = igx.function.ResponsibilityRules
		SccProjectUniqueName13 = igx.function\\igx.function.csproj
		SccProjectTopLevelParentUniqueName13 = D360.sln
		SccProjectName13 = igx.function
		SccLocalPath13 = igx.function
		SccProjectUniqueName14 = igx.function.BulkLoad\\igx.function.BulkLoad.csproj
		SccProjectTopLevelParentUniqueName14 = D360.sln
		SccProjectName14 = igx.function.BulkLoad
		SccLocalPath14 = igx.function.BulkLoad
		SccProjectUniqueName15 = igx.function.DatabaseMaintenance\\igx.function.DatabaseMaintenance.csproj
		SccProjectTopLevelParentUniqueName15 = D360.sln
		SccProjectName15 = igx.function.DatabaseMaintenance
		SccLocalPath15 = igx.function.DatabaseMaintenance
		SccProjectUniqueName16 = igx.function.ReportingLayer\\igx.function.ReportingLayer.csproj
		SccProjectTopLevelParentUniqueName16 = D360.sln
		SccProjectName16 = igx.function.ReportingLayer
		SccLocalPath16 = igx.function.ReportingLayer
		SccProjectUniqueName17 = igx.function.ResourceCache\\igx.function.ResourceCache.csproj
		SccProjectTopLevelParentUniqueName17 = D360.sln
		SccProjectName17 = igx.function.ResourceCache
		SccLocalPath17 = igx.function.ResourceCache
		SccProjectUniqueName18 = igx.function.DatabaseTask\\igx.function.DatabaseTask.csproj
		SccProjectTopLevelParentUniqueName18 = D360.sln
		SccProjectName18 = igx.function.DatabaseTask
		SccLocalPath18 = igx.function.DatabaseTask
		SccProjectUniqueName19 = igx.function.DataQuality\\igx.function.DataQuality.csproj
		SccProjectTopLevelParentUniqueName19 = D360.sln
		SccProjectName19 = igx.function.DataQuality
		SccLocalPath19 = igx.function.DataQuality
		SccProjectUniqueName20 = igx.function.Fusion\\igx.function.Fusion.csproj
		SccProjectTopLevelParentUniqueName20 = D360.sln
		SccProjectName20 = igx.function.Fusion
		SccLocalPath20 = igx.function.Fusion
		SccProjectUniqueName21 = igx.function.Workflow\\igx.function.Workflow.csproj
		SccProjectTopLevelParentUniqueName21 = D360.sln
		SccProjectName21 = igx.function.Workflow
		SccLocalPath21 = igx.function.Workflow
		SccProjectUniqueName22 = igx.function.Scoring\\igx.function.Scoring.csproj
		SccProjectTopLevelParentUniqueName22 = D360.sln
		SccProjectName22 = igx.function.Scoring
		SccLocalPath22 = igx.function.Scoring
		SccProjectUniqueName23 = igx.function.Indexing\\igx.function.Indexing.csproj
		SccProjectTopLevelParentUniqueName23 = D360.sln
		SccProjectName23 = igx.function.Indexing
		SccLocalPath23 = igx.function.Indexing
		SccProjectUniqueName24 = igx.admin.ui\\igx.admin.ui.csproj
		SccProjectTopLevelParentUniqueName24 = D360.sln
		SccProjectName24 = igx.admin.ui
		SccLocalPath24 = igx.admin.ui
	EndGlobalSection
	GlobalSection(TestCaseManagementSettings) = postSolution
		CategoryFile = D360.vsmdi
	EndGlobalSection
EndGlobal
